{
  "pins" : [
    {
      "identity" : "facebook-ios-sdk",
      "kind" : "remoteSourceControl",
      "location" : "https://github.com/facebook/facebook-ios-sdk",
      "state" : {
        "branch" : "main",
        "revision" : "0af8a626c415805212f9543106bb301582a8ec99"
      }
    }
  ],
  "version" : 2
}
