{
  "originHash" : "ccebe1312d20fe154e5315645fec40f0165c2cdea99031c31c6412c0a0b541f2",
  "pins" : [
    {
      "identity" : "facebook-ios-sdk",
      "kind" : "remoteSourceControl",
      "location" : "https://github.com/facebook/facebook-ios-sdk",
      "state" : {
        "revision" : "8c90832bf2302d9ecd0d23cb63b81f1fb9a36497",
        "version" : "18.0.3"
      }
    },
    {
      "identity" : "instagramgraph",
      "kind" : "remoteSourceControl",
      "location" : "https://github.com/A-bv/InstagramGraph",
      "state" : {
        "revision" : "b1d7229d97bb52b5247934124a58b5bc853d0817",
        "version" : "3.0.2"
      }
    },
    {
      "identity" : "neumorphicswiftui",
      "kind" : "remoteSourceControl",
      "location" : "https://github.com/A-bv/NeumorphicSwiftUI",
      "state" : {
        "revision" : "5fcb367f8cc01e508f0b455ba8c1d3aa5d1af818",
        "version" : "2.0.0"
      }
    },
    {
      "identity" : "neumorphicuikit",
      "kind" : "remoteSourceControl",
      "location" : "https://github.com/A-bv/NeumorphicUIKit",
      "state" : {
        "revision" : "38067daf61ca8ddf5272c474925603e3bf3655ff",
        "version" : "2.0.0"
      }
    },
    {
      "identity" : "tableviewcontrollercoverkit",
      "kind" : "remoteSourceControl",
      "location" : "https://github.com/A-bv/TableViewControllerCoverKit",
      "state" : {
        "revision" : "a36bf49feae8e5f5a955e9df9a111d796db00f41",
        "version" : "5.0.0"
      }
    },
    {
      "identity" : "taptagkit",
      "kind" : "remoteSourceControl",
      "location" : "https://github.com/A-bv/TapTagKit",
      "state" : {
        "revision" : "85ed94bbe26b440d0ed13a1f99ecc1da8faa0868",
        "version" : "1.1.0"
      }
    }
  ],
  "version" : 3
}
