{
  "object": {
    "pins": [
      {
        "package": "Facebook",
        "repositoryURL": "https://github.com/facebook/facebook-ios-sdk",
        "state": {
          "branch": "main",
          "revision": "e85e1f26bff1a00c2f2fc17e3c9ce353ef8ea04d",
          "version": null
        }
      }
    ]
  },
  "version": 1
}
