// !$*UTF8*$!
{
	archiveVersion = 1;
	classes = {
	};
	objectVersion = 54;
	objects = {

/* Begin PBXBuildFile section */
		020584D1284D6F8100020FB8 /* UIView+RoundedCorners.swift in Sources */ = {isa = PBXBuildFile; fileRef = 020584D0284D6F8100020FB8 /* UIView+RoundedCorners.swift */; };
		020584D5284D715D00020FB8 /* UIView+BlurView.swift in Sources */ = {isa = PBXBuildFile; fileRef = 020584D4284D715D00020FB8 /* UIView+BlurView.swift */; };
		020621572666DBCC0072C404 /* BarChartPostModel.swift in Sources */ = {isa = PBXBuildFile; fileRef = 020621562666DBCC0072C404 /* BarChartPostModel.swift */; };
		0207BB852FD3736C0007F3D3 /* CoordinatorProtocol.swift in Sources */ = {isa = PBXBuildFile; fileRef = 0207BB842FD3736C0007F3D3 /* CoordinatorProtocol.swift */; };
		0207BB872FD3736C0007F3D3 /* AppCoordinator.swift in Sources */ = {isa = PBXBuildFile; fileRef = 0207BB862FD3736C0007F3D3 /* AppCoordinator.swift */; };
		0207BB892FD3736C0007F3D3 /* NotebookCoordinator.swift in Sources */ = {isa = PBXBuildFile; fileRef = 0207BB882FD3736C0007F3D3 /* NotebookCoordinator.swift */; };
		0207BB8B2FD45A0C0007F3D3 /* CoordinatorTests.swift in Sources */ = {isa = PBXBuildFile; fileRef = 0207BB8A2FD45A0C0007F3D3 /* CoordinatorTests.swift */; };
		0207BB922FD4ABDA0007F3D3 /* ThemeRepositoryProtocol.swift in Sources */ = {isa = PBXBuildFile; fileRef = 0207BB912FD4ABDA0007F3D3 /* ThemeRepositoryProtocol.swift */; };
		0207BB942FD4ABDB0007F3D3 /* CoreDataThemeRepository.swift in Sources */ = {isa = PBXBuildFile; fileRef = 0207BB932FD4ABDB0007F3D3 /* CoreDataThemeRepository.swift */; };
		0207BB972FD4ABDB0007F3D3 /* AppDependencies.swift in Sources */ = {isa = PBXBuildFile; fileRef = 0207BB962FD4ABDB0007F3D3 /* AppDependencies.swift */; };
		0207BBAE2FD564080007F3D3 /* ThemeListViewModel.swift in Sources */ = {isa = PBXBuildFile; fileRef = 0207BBAD2FD564080007F3D3 /* ThemeListViewModel.swift */; };
		0207BBB12FD564090007F3D3 /* PackListViewModel.swift in Sources */ = {isa = PBXBuildFile; fileRef = 0207BBB02FD564090007F3D3 /* PackListViewModel.swift */; };
		0207BBB42FD5640A0007F3D3 /* ThemeEditorViewModel.swift in Sources */ = {isa = PBXBuildFile; fileRef = 0207BBB32FD5640A0007F3D3 /* ThemeEditorViewModel.swift */; };
		0207BBB62FD56F320007F3D3 /* ConnectedInsightsCoordinator.swift in Sources */ = {isa = PBXBuildFile; fileRef = 0207BBB52FD56F320007F3D3 /* ConnectedInsightsCoordinator.swift */; };
		0207BBBD2FD6B08E0007F3D3 /* InstagramGraph in Frameworks */ = {isa = PBXBuildFile; productRef = 0207BBBC2FD6B08E0007F3D3 /* InstagramGraph */; };
		0207BBC42FD5B0000007F3D3 /* FacebookSessionService.swift in Sources */ = {isa = PBXBuildFile; fileRef = 0207BBC32FD5B0000007F3D3 /* FacebookSessionService.swift */; };
		021044F626446AEF00408CEB /* MetricFormatter.swift in Sources */ = {isa = PBXBuildFile; fileRef = 021044F526446AEF00408CEB /* MetricFormatter.swift */; };
		021AFD5C278A1BE40008735E /* AlertPresenter.swift in Sources */ = {isa = PBXBuildFile; fileRef = 021AFD5B278A1BE40008735E /* AlertPresenter.swift */; };
		021D76172759A00D00F54054 /* SmartGView.swift in Sources */ = {isa = PBXBuildFile; fileRef = 021D76162759A00D00F54054 /* SmartGView.swift */; };
		021D7620275A99D500F54054 /* TransformedProfileModel.swift in Sources */ = {isa = PBXBuildFile; fileRef = 021D761F275A99D500F54054 /* TransformedProfileModel.swift */; };
		021EB81428846AD100463B42 /* String+Localized.swift in Sources */ = {isa = PBXBuildFile; fileRef = 021EB81328846AD100463B42 /* String+Localized.swift */; };
		021EB81828846FDE00463B42 /* Localizable.strings in Resources */ = {isa = PBXBuildFile; fileRef = 021EB81A28846FDE00463B42 /* Localizable.strings */; };
		02211DD02FD7074D002FDB14 /* InstagramGraph in Frameworks */ = {isa = PBXBuildFile; productRef = 02211DCF2FD7074D002FDB14 /* InstagramGraph */; };
		02211DD42FD75F76002FDB14 /* ActivityIndicatorView.swift in Sources */ = {isa = PBXBuildFile; fileRef = 02211DD32FD75F76002FDB14 /* ActivityIndicatorView.swift */; };
		02211DD62FD75F76002FDB14 /* TextRecognizer.swift in Sources */ = {isa = PBXBuildFile; fileRef = 02211DD52FD75F76002FDB14 /* TextRecognizer.swift */; };
		022688932624F9B1007DBD98 /* ThemeCell.swift in Sources */ = {isa = PBXBuildFile; fileRef = 022688922624F9B1007DBD98 /* ThemeCell.swift */; };
		0226F19C259EAB93006E086C /* PackCell.swift in Sources */ = {isa = PBXBuildFile; fileRef = 0226F19B259EAB93006E086C /* PackCell.swift */; };
		0226F19E259EABB4006E086C /* PackListViewController.swift in Sources */ = {isa = PBXBuildFile; fileRef = 0226F19D259EABB4006E086C /* PackListViewController.swift */; };
		0229864227BD9CBA0048F9E9 /* SmartGModel.swift in Sources */ = {isa = PBXBuildFile; fileRef = 0229864127BD9CBA0048F9E9 /* SmartGModel.swift */; };
		0234E7BB287ADE8E00D7A2AF /* ThemeNavigationController.swift in Sources */ = {isa = PBXBuildFile; fileRef = 0234E7BA287ADE8E00D7A2AF /* ThemeNavigationController.swift */; };
		02385E082A64430E0050FFDE /* ExternalLinkOpener.swift in Sources */ = {isa = PBXBuildFile; fileRef = 02385E072A64430E0050FFDE /* ExternalLinkOpener.swift */; };
		023D2B942A48EC60006E2D35 /* CirclesView.swift in Sources */ = {isa = PBXBuildFile; fileRef = 023D2B932A48EC60006E2D35 /* CirclesView.swift */; };
		023D2B972A4D085E006E2D35 /* LoadingView.swift in Sources */ = {isa = PBXBuildFile; fileRef = 023D2B962A4D085E006E2D35 /* LoadingView.swift */; };
		023D2B992A4D0A5E006E2D35 /* OfflineView.swift in Sources */ = {isa = PBXBuildFile; fileRef = 023D2B982A4D0A5E006E2D35 /* OfflineView.swift */; };
		0247E586257FEFB900C65245 /* UITraitCollection+DarkMode.swift in Sources */ = {isa = PBXBuildFile; fileRef = 0247E585257FEFB900C65245 /* UITraitCollection+DarkMode.swift */; };
		02491C5926779A4900F98E17 /* SetupInfoView.swift in Sources */ = {isa = PBXBuildFile; fileRef = 02491C5826779A4900F98E17 /* SetupInfoView.swift */; };
		02491C692680883800F98E17 /* UIColor+AppColors.swift in Sources */ = {isa = PBXBuildFile; fileRef = 02491C682680883700F98E17 /* UIColor+AppColors.swift */; };
		025479DF26C7EEA000E28724 /* SeedData in Resources */ = {isa = PBXBuildFile; fileRef = 025479DE26C7EEA000E28724 /* SeedData */; };
		026472AC2693AFB3008BCFE5 /* NetworkMonitor.swift in Sources */ = {isa = PBXBuildFile; fileRef = 026472AB2693AFB3008BCFE5 /* NetworkMonitor.swift */; };
		0264B817264A7CE900E1EEFA /* AnalyticsViewModel.swift in Sources */ = {isa = PBXBuildFile; fileRef = 0264B816264A7CE900E1EEFA /* AnalyticsViewModel.swift */; };
		026D16DC2A3E474500228DEA /* ProfileDataTransformer.swift in Sources */ = {isa = PBXBuildFile; fileRef = 026D16D52A3E474500228DEA /* ProfileDataTransformer.swift */; };
		0281B97A2879877C00344D3E /* UIViewController+NavigationBarDimensions.swift in Sources */ = {isa = PBXBuildFile; fileRef = 0281B9792879877C00344D3E /* UIViewController+NavigationBarDimensions.swift */; };
		0281B9852879CDC600344D3E /* AppDelegate+Seed.swift in Sources */ = {isa = PBXBuildFile; fileRef = 0281B9842879CDC600344D3E /* AppDelegate+Seed.swift */; };
		0281B9882879D60700344D3E /* UINavigationBar+Shadow.swift in Sources */ = {isa = PBXBuildFile; fileRef = 0281B9872879D60700344D3E /* UINavigationBar+Shadow.swift */; };
		0281B98B287A007200344D3E /* UIViewController+NavBarAppearance.swift in Sources */ = {isa = PBXBuildFile; fileRef = 0281B98A287A007200344D3E /* UIViewController+NavBarAppearance.swift */; };
		029122842B8AAF56007EB7ED /* SmartGErrorStateView.swift in Sources */ = {isa = PBXBuildFile; fileRef = 029122832B8AAF56007EB7ED /* SmartGErrorStateView.swift */; };
		029122862B8B3FA5007EB7ED /* FloatingButtonFactory.swift in Sources */ = {isa = PBXBuildFile; fileRef = 029122852B8B3FA5007EB7ED /* FloatingButtonFactory.swift */; };
		0296306E2614A785000CF4E9 /* QuantityPickerViewController.swift in Sources */ = {isa = PBXBuildFile; fileRef = 0296306D2614A785000CF4E9 /* QuantityPickerViewController.swift */; };
		02998A662B44104800B70516 /* CircleGaugeModel.swift in Sources */ = {isa = PBXBuildFile; fileRef = 02998A652B44104800B70516 /* CircleGaugeModel.swift */; };
		02998A682B4611B100B70516 /* BarChartItemView.swift in Sources */ = {isa = PBXBuildFile; fileRef = 02998A672B4611B000B70516 /* BarChartItemView.swift */; };
		029FDDC1264E75600063DF1D /* OnboardingViewController.swift in Sources */ = {isa = PBXBuildFile; fileRef = 029FDDC0264E75600063DF1D /* OnboardingViewController.swift */; };
		02AD94AF29A9820400D893E5 /* SubTransformedProfileModel.swift in Sources */ = {isa = PBXBuildFile; fileRef = 02AD94AE29A9820400D893E5 /* SubTransformedProfileModel.swift */; };
		02AD94B129AC078E00D893E5 /* FacebookToken.swift in Sources */ = {isa = PBXBuildFile; fileRef = 02AD94B029AC078E00D893E5 /* FacebookToken.swift */; };
		02AD94B329AC080100D893E5 /* FacebookLoginViewModel.swift in Sources */ = {isa = PBXBuildFile; fileRef = 02AD94B229AC080100D893E5 /* FacebookLoginViewModel.swift */; };
		02B0D72B2A44B2E700EF1500 /* MonoCircleView.swift in Sources */ = {isa = PBXBuildFile; fileRef = 02B0D72A2A44B2E700EF1500 /* MonoCircleView.swift */; };
		02B0D74D2A48B73700EF1500 /* BarChartView.swift in Sources */ = {isa = PBXBuildFile; fileRef = 02B0D74C2A48B73700EF1500 /* BarChartView.swift */; };
		02B0D74F2A48B74600EF1500 /* BarChartArrowsView.swift in Sources */ = {isa = PBXBuildFile; fileRef = 02B0D74E2A48B74600EF1500 /* BarChartArrowsView.swift */; };
		02B104A727697B6C00C9EC6C /* SmartGViewModel.swift in Sources */ = {isa = PBXBuildFile; fileRef = 02B104A627697B6C00C9EC6C /* SmartGViewModel.swift */; };
		02BC8D592602B79900441349 /* SettingsViewController.swift in Sources */ = {isa = PBXBuildFile; fileRef = 02BC8D582602B79900441349 /* SettingsViewController.swift */; };
		02CAC9B7259105B400BE5E57 /* ThemeEditorViewController.swift in Sources */ = {isa = PBXBuildFile; fileRef = 02CAC9B6259105B400BE5E57 /* ThemeEditorViewController.swift */; };
		02CEFB6D25CB945000FB70E4 /* UIImage+Treatment.swift in Sources */ = {isa = PBXBuildFile; fileRef = 02CEFB6C25CB945000FB70E4 /* UIImage+Treatment.swift */; };
		02D066BE296B4B5000536E3A /* AnalyticsOverviewModel.swift in Sources */ = {isa = PBXBuildFile; fileRef = 02D066BD296B4B5000536E3A /* AnalyticsOverviewModel.swift */; };
		02D066C0296B606F00536E3A /* RoundedShape.swift in Sources */ = {isa = PBXBuildFile; fileRef = 02D066BF296B606F00536E3A /* RoundedShape.swift */; };
		02D709D92A59940E0009F7C3 /* SmartGSavedTagsView.swift in Sources */ = {isa = PBXBuildFile; fileRef = 02D709D82A59940E0009F7C3 /* SmartGSavedTagsView.swift */; };
		02E451B1265D5B4600582025 /* FacebookLoginView.swift in Sources */ = {isa = PBXBuildFile; fileRef = 02E451B0265D5B4600582025 /* FacebookLoginView.swift */; };
		02E4B9E025CF66F500949213 /* ThemeEntity.swift in Sources */ = {isa = PBXBuildFile; fileRef = 02E4B9DE25CF66F500949213 /* ThemeEntity.swift */; };
		02E4B9E125CF66F500949213 /* ThemeEntity+CoreDataProperties.swift in Sources */ = {isa = PBXBuildFile; fileRef = 02E4B9DF25CF66F500949213 /* ThemeEntity+CoreDataProperties.swift */; };
		02F89B2429729993008F363D /* SmartGSavedTagsCell.swift in Sources */ = {isa = PBXBuildFile; fileRef = 02F89B2329729993008F363D /* SmartGSavedTagsCell.swift */; };
		02F89B272974306F008F363D /* StoryCardView.swift in Sources */ = {isa = PBXBuildFile; fileRef = 02F89B262974306F008F363D /* StoryCardView.swift */; };
		02F89B2929743EF9008F363D /* SmartGContainerView.swift in Sources */ = {isa = PBXBuildFile; fileRef = 02F89B2829743EF9008F363D /* SmartGContainerView.swift */; };
		02F89B2B29743FE4008F363D /* SmartGHeaderView.swift in Sources */ = {isa = PBXBuildFile; fileRef = 02F89B2A29743FE4008F363D /* SmartGHeaderView.swift */; };
		02FA30732A00405D006A48CC /* StoryCardLabelView.swift in Sources */ = {isa = PBXBuildFile; fileRef = 02FA30722A00405C006A48CC /* StoryCardLabelView.swift */; };
		02FA30752A004145006A48CC /* FloatingListView.swift in Sources */ = {isa = PBXBuildFile; fileRef = 02FA30742A004145006A48CC /* FloatingListView.swift */; };
		02FA30772A004254006A48CC /* StoryCardCarouselView.swift in Sources */ = {isa = PBXBuildFile; fileRef = 02FA30762A004254006A48CC /* StoryCardCarouselView.swift */; };
		02FA307A2A004441006A48CC /* TagView.swift in Sources */ = {isa = PBXBuildFile; fileRef = 02FA30792A004441006A48CC /* TagView.swift */; };
		02FA30812A004C7D006A48CC /* InteractionBarView.swift in Sources */ = {isa = PBXBuildFile; fileRef = 02FA30802A004C7D006A48CC /* InteractionBarView.swift */; };
		02FAE29F260A9BA900324724 /* SettingsCell.swift in Sources */ = {isa = PBXBuildFile; fileRef = 02FAE29E260A9BA900324724 /* SettingsCell.swift */; };
		02FAE2A5260AC79C00324724 /* SettingsSwitchCell.swift in Sources */ = {isa = PBXBuildFile; fileRef = 02FAE2A4260AC79C00324724 /* SettingsSwitchCell.swift */; };
		02FB550A24FFA2AA00174E34 /* AppDelegate.swift in Sources */ = {isa = PBXBuildFile; fileRef = 02FB550924FFA2AA00174E34 /* AppDelegate.swift */; };
		02FB550C24FFA2AA00174E34 /* SceneDelegate.swift in Sources */ = {isa = PBXBuildFile; fileRef = 02FB550B24FFA2AA00174E34 /* SceneDelegate.swift */; };
		02FB551424FFA2AA00174E34 /* PackTags.xcdatamodeld in Sources */ = {isa = PBXBuildFile; fileRef = 02FB551224FFA2AA00174E34 /* PackTags.xcdatamodeld */; };
		02FB551624FFA2AC00174E34 /* Assets.xcassets in Resources */ = {isa = PBXBuildFile; fileRef = 02FB551524FFA2AC00174E34 /* Assets.xcassets */; };
		02FB551924FFA2AC00174E34 /* LaunchScreen.storyboard in Resources */ = {isa = PBXBuildFile; fileRef = 02FB551724FFA2AC00174E34 /* LaunchScreen.storyboard */; };
		02FB552F24FFA78B00174E34 /* ThemeListViewController.swift in Sources */ = {isa = PBXBuildFile; fileRef = 02FB552E24FFA78B00174E34 /* ThemeListViewController.swift */; };
		02FBAFE525A93C6100E32D73 /* AnalyticsView.swift in Sources */ = {isa = PBXBuildFile; fileRef = 02FBAFE425A93C6100E32D73 /* AnalyticsView.swift */; };
		02FBAFE825A93E8400E32D73 /* PackTagsTests.swift in Sources */ = {isa = PBXBuildFile; fileRef = 02FB552324FFA2AC00174E34 /* PackTagsTests.swift */; };
		02FBAFF125A93EBD00E32D73 /* Assets.xcassets in Resources */ = {isa = PBXBuildFile; fileRef = 02FB551524FFA2AC00174E34 /* Assets.xcassets */; };
		02FD6CB226D8008400AB16E4 /* ReviewPromptPolicy.swift in Sources */ = {isa = PBXBuildFile; fileRef = 02FD6CB126D8008400AB16E4 /* ReviewPromptPolicy.swift */; };
		02FDEDCD290304E200B9BCFD /* SmartTags.xcdatamodeld in Sources */ = {isa = PBXBuildFile; fileRef = 02FDEDCB290304E200B9BCFD /* SmartTags.xcdatamodeld */; };
		02FE9ECA28DF5BF000193A15 /* FacebookCore in Frameworks */ = {isa = PBXBuildFile; productRef = 02FE9EC928DF5BF000193A15 /* FacebookCore */; };
		02FE9ECC28DF5BF000193A15 /* FacebookLogin in Frameworks */ = {isa = PBXBuildFile; productRef = 02FE9ECB28DF5BF000193A15 /* FacebookLogin */; };
		AB00000000000000000000A2 /* AppLogger.swift in Sources */ = {isa = PBXBuildFile; fileRef = AB00000000000000000000A1 /* AppLogger.swift */; };
		AB00000000000000000000B2 /* PersistenceController.swift in Sources */ = {isa = PBXBuildFile; fileRef = AB00000000000000000000B1 /* PersistenceController.swift */; };
		AB00000000000000000000C2 /* SettingsKey.swift in Sources */ = {isa = PBXBuildFile; fileRef = AB00000000000000000000C1 /* SettingsKey.swift */; };
		AB00000000000000000000D2 /* DataLayerTests.swift in Sources */ = {isa = PBXBuildFile; fileRef = AB00000000000000000000D1 /* DataLayerTests.swift */; };
		AB00000000000000000000E2 /* UserDefaultsAppSettings.swift in Sources */ = {isa = PBXBuildFile; fileRef = AB00000000000000000000E1 /* UserDefaultsAppSettings.swift */; };
		AB00000000000000000000F2 /* TagPackFormatter.swift in Sources */ = {isa = PBXBuildFile; fileRef = AB00000000000000000000F1 /* TagPackFormatter.swift */; };
		AB00000000000000000000F4 /* TagDeduplicator.swift in Sources */ = {isa = PBXBuildFile; fileRef = AB00000000000000000000F3 /* TagDeduplicator.swift */; };
		AB00000000000000000000F8 /* HashtagParser.swift in Sources */ = {isa = PBXBuildFile; fileRef = AB00000000000000000000F7 /* HashtagParser.swift */; };
		AB0000000000000000000102 /* DomainTests.swift in Sources */ = {isa = PBXBuildFile; fileRef = AB0000000000000000000101 /* DomainTests.swift */; };
		AB0000000000000000000302 /* FacebookAccessTokenProvider.swift in Sources */ = {isa = PBXBuildFile; fileRef = AB0000000000000000000301 /* FacebookAccessTokenProvider.swift */; };
		AB0000000000000000000908 /* KeyboardFindButton.swift in Sources */ = {isa = PBXBuildFile; fileRef = AB0000000000000000000907 /* KeyboardFindButton.swift */; };
		AB0000000000000000000910 /* ThemeImagePicker.swift in Sources */ = {isa = PBXBuildFile; fileRef = AB0000000000000000000909 /* ThemeImagePicker.swift */; };
		AB0000000000000000000912 /* ConnectedInsightsTests.swift in Sources */ = {isa = PBXBuildFile; fileRef = AB0000000000000000000911 /* ConnectedInsightsTests.swift */; };
		AB0000000000000000000914 /* AppTrackingAuthorizer.swift in Sources */ = {isa = PBXBuildFile; fileRef = AB0000000000000000000913 /* AppTrackingAuthorizer.swift */; };
		AB0000000000000000000916 /* FacebookLoginButton.swift in Sources */ = {isa = PBXBuildFile; fileRef = AB0000000000000000000915 /* FacebookLoginButton.swift */; };
		AB0000000000000000000918 /* FacebookLoginCoordinator.swift in Sources */ = {isa = PBXBuildFile; fileRef = AB0000000000000000000917 /* FacebookLoginCoordinator.swift */; };
		AB0000000000000000000922 /* InfoPlist.strings in Resources */ = {isa = PBXBuildFile; fileRef = AB0000000000000000000921 /* InfoPlist.strings */; };
		AB0000000000000000001003 /* TapTagKit in Frameworks */ = {isa = PBXBuildFile; productRef = AB0000000000000000001002 /* TapTagKit */; };
		AB0000000000000000001010 /* TableViewControllerCoverKit in Frameworks */ = {isa = PBXBuildFile; productRef = AB0000000000000000001009 /* TableViewControllerCoverKit */; };
		AB0000000000000000002003 /* NeumorphicUIKit in Frameworks */ = {isa = PBXBuildFile; productRef = AB0000000000000000002002 /* NeumorphicUIKit */; };
		AB0000000000000000002013 /* NeumorphicSwiftUI in Frameworks */ = {isa = PBXBuildFile; productRef = AB0000000000000000002012 /* NeumorphicSwiftUI */; };
		AB0000000000000000003002 /* PrivacyInfo.xcprivacy in Resources */ = {isa = PBXBuildFile; fileRef = AB0000000000000000003001 /* PrivacyInfo.xcprivacy */; };
		AB0000000000000000004002 /* ThemeListNavigation.swift in Sources */ = {isa = PBXBuildFile; fileRef = AB0000000000000000004001 /* ThemeListNavigation.swift */; };
		AB0000000000000000005002 /* SettingsViewModel.swift in Sources */ = {isa = PBXBuildFile; fileRef = AB0000000000000000005001 /* SettingsViewModel.swift */; };
		AB0000000000000000005102 /* SettingsNavigation.swift in Sources */ = {isa = PBXBuildFile; fileRef = AB0000000000000000005101 /* SettingsNavigation.swift */; };
		AB0000000000000000006002 /* SettingsCoordinator.swift in Sources */ = {isa = PBXBuildFile; fileRef = AB0000000000000000006001 /* SettingsCoordinator.swift */; };
		AB0000000000000000007002 /* OnboardingCoordinator.swift in Sources */ = {isa = PBXBuildFile; fileRef = AB0000000000000000007001 /* OnboardingCoordinator.swift */; };
		AB0000000000000000008002 /* UITableView+Reusable.swift in Sources */ = {isa = PBXBuildFile; fileRef = AB0000000000000000008001 /* UITableView+Reusable.swift */; };
		AB0000000000000000010012 /* ConnectedInsightsProtocol.swift in Sources */ = {isa = PBXBuildFile; fileRef = AB0000000000000000010011 /* ConnectedInsightsProtocol.swift */; };
		AB0000000000000000010022 /* ConnectedInsightsDestination.swift in Sources */ = {isa = PBXBuildFile; fileRef = AB0000000000000000010021 /* ConnectedInsightsDestination.swift */; };
		AB0000000000000000010032 /* UnavailableConnectedInsightsGateway.swift in Sources */ = {isa = PBXBuildFile; fileRef = AB0000000000000000010031 /* UnavailableConnectedInsightsGateway.swift */; };
		AB0000000000000000010042 /* ReusableCellProtocol.swift in Sources */ = {isa = PBXBuildFile; fileRef = AB0000000000000000010041 /* ReusableCellProtocol.swift */; };
		AB0000000000000000010052 /* ReviewPromptStore.swift in Sources */ = {isa = PBXBuildFile; fileRef = AB0000000000000000010051 /* ReviewPromptStore.swift */; };
		AB0000000000000000010242 /* RotatingDotsIndicatorView.swift in Sources */ = {isa = PBXBuildFile; fileRef = AB0000000000000000010241 /* RotatingDotsIndicatorView.swift */; };
		AB0000000000000000010252 /* RotatingDotsIndicatorItemView.swift in Sources */ = {isa = PBXBuildFile; fileRef = AB0000000000000000010251 /* RotatingDotsIndicatorItemView.swift */; };
		AB0000000000000000010262 /* VisualEffectBlurView.swift in Sources */ = {isa = PBXBuildFile; fileRef = AB0000000000000000010261 /* VisualEffectBlurView.swift */; };
		AB0000000000000000010272 /* Color+AppColors.swift in Sources */ = {isa = PBXBuildFile; fileRef = AB0000000000000000010271 /* Color+AppColors.swift */; };
		AB0000000000000000010282 /* LinearGradient+Init.swift in Sources */ = {isa = PBXBuildFile; fileRef = AB0000000000000000010281 /* LinearGradient+Init.swift */; };
		AB0000000000000000010292 /* ClosureTapGestureRecognizer.swift in Sources */ = {isa = PBXBuildFile; fileRef = AB0000000000000000010291 /* ClosureTapGestureRecognizer.swift */; };
		AB0000000000000000010302 /* AnalyticsMetric.swift in Sources */ = {isa = PBXBuildFile; fileRef = AB0000000000000000010301 /* AnalyticsMetric.swift */; };
		AB0000000000000000010312 /* SettingsSectionModel.swift in Sources */ = {isa = PBXBuildFile; fileRef = AB0000000000000000010311 /* SettingsSectionModel.swift */; };
		AB0000000000000000010322 /* SettingsOptionType.swift in Sources */ = {isa = PBXBuildFile; fileRef = AB0000000000000000010321 /* SettingsOptionType.swift */; };
		AB0000000000000000010332 /* SettingsOptionModel.swift in Sources */ = {isa = PBXBuildFile; fileRef = AB0000000000000000010331 /* SettingsOptionModel.swift */; };
		AB0000000000000000010342 /* SettingsSwitchOptionModel.swift in Sources */ = {isa = PBXBuildFile; fileRef = AB0000000000000000010341 /* SettingsSwitchOptionModel.swift */; };
		AB0000000000000000010352 /* SettingsActions.swift in Sources */ = {isa = PBXBuildFile; fileRef = AB0000000000000000010351 /* SettingsActions.swift */; };
		AB0000000000000000010502 /* UIViewController+ModalCloseButton.swift in Sources */ = {isa = PBXBuildFile; fileRef = AB0000000000000000010501 /* UIViewController+ModalCloseButton.swift */; };
/* End PBXBuildFile section */

/* Begin PBXContainerItemProxy section */
		02FB552024FFA2AC00174E34 /* PBXContainerItemProxy */ = {
			isa = PBXContainerItemProxy;
			containerPortal = 02FB54FE24FFA2AA00174E34 /* Project object */;
			proxyType = 1;
			remoteGlobalIDString = 02FB550524FFA2AA00174E34;
			remoteInfo = PackTags;
		};
/* End PBXContainerItemProxy section */

/* Begin PBXFileReference section */
		020584D0284D6F8100020FB8 /* UIView+RoundedCorners.swift */ = {isa = PBXFileReference; lastKnownFileType = sourcecode.swift; path = "UIView+RoundedCorners.swift"; sourceTree = "<group>"; };
		020584D4284D715D00020FB8 /* UIView+BlurView.swift */ = {isa = PBXFileReference; lastKnownFileType = sourcecode.swift; path = "UIView+BlurView.swift"; sourceTree = "<group>"; };
		020621562666DBCC0072C404 /* BarChartPostModel.swift */ = {isa = PBXFileReference; lastKnownFileType = sourcecode.swift; path = BarChartPostModel.swift; sourceTree = "<group>"; };
		0207BB842FD3736C0007F3D3 /* CoordinatorProtocol.swift */ = {isa = PBXFileReference; lastKnownFileType = sourcecode.swift; path = CoordinatorProtocol.swift; sourceTree = "<group>"; };
		0207BB862FD3736C0007F3D3 /* AppCoordinator.swift */ = {isa = PBXFileReference; lastKnownFileType = sourcecode.swift; path = AppCoordinator.swift; sourceTree = "<group>"; };
		0207BB882FD3736C0007F3D3 /* NotebookCoordinator.swift */ = {isa = PBXFileReference; lastKnownFileType = sourcecode.swift; path = NotebookCoordinator.swift; sourceTree = "<group>"; };
		0207BB8A2FD45A0C0007F3D3 /* CoordinatorTests.swift */ = {isa = PBXFileReference; lastKnownFileType = sourcecode.swift; path = CoordinatorTests.swift; sourceTree = "<group>"; };
		0207BB912FD4ABDA0007F3D3 /* ThemeRepositoryProtocol.swift */ = {isa = PBXFileReference; lastKnownFileType = sourcecode.swift; path = ThemeRepositoryProtocol.swift; sourceTree = "<group>"; };
		0207BB932FD4ABDB0007F3D3 /* CoreDataThemeRepository.swift */ = {isa = PBXFileReference; lastKnownFileType = sourcecode.swift; path = CoreDataThemeRepository.swift; sourceTree = "<group>"; };
		0207BB962FD4ABDB0007F3D3 /* AppDependencies.swift */ = {isa = PBXFileReference; lastKnownFileType = sourcecode.swift; path = AppDependencies.swift; sourceTree = "<group>"; };
		0207BBAD2FD564080007F3D3 /* ThemeListViewModel.swift */ = {isa = PBXFileReference; lastKnownFileType = sourcecode.swift; path = ThemeListViewModel.swift; sourceTree = "<group>"; };
		0207BBB02FD564090007F3D3 /* PackListViewModel.swift */ = {isa = PBXFileReference; lastKnownFileType = sourcecode.swift; path = PackListViewModel.swift; sourceTree = "<group>"; };
		0207BBB32FD5640A0007F3D3 /* ThemeEditorViewModel.swift */ = {isa = PBXFileReference; lastKnownFileType = sourcecode.swift; path = ThemeEditorViewModel.swift; sourceTree = "<group>"; };
		0207BBB52FD56F320007F3D3 /* ConnectedInsightsCoordinator.swift */ = {isa = PBXFileReference; lastKnownFileType = sourcecode.swift; path = ConnectedInsightsCoordinator.swift; sourceTree = "<group>"; };
		0207BBC32FD5B0000007F3D3 /* FacebookSessionService.swift */ = {isa = PBXFileReference; lastKnownFileType = sourcecode.swift; path = FacebookSessionService.swift; sourceTree = "<group>"; };
		021044F526446AEF00408CEB /* MetricFormatter.swift */ = {isa = PBXFileReference; lastKnownFileType = sourcecode.swift; path = MetricFormatter.swift; sourceTree = "<group>"; };
		021AFD5B278A1BE40008735E /* AlertPresenter.swift */ = {isa = PBXFileReference; lastKnownFileType = sourcecode.swift; path = AlertPresenter.swift; sourceTree = "<group>"; };
		021D76162759A00D00F54054 /* SmartGView.swift */ = {isa = PBXFileReference; lastKnownFileType = sourcecode.swift; path = SmartGView.swift; sourceTree = "<group>"; };
		021D761F275A99D500F54054 /* TransformedProfileModel.swift */ = {isa = PBXFileReference; lastKnownFileType = sourcecode.swift; path = TransformedProfileModel.swift; sourceTree = "<group>"; };
		021EB81328846AD100463B42 /* String+Localized.swift */ = {isa = PBXFileReference; lastKnownFileType = sourcecode.swift; path = "String+Localized.swift"; sourceTree = "<group>"; };
		021EB81928846FDE00463B42 /* en */ = {isa = PBXFileReference; lastKnownFileType = text.plist.strings; name = en; path = en.lproj/Localizable.strings; sourceTree = "<group>"; };
		021EB81B28846FEE00463B42 /* fr */ = {isa = PBXFileReference; lastKnownFileType = text.plist.strings; name = fr; path = fr.lproj/Localizable.strings; sourceTree = "<group>"; };
		02211DD32FD75F76002FDB14 /* ActivityIndicatorView.swift */ = {isa = PBXFileReference; lastKnownFileType = sourcecode.swift; path = ActivityIndicatorView.swift; sourceTree = "<group>"; };
		02211DD52FD75F76002FDB14 /* TextRecognizer.swift */ = {isa = PBXFileReference; lastKnownFileType = sourcecode.swift; path = TextRecognizer.swift; sourceTree = "<group>"; };
		022688922624F9B1007DBD98 /* ThemeCell.swift */ = {isa = PBXFileReference; lastKnownFileType = sourcecode.swift; path = ThemeCell.swift; sourceTree = "<group>"; };
		0226F19B259EAB93006E086C /* PackCell.swift */ = {isa = PBXFileReference; lastKnownFileType = sourcecode.swift; path = PackCell.swift; sourceTree = "<group>"; };
		0226F19D259EABB4006E086C /* PackListViewController.swift */ = {isa = PBXFileReference; lastKnownFileType = sourcecode.swift; path = PackListViewController.swift; sourceTree = "<group>"; };
		0229864127BD9CBA0048F9E9 /* SmartGModel.swift */ = {isa = PBXFileReference; lastKnownFileType = sourcecode.swift; path = SmartGModel.swift; sourceTree = "<group>"; };
		0234E7BA287ADE8E00D7A2AF /* ThemeNavigationController.swift */ = {isa = PBXFileReference; lastKnownFileType = sourcecode.swift; path = ThemeNavigationController.swift; sourceTree = "<group>"; };
		02385E072A64430E0050FFDE /* ExternalLinkOpener.swift */ = {isa = PBXFileReference; lastKnownFileType = sourcecode.swift; path = ExternalLinkOpener.swift; sourceTree = "<group>"; };
		023D2B932A48EC60006E2D35 /* CirclesView.swift */ = {isa = PBXFileReference; lastKnownFileType = sourcecode.swift; path = CirclesView.swift; sourceTree = "<group>"; };
		023D2B962A4D085E006E2D35 /* LoadingView.swift */ = {isa = PBXFileReference; lastKnownFileType = sourcecode.swift; path = LoadingView.swift; sourceTree = "<group>"; };
		023D2B982A4D0A5E006E2D35 /* OfflineView.swift */ = {isa = PBXFileReference; lastKnownFileType = sourcecode.swift; path = OfflineView.swift; sourceTree = "<group>"; };
		0247E585257FEFB900C65245 /* UITraitCollection+DarkMode.swift */ = {isa = PBXFileReference; lastKnownFileType = sourcecode.swift; path = "UITraitCollection+DarkMode.swift"; sourceTree = "<group>"; };
		02491C5826779A4900F98E17 /* SetupInfoView.swift */ = {isa = PBXFileReference; lastKnownFileType = sourcecode.swift; path = SetupInfoView.swift; sourceTree = "<group>"; };
		02491C682680883700F98E17 /* UIColor+AppColors.swift */ = {isa = PBXFileReference; lastKnownFileType = sourcecode.swift; path = "UIColor+AppColors.swift"; sourceTree = "<group>"; };
		025479DE26C7EEA000E28724 /* SeedData */ = {isa = PBXFileReference; lastKnownFileType = folder; path = SeedData; sourceTree = "<group>"; };
		026472AB2693AFB3008BCFE5 /* NetworkMonitor.swift */ = {isa = PBXFileReference; lastKnownFileType = sourcecode.swift; path = NetworkMonitor.swift; sourceTree = "<group>"; };
		0264B816264A7CE900E1EEFA /* AnalyticsViewModel.swift */ = {isa = PBXFileReference; lastKnownFileType = sourcecode.swift; path = AnalyticsViewModel.swift; sourceTree = "<group>"; };
		026D16D52A3E474500228DEA /* ProfileDataTransformer.swift */ = {isa = PBXFileReference; fileEncoding = 4; lastKnownFileType = sourcecode.swift; path = ProfileDataTransformer.swift; sourceTree = "<group>"; };
		0281B9792879877C00344D3E /* UIViewController+NavigationBarDimensions.swift */ = {isa = PBXFileReference; lastKnownFileType = sourcecode.swift; path = "UIViewController+NavigationBarDimensions.swift"; sourceTree = "<group>"; };
		0281B9842879CDC600344D3E /* AppDelegate+Seed.swift */ = {isa = PBXFileReference; lastKnownFileType = sourcecode.swift; path = "AppDelegate+Seed.swift"; sourceTree = "<group>"; };
		0281B9872879D60700344D3E /* UINavigationBar+Shadow.swift */ = {isa = PBXFileReference; lastKnownFileType = sourcecode.swift; path = "UINavigationBar+Shadow.swift"; sourceTree = "<group>"; };
		0281B98A287A007200344D3E /* UIViewController+NavBarAppearance.swift */ = {isa = PBXFileReference; lastKnownFileType = sourcecode.swift; path = "UIViewController+NavBarAppearance.swift"; sourceTree = "<group>"; };
		029122832B8AAF56007EB7ED /* SmartGErrorStateView.swift */ = {isa = PBXFileReference; lastKnownFileType = sourcecode.swift; path = SmartGErrorStateView.swift; sourceTree = "<group>"; };
		029122852B8B3FA5007EB7ED /* FloatingButtonFactory.swift */ = {isa = PBXFileReference; lastKnownFileType = sourcecode.swift; path = FloatingButtonFactory.swift; sourceTree = "<group>"; };
		0296306D2614A785000CF4E9 /* QuantityPickerViewController.swift */ = {isa = PBXFileReference; lastKnownFileType = sourcecode.swift; path = QuantityPickerViewController.swift; sourceTree = "<group>"; };
		02998A652B44104800B70516 /* CircleGaugeModel.swift */ = {isa = PBXFileReference; lastKnownFileType = sourcecode.swift; path = CircleGaugeModel.swift; sourceTree = "<group>"; };
		02998A672B4611B000B70516 /* BarChartItemView.swift */ = {isa = PBXFileReference; lastKnownFileType = sourcecode.swift; path = BarChartItemView.swift; sourceTree = "<group>"; };
		029FDDC0264E75600063DF1D /* OnboardingViewController.swift */ = {isa = PBXFileReference; lastKnownFileType = sourcecode.swift; path = OnboardingViewController.swift; sourceTree = "<group>"; };
		02AD94AE29A9820400D893E5 /* SubTransformedProfileModel.swift */ = {isa = PBXFileReference; lastKnownFileType = sourcecode.swift; path = SubTransformedProfileModel.swift; sourceTree = "<group>"; };
		02AD94B029AC078E00D893E5 /* FacebookToken.swift */ = {isa = PBXFileReference; lastKnownFileType = sourcecode.swift; path = FacebookToken.swift; sourceTree = "<group>"; };
		02AD94B229AC080100D893E5 /* FacebookLoginViewModel.swift */ = {isa = PBXFileReference; lastKnownFileType = sourcecode.swift; path = FacebookLoginViewModel.swift; sourceTree = "<group>"; };
		02B0D72A2A44B2E700EF1500 /* MonoCircleView.swift */ = {isa = PBXFileReference; lastKnownFileType = sourcecode.swift; path = MonoCircleView.swift; sourceTree = "<group>"; };
		02B0D74C2A48B73700EF1500 /* BarChartView.swift */ = {isa = PBXFileReference; lastKnownFileType = sourcecode.swift; path = BarChartView.swift; sourceTree = "<group>"; };
		02B0D74E2A48B74600EF1500 /* BarChartArrowsView.swift */ = {isa = PBXFileReference; lastKnownFileType = sourcecode.swift; path = BarChartArrowsView.swift; sourceTree = "<group>"; };
		02B104A627697B6C00C9EC6C /* SmartGViewModel.swift */ = {isa = PBXFileReference; lastKnownFileType = sourcecode.swift; path = SmartGViewModel.swift; sourceTree = "<group>"; };
		02BC8D582602B79900441349 /* SettingsViewController.swift */ = {isa = PBXFileReference; lastKnownFileType = sourcecode.swift; path = SettingsViewController.swift; sourceTree = "<group>"; };
		02CAC9B6259105B400BE5E57 /* ThemeEditorViewController.swift */ = {isa = PBXFileReference; lastKnownFileType = sourcecode.swift; path = ThemeEditorViewController.swift; sourceTree = "<group>"; };
		02CEFB6C25CB945000FB70E4 /* UIImage+Treatment.swift */ = {isa = PBXFileReference; lastKnownFileType = sourcecode.swift; path = "UIImage+Treatment.swift"; sourceTree = "<group>"; };
		02D066BD296B4B5000536E3A /* AnalyticsOverviewModel.swift */ = {isa = PBXFileReference; lastKnownFileType = sourcecode.swift; path = AnalyticsOverviewModel.swift; sourceTree = "<group>"; };
		02D066BF296B606F00536E3A /* RoundedShape.swift */ = {isa = PBXFileReference; lastKnownFileType = sourcecode.swift; path = RoundedShape.swift; sourceTree = "<group>"; };
		02D709D82A59940E0009F7C3 /* SmartGSavedTagsView.swift */ = {isa = PBXFileReference; lastKnownFileType = sourcecode.swift; path = SmartGSavedTagsView.swift; sourceTree = "<group>"; };
		02E451B0265D5B4600582025 /* FacebookLoginView.swift */ = {isa = PBXFileReference; lastKnownFileType = sourcecode.swift; path = FacebookLoginView.swift; sourceTree = "<group>"; };
		02E4B9DE25CF66F500949213 /* ThemeEntity.swift */ = {isa = PBXFileReference; lastKnownFileType = sourcecode.swift; path = "ThemeEntity.swift"; sourceTree = "<group>"; };
		02E4B9DF25CF66F500949213 /* ThemeEntity+CoreDataProperties.swift */ = {isa = PBXFileReference; lastKnownFileType = sourcecode.swift; path = "ThemeEntity+CoreDataProperties.swift"; sourceTree = "<group>"; };
		02F89B2329729993008F363D /* SmartGSavedTagsCell.swift */ = {isa = PBXFileReference; lastKnownFileType = sourcecode.swift; path = SmartGSavedTagsCell.swift; sourceTree = "<group>"; };
		02F89B262974306F008F363D /* StoryCardView.swift */ = {isa = PBXFileReference; lastKnownFileType = sourcecode.swift; path = StoryCardView.swift; sourceTree = "<group>"; };
		02F89B2829743EF9008F363D /* SmartGContainerView.swift */ = {isa = PBXFileReference; lastKnownFileType = sourcecode.swift; path = SmartGContainerView.swift; sourceTree = "<group>"; };
		02F89B2A29743FE4008F363D /* SmartGHeaderView.swift */ = {isa = PBXFileReference; lastKnownFileType = sourcecode.swift; path = SmartGHeaderView.swift; sourceTree = "<group>"; };
		02FA30722A00405C006A48CC /* StoryCardLabelView.swift */ = {isa = PBXFileReference; lastKnownFileType = sourcecode.swift; path = StoryCardLabelView.swift; sourceTree = "<group>"; };
		02FA30742A004145006A48CC /* FloatingListView.swift */ = {isa = PBXFileReference; lastKnownFileType = sourcecode.swift; path = FloatingListView.swift; sourceTree = "<group>"; };
		02FA30762A004254006A48CC /* StoryCardCarouselView.swift */ = {isa = PBXFileReference; lastKnownFileType = sourcecode.swift; path = StoryCardCarouselView.swift; sourceTree = "<group>"; };
		02FA30792A004441006A48CC /* TagView.swift */ = {isa = PBXFileReference; lastKnownFileType = sourcecode.swift; path = TagView.swift; sourceTree = "<group>"; };
		02FA30802A004C7D006A48CC /* InteractionBarView.swift */ = {isa = PBXFileReference; lastKnownFileType = sourcecode.swift; path = InteractionBarView.swift; sourceTree = "<group>"; };
		02FAE29E260A9BA900324724 /* SettingsCell.swift */ = {isa = PBXFileReference; lastKnownFileType = sourcecode.swift; path = SettingsCell.swift; sourceTree = "<group>"; };
		02FAE2A4260AC79C00324724 /* SettingsSwitchCell.swift */ = {isa = PBXFileReference; lastKnownFileType = sourcecode.swift; path = SettingsSwitchCell.swift; sourceTree = "<group>"; };
		02FB550624FFA2AA00174E34 /* PackTags.app */ = {isa = PBXFileReference; explicitFileType = wrapper.application; includeInIndex = 0; path = PackTags.app; sourceTree = BUILT_PRODUCTS_DIR; };
		02FB550924FFA2AA00174E34 /* AppDelegate.swift */ = {isa = PBXFileReference; lastKnownFileType = sourcecode.swift; path = AppDelegate.swift; sourceTree = "<group>"; };
		02FB550B24FFA2AA00174E34 /* SceneDelegate.swift */ = {isa = PBXFileReference; lastKnownFileType = sourcecode.swift; path = SceneDelegate.swift; sourceTree = "<group>"; };
		02FB551324FFA2AA00174E34 /* PackTags.xcdatamodel */ = {isa = PBXFileReference; lastKnownFileType = wrapper.xcdatamodel; path = PackTags.xcdatamodel; sourceTree = "<group>"; };
		02FB551524FFA2AC00174E34 /* Assets.xcassets */ = {isa = PBXFileReference; lastKnownFileType = folder.assetcatalog; path = Assets.xcassets; sourceTree = "<group>"; };
		02FB551824FFA2AC00174E34 /* Base */ = {isa = PBXFileReference; lastKnownFileType = file.storyboard; name = Base; path = Base.lproj/LaunchScreen.storyboard; sourceTree = "<group>"; };
		02FB551A24FFA2AC00174E34 /* Info.plist */ = {isa = PBXFileReference; lastKnownFileType = text.plist.xml; path = Info.plist; sourceTree = "<group>"; };
		02FB551F24FFA2AC00174E34 /* PackTagsTests.xctest */ = {isa = PBXFileReference; explicitFileType = wrapper.cfbundle; includeInIndex = 0; path = PackTagsTests.xctest; sourceTree = BUILT_PRODUCTS_DIR; };
		02FB552324FFA2AC00174E34 /* PackTagsTests.swift */ = {isa = PBXFileReference; lastKnownFileType = sourcecode.swift; path = PackTagsTests.swift; sourceTree = "<group>"; };
		02FB552524FFA2AC00174E34 /* Info.plist */ = {isa = PBXFileReference; lastKnownFileType = text.plist.xml; path = Info.plist; sourceTree = "<group>"; };
		02FB552E24FFA78B00174E34 /* ThemeListViewController.swift */ = {isa = PBXFileReference; lastKnownFileType = sourcecode.swift; path = ThemeListViewController.swift; sourceTree = "<group>"; };
		02FBAFE425A93C6100E32D73 /* AnalyticsView.swift */ = {isa = PBXFileReference; lastKnownFileType = sourcecode.swift; path = AnalyticsView.swift; sourceTree = "<group>"; };
		02FD6CB126D8008400AB16E4 /* ReviewPromptPolicy.swift */ = {isa = PBXFileReference; lastKnownFileType = sourcecode.swift; path = ReviewPromptPolicy.swift; sourceTree = "<group>"; };
		02FDEDCC290304E200B9BCFD /* SmartTags.xcdatamodel */ = {isa = PBXFileReference; lastKnownFileType = wrapper.xcdatamodel; path = SmartTags.xcdatamodel; sourceTree = "<group>"; };
		AB00000000000000000000A1 /* AppLogger.swift */ = {isa = PBXFileReference; lastKnownFileType = sourcecode.swift; path = AppLogger.swift; sourceTree = "<group>"; };
		AB00000000000000000000B1 /* PersistenceController.swift */ = {isa = PBXFileReference; lastKnownFileType = sourcecode.swift; path = PersistenceController.swift; sourceTree = "<group>"; };
		AB00000000000000000000C1 /* SettingsKey.swift */ = {isa = PBXFileReference; lastKnownFileType = sourcecode.swift; path = SettingsKey.swift; sourceTree = "<group>"; };
		AB00000000000000000000D1 /* DataLayerTests.swift */ = {isa = PBXFileReference; lastKnownFileType = sourcecode.swift; path = DataLayerTests.swift; sourceTree = "<group>"; };
		AB00000000000000000000E1 /* UserDefaultsAppSettings.swift */ = {isa = PBXFileReference; lastKnownFileType = sourcecode.swift; path = UserDefaultsAppSettings.swift; sourceTree = "<group>"; };
		AB00000000000000000000F1 /* TagPackFormatter.swift */ = {isa = PBXFileReference; lastKnownFileType = sourcecode.swift; path = TagPackFormatter.swift; sourceTree = "<group>"; };
		AB00000000000000000000F3 /* TagDeduplicator.swift */ = {isa = PBXFileReference; lastKnownFileType = sourcecode.swift; path = TagDeduplicator.swift; sourceTree = "<group>"; };
		AB00000000000000000000F7 /* HashtagParser.swift */ = {isa = PBXFileReference; lastKnownFileType = sourcecode.swift; path = HashtagParser.swift; sourceTree = "<group>"; };
		AB0000000000000000000101 /* DomainTests.swift */ = {isa = PBXFileReference; lastKnownFileType = sourcecode.swift; path = DomainTests.swift; sourceTree = "<group>"; };
		AB0000000000000000000301 /* FacebookAccessTokenProvider.swift */ = {isa = PBXFileReference; lastKnownFileType = sourcecode.swift; path = FacebookAccessTokenProvider.swift; sourceTree = "<group>"; };
		AB0000000000000000000907 /* KeyboardFindButton.swift */ = {isa = PBXFileReference; lastKnownFileType = sourcecode.swift; path = KeyboardFindButton.swift; sourceTree = "<group>"; };
		AB0000000000000000000909 /* ThemeImagePicker.swift */ = {isa = PBXFileReference; lastKnownFileType = sourcecode.swift; path = ThemeImagePicker.swift; sourceTree = "<group>"; };
		AB0000000000000000000911 /* ConnectedInsightsTests.swift */ = {isa = PBXFileReference; lastKnownFileType = sourcecode.swift; path = ConnectedInsightsTests.swift; sourceTree = "<group>"; };
		AB0000000000000000000913 /* AppTrackingAuthorizer.swift */ = {isa = PBXFileReference; lastKnownFileType = sourcecode.swift; path = AppTrackingAuthorizer.swift; sourceTree = "<group>"; };
		AB0000000000000000000915 /* FacebookLoginButton.swift */ = {isa = PBXFileReference; lastKnownFileType = sourcecode.swift; path = FacebookLoginButton.swift; sourceTree = "<group>"; };
		AB0000000000000000000917 /* FacebookLoginCoordinator.swift */ = {isa = PBXFileReference; lastKnownFileType = sourcecode.swift; path = FacebookLoginCoordinator.swift; sourceTree = "<group>"; };
		AB0000000000000000000919 /* en */ = {isa = PBXFileReference; lastKnownFileType = text.plist.strings; name = en; path = en.lproj/InfoPlist.strings; sourceTree = "<group>"; };
		AB0000000000000000000920 /* fr */ = {isa = PBXFileReference; lastKnownFileType = text.plist.strings; name = fr; path = fr.lproj/InfoPlist.strings; sourceTree = "<group>"; };
		AB0000000000000000003001 /* PrivacyInfo.xcprivacy */ = {isa = PBXFileReference; lastKnownFileType = text.plist.xml; path = PrivacyInfo.xcprivacy; sourceTree = "<group>"; };
		AB0000000000000000004001 /* ThemeListNavigation.swift */ = {isa = PBXFileReference; lastKnownFileType = sourcecode.swift; path = ThemeListNavigation.swift; sourceTree = "<group>"; };
		AB0000000000000000005001 /* SettingsViewModel.swift */ = {isa = PBXFileReference; lastKnownFileType = sourcecode.swift; path = SettingsViewModel.swift; sourceTree = "<group>"; };
		AB0000000000000000005101 /* SettingsNavigation.swift */ = {isa = PBXFileReference; lastKnownFileType = sourcecode.swift; path = SettingsNavigation.swift; sourceTree = "<group>"; };
		AB0000000000000000006001 /* SettingsCoordinator.swift */ = {isa = PBXFileReference; lastKnownFileType = sourcecode.swift; path = SettingsCoordinator.swift; sourceTree = "<group>"; };
		AB0000000000000000007001 /* OnboardingCoordinator.swift */ = {isa = PBXFileReference; lastKnownFileType = sourcecode.swift; path = OnboardingCoordinator.swift; sourceTree = "<group>"; };
		AB0000000000000000008001 /* UITableView+Reusable.swift */ = {isa = PBXFileReference; lastKnownFileType = sourcecode.swift; path = "UITableView+Reusable.swift"; sourceTree = "<group>"; };
		AB0000000000000000009001 /* Secrets.xcconfig */ = {isa = PBXFileReference; lastKnownFileType = text.xcconfig; path = Secrets.xcconfig; sourceTree = SOURCE_ROOT; };
		AB0000000000000000010011 /* ConnectedInsightsProtocol.swift */ = {isa = PBXFileReference; lastKnownFileType = sourcecode.swift; path = ConnectedInsightsProtocol.swift; sourceTree = "<group>"; };
		AB0000000000000000010021 /* ConnectedInsightsDestination.swift */ = {isa = PBXFileReference; lastKnownFileType = sourcecode.swift; path = ConnectedInsightsDestination.swift; sourceTree = "<group>"; };
		AB0000000000000000010031 /* UnavailableConnectedInsightsGateway.swift */ = {isa = PBXFileReference; lastKnownFileType = sourcecode.swift; path = UnavailableConnectedInsightsGateway.swift; sourceTree = "<group>"; };
		AB0000000000000000010041 /* ReusableCellProtocol.swift */ = {isa = PBXFileReference; lastKnownFileType = sourcecode.swift; path = ReusableCellProtocol.swift; sourceTree = "<group>"; };
		AB0000000000000000010051 /* ReviewPromptStore.swift */ = {isa = PBXFileReference; lastKnownFileType = sourcecode.swift; path = ReviewPromptStore.swift; sourceTree = "<group>"; };
		AB0000000000000000010241 /* RotatingDotsIndicatorView.swift */ = {isa = PBXFileReference; lastKnownFileType = sourcecode.swift; path = RotatingDotsIndicatorView.swift; sourceTree = "<group>"; };
		AB0000000000000000010251 /* RotatingDotsIndicatorItemView.swift */ = {isa = PBXFileReference; lastKnownFileType = sourcecode.swift; path = RotatingDotsIndicatorItemView.swift; sourceTree = "<group>"; };
		AB0000000000000000010261 /* VisualEffectBlurView.swift */ = {isa = PBXFileReference; lastKnownFileType = sourcecode.swift; path = VisualEffectBlurView.swift; sourceTree = "<group>"; };
		AB0000000000000000010271 /* Color+AppColors.swift */ = {isa = PBXFileReference; lastKnownFileType = sourcecode.swift; path = "Color+AppColors.swift"; sourceTree = "<group>"; };
		AB0000000000000000010281 /* LinearGradient+Init.swift */ = {isa = PBXFileReference; lastKnownFileType = sourcecode.swift; path = "LinearGradient+Init.swift"; sourceTree = "<group>"; };
		AB0000000000000000010291 /* ClosureTapGestureRecognizer.swift */ = {isa = PBXFileReference; lastKnownFileType = sourcecode.swift; path = ClosureTapGestureRecognizer.swift; sourceTree = "<group>"; };
		AB0000000000000000010301 /* AnalyticsMetric.swift */ = {isa = PBXFileReference; lastKnownFileType = sourcecode.swift; path = AnalyticsMetric.swift; sourceTree = "<group>"; };
		AB0000000000000000010311 /* SettingsSectionModel.swift */ = {isa = PBXFileReference; lastKnownFileType = sourcecode.swift; path = SettingsSectionModel.swift; sourceTree = "<group>"; };
		AB0000000000000000010321 /* SettingsOptionType.swift */ = {isa = PBXFileReference; lastKnownFileType = sourcecode.swift; path = SettingsOptionType.swift; sourceTree = "<group>"; };
		AB0000000000000000010331 /* SettingsOptionModel.swift */ = {isa = PBXFileReference; lastKnownFileType = sourcecode.swift; path = SettingsOptionModel.swift; sourceTree = "<group>"; };
		AB0000000000000000010341 /* SettingsSwitchOptionModel.swift */ = {isa = PBXFileReference; lastKnownFileType = sourcecode.swift; path = SettingsSwitchOptionModel.swift; sourceTree = "<group>"; };
		AB0000000000000000010351 /* SettingsActions.swift */ = {isa = PBXFileReference; lastKnownFileType = sourcecode.swift; path = SettingsActions.swift; sourceTree = "<group>"; };
		AB0000000000000000010501 /* UIViewController+ModalCloseButton.swift */ = {isa = PBXFileReference; lastKnownFileType = sourcecode.swift; path = "UIViewController+ModalCloseButton.swift"; sourceTree = "<group>"; };
/* End PBXFileReference section */

/* Begin PBXFrameworksBuildPhase section */
		02FB550324FFA2AA00174E34 /* Frameworks */ = {
			isa = PBXFrameworksBuildPhase;
			buildActionMask = 2147483647;
			files = (
				02FE9ECC28DF5BF000193A15 /* FacebookLogin in Frameworks */,
				02FE9ECA28DF5BF000193A15 /* FacebookCore in Frameworks */,
				02211DD02FD7074D002FDB14 /* InstagramGraph in Frameworks */,
				0207BBBD2FD6B08E0007F3D3 /* InstagramGraph in Frameworks */,
				AB0000000000000000001003 /* TapTagKit in Frameworks */,
				AB0000000000000000001010 /* TableViewControllerCoverKit in Frameworks */,
				AB0000000000000000002003 /* NeumorphicUIKit in Frameworks */,
				AB0000000000000000002013 /* NeumorphicSwiftUI in Frameworks */,
			);
			runOnlyForDeploymentPostprocessing = 0;
		};
		02FB551C24FFA2AC00174E34 /* Frameworks */ = {
			isa = PBXFrameworksBuildPhase;
			buildActionMask = 2147483647;
			files = (
			);
			runOnlyForDeploymentPostprocessing = 0;
		};
/* End PBXFrameworksBuildPhase section */

/* Begin PBXGroup section */
		0207BB832FD372660007F3D3 /* Coordinators */ = {
			isa = PBXGroup;
			children = (
				0207BB842FD3736C0007F3D3 /* CoordinatorProtocol.swift */,
				0207BB882FD3736C0007F3D3 /* NotebookCoordinator.swift */,
				AB0000000000000000010021 /* ConnectedInsightsDestination.swift */,
				AB0000000000000000010011 /* ConnectedInsightsProtocol.swift */,
				AB0000000000000000006001 /* SettingsCoordinator.swift */,
				AB0000000000000000007001 /* OnboardingCoordinator.swift */,
				0207BBB52FD56F320007F3D3 /* ConnectedInsightsCoordinator.swift */,
				AB0000000000000000000917 /* FacebookLoginCoordinator.swift */,
			);
			path = Coordinators;
			sourceTree = "<group>";
		};
		0207BB8C2FD4645D0007F3D3 /* Features */ = {
			isa = PBXGroup;
			children = (
				AB0000000000000000000205 /* Notebook */,
				02A4235A2843FFF300A25067 /* Onboarding */,
				02FAE2AB260ADA9200324724 /* Settings */,
				0207BB9A2FD5F0000007F3D3 /* ConnectedInsights */,
			);
			path = Features;
			sourceTree = "<group>";
		};
		0207BB902FD4ABDA0007F3D3 /* Data */ = {
			isa = PBXGroup;
			children = (
				AB0000000000000000000201 /* Model */,
				AB00000000000000000000E1 /* UserDefaultsAppSettings.swift */,
				AB00000000000000000000C1 /* SettingsKey.swift */,
				AB00000000000000000000B1 /* PersistenceController.swift */,
				0207BB932FD4ABDB0007F3D3 /* CoreDataThemeRepository.swift */,
			);
			path = Data;
			sourceTree = "<group>";
		};
		0207BB9A2FD5F0000007F3D3 /* ConnectedInsights */ = {
			isa = PBXGroup;
			children = (
				AB0000000000000000000207 /* Services */,
				02491C5A26779AE400F98E17 /* Setup */,
				02EE53B4284CCD9F004E7D5C /* Analytics */,
				02D709D32A58FCDA0009F7C3 /* SmartG */,
			);
			path = ConnectedInsights;
			sourceTree = "<group>";
		};
		0207BBAC2FD564080007F3D3 /* ViewModel */ = {
			isa = PBXGroup;
			children = (
				0207BBAD2FD564080007F3D3 /* ThemeListViewModel.swift */,
			);
			path = ViewModel;
			sourceTree = "<group>";
		};
		0207BBAF2FD564090007F3D3 /* ViewModel */ = {
			isa = PBXGroup;
			children = (
				0207BBB02FD564090007F3D3 /* PackListViewModel.swift */,
			);
			path = ViewModel;
			sourceTree = "<group>";
		};
		0207BBB22FD564090007F3D3 /* ViewModel */ = {
			isa = PBXGroup;
			children = (
				0207BBB32FD5640A0007F3D3 /* ThemeEditorViewModel.swift */,
			);
			path = ViewModel;
			sourceTree = "<group>";
		};
		021BA8F92FE889A50076416E /* Recovered References */ = {
			isa = PBXGroup;
			children = (
				AB0000000000000000009001 /* Secrets.xcconfig */,
			);
			name = "Recovered References";
			sourceTree = "<group>";
		};
		02211E042FE1B440002FDB14 /* View */ = {
			isa = PBXGroup;
			children = (
				02FAE29E260A9BA900324724 /* SettingsCell.swift */,
				02FAE2A4260AC79C00324724 /* SettingsSwitchCell.swift */,
				02BC8D582602B79900441349 /* SettingsViewController.swift */,
			);
			path = View;
			sourceTree = "<group>";
		};
		02211E052FE1B44B002FDB14 /* ViewModel */ = {
			isa = PBXGroup;
			children = (
				AB0000000000000000005001 /* SettingsViewModel.swift */,
			);
			path = ViewModel;
			sourceTree = "<group>";
		};
		0226F19A259E0346006E086C /* Resources */ = {
			isa = PBXGroup;
			children = (
				02FB551524FFA2AC00174E34 /* Assets.xcassets */,
				02FB551724FFA2AC00174E34 /* LaunchScreen.storyboard */,
				02FB551A24FFA2AC00174E34 /* Info.plist */,
				AB0000000000000000003001 /* PrivacyInfo.xcprivacy */,
				025479DE26C7EEA000E28724 /* SeedData */,
				021EB81A28846FDE00463B42 /* Localizable.strings */,
				AB0000000000000000000921 /* InfoPlist.strings */,
			);
			name = Resources;
			sourceTree = "<group>";
		};
		0231AB1126849DFA007F4FC8 /* ViewModel */ = {
			isa = PBXGroup;
			children = (
				0264B816264A7CE900E1EEFA /* AnalyticsViewModel.swift */,
			);
			path = ViewModel;
			sourceTree = "<group>";
		};
		023D2B952A48F101006E2D35 /* Circles */ = {
			isa = PBXGroup;
			children = (
				02B0D72A2A44B2E700EF1500 /* MonoCircleView.swift */,
				023D2B932A48EC60006E2D35 /* CirclesView.swift */,
			);
			path = Circles;
			sourceTree = "<group>";
		};
		02491C5A26779AE400F98E17 /* Setup */ = {
			isa = PBXGroup;
			children = (
				AB0000000000000000000601 /* View */,
				AB0000000000000000000602 /* ViewModel */,
				AB0000000000000000000603 /* Model */,
			);
			path = Setup;
			sourceTree = "<group>";
		};
		0273D1532655B9260043011C /* Shared */ = {
			isa = PBXGroup;
			children = (
				02FD6CB326D8178800AB16E4 /* AppStoreRating */,
				AB00000000000000000000A1 /* AppLogger.swift */,
				021AFD5B278A1BE40008735E /* AlertPresenter.swift */,
				02CEFB6C25CB945000FB70E4 /* UIImage+Treatment.swift */,
				AB0000000000000000008001 /* UITableView+Reusable.swift */,
				AB0000000000000000010041 /* ReusableCellProtocol.swift */,
				026472AB2693AFB3008BCFE5 /* NetworkMonitor.swift */,
				021044F526446AEF00408CEB /* MetricFormatter.swift */,
				AB0000000000000000010291 /* ClosureTapGestureRecognizer.swift */,
				02385E072A64430E0050FFDE /* ExternalLinkOpener.swift */,
				021EB81328846AD100463B42 /* String+Localized.swift */,
			);
			path = Shared;
			sourceTree = "<group>";
		};
		0281B98F287A344C00344D3E /* NavigationBar */ = {
			isa = PBXGroup;
			children = (
				0281B98A287A007200344D3E /* UIViewController+NavBarAppearance.swift */,
				0281B9872879D60700344D3E /* UINavigationBar+Shadow.swift */,
				0234E7BA287ADE8E00D7A2AF /* ThemeNavigationController.swift */,
				0281B9792879877C00344D3E /* UIViewController+NavigationBarDimensions.swift */,
			);
			path = NavigationBar;
			sourceTree = "<group>";
		};
		02A4235A2843FFF300A25067 /* Onboarding */ = {
			isa = PBXGroup;
			children = (
				AB00000000000000000103C0 /* View */,
			);
			path = Onboarding;
			sourceTree = "<group>";
		};
		02A4235B2844002600A25067 /* ThemeList */ = {
			isa = PBXGroup;
			children = (
				AB0000000000000000004001 /* ThemeListNavigation.swift */,
				02AEA5EA25B9D2F10063076F /* View */,
				0207BBAC2FD564080007F3D3 /* ViewModel */,
			);
			path = ThemeList;
			sourceTree = "<group>";
		};
		02A4235C2844007200A25067 /* PackList */ = {
			isa = PBXGroup;
			children = (
				02AEA5E725B9D2B00063076F /* View */,
				0207BBAF2FD564090007F3D3 /* ViewModel */,
			);
			path = PackList;
			sourceTree = "<group>";
		};
		02A4235D284400FC00A25067 /* ThemeEditor */ = {
			isa = PBXGroup;
			children = (
				AB00000000000000000103B0 /* Services */,
				02CAC9B82591061B00BE5E57 /* View */,
				0207BBB22FD564090007F3D3 /* ViewModel */,
			);
			path = ThemeEditor;
			sourceTree = "<group>";
		};
		02AD94B429AC2A0A00D893E5 /* Model */ = {
			isa = PBXGroup;
			children = (
				0229864127BD9CBA0048F9E9 /* SmartGModel.swift */,
			);
			path = Model;
			sourceTree = "<group>";
		};
		02AD94B529AC2A1700D893E5 /* ViewModel */ = {
			isa = PBXGroup;
			children = (
				02B104A627697B6C00C9EC6C /* SmartGViewModel.swift */,
			);
			path = ViewModel;
			sourceTree = "<group>";
		};
		02AEA5E725B9D2B00063076F /* View */ = {
			isa = PBXGroup;
			children = (
				0226F19D259EABB4006E086C /* PackListViewController.swift */,
				0226F19B259EAB93006E086C /* PackCell.swift */,
			);
			path = View;
			sourceTree = "<group>";
		};
		02AEA5EA25B9D2F10063076F /* View */ = {
			isa = PBXGroup;
			children = (
				02FB552E24FFA78B00174E34 /* ThemeListViewController.swift */,
				022688922624F9B1007DBD98 /* ThemeCell.swift */,
			);
			path = View;
			sourceTree = "<group>";
		};
		02B0D7582A48E9EB00EF1500 /* BarChart */ = {
			isa = PBXGroup;
			children = (
				02B0D74C2A48B73700EF1500 /* BarChartView.swift */,
				02998A672B4611B000B70516 /* BarChartItemView.swift */,
				02B0D74E2A48B74600EF1500 /* BarChartArrowsView.swift */,
			);
			path = BarChart;
			sourceTree = "<group>";
		};
		02CAC9B82591061B00BE5E57 /* View */ = {
			isa = PBXGroup;
			children = (
				02CAC9B6259105B400BE5E57 /* ThemeEditorViewController.swift */,
				AB0000000000000000000907 /* KeyboardFindButton.swift */,
			);
			path = View;
			sourceTree = "<group>";
		};
		02D709D32A58FCDA0009F7C3 /* SmartG */ = {
			isa = PBXGroup;
			children = (
				02AD94B429AC2A0A00D893E5 /* Model */,
				02AD94B529AC2A1700D893E5 /* ViewModel */,
				02F89B25297427AE008F363D /* View */,
			);
			path = SmartG;
			sourceTree = "<group>";
		};
		02D709D42A5915F80009F7C3 /* InteractionBar */ = {
			isa = PBXGroup;
			children = (
				02FA30802A004C7D006A48CC /* InteractionBarView.swift */,
			);
			path = InteractionBar;
			sourceTree = "<group>";
		};
		02D709D72A5993F90009F7C3 /* SavedTags */ = {
			isa = PBXGroup;
			children = (
				02F89B2329729993008F363D /* SmartGSavedTagsCell.swift */,
				02D709D82A59940E0009F7C3 /* SmartGSavedTagsView.swift */,
			);
			path = SavedTags;
			sourceTree = "<group>";
		};
		02EE53B3284CCB86004E7D5C /* Model */ = {
			isa = PBXGroup;
			children = (
				02D066BD296B4B5000536E3A /* AnalyticsOverviewModel.swift */,
				020621562666DBCC0072C404 /* BarChartPostModel.swift */,
				AB0000000000000000010301 /* AnalyticsMetric.swift */,
				02998A652B44104800B70516 /* CircleGaugeModel.swift */,
				021D761F275A99D500F54054 /* TransformedProfileModel.swift */,
				02AD94AE29A9820400D893E5 /* SubTransformedProfileModel.swift */,
			);
			path = Model;
			sourceTree = "<group>";
		};
		02EE53B4284CCD9F004E7D5C /* Analytics */ = {
			isa = PBXGroup;
			children = (
				02EE53B3284CCB86004E7D5C /* Model */,
				0231AB1126849DFA007F4FC8 /* ViewModel */,
				AB0000000000000000010600 /* Services */,
				02FB530C25AD3DD00063038C /* View */,
			);
			path = Analytics;
			sourceTree = "<group>";
		};
		02F89B25297427AE008F363D /* View */ = {
			isa = PBXGroup;
			children = (
				02F89B2829743EF9008F363D /* SmartGContainerView.swift */,
				021D76162759A00D00F54054 /* SmartGView.swift */,
				02F89B2A29743FE4008F363D /* SmartGHeaderView.swift */,
				029122832B8AAF56007EB7ED /* SmartGErrorStateView.swift */,
				02D709D42A5915F80009F7C3 /* InteractionBar */,
				02FA30782A00442C006A48CC /* FloatingListView */,
				02FA307B2A00459A006A48CC /* StoryCard */,
				02D709D72A5993F90009F7C3 /* SavedTags */,
			);
			path = View;
			sourceTree = "<group>";
		};
		02FA30782A00442C006A48CC /* FloatingListView */ = {
			isa = PBXGroup;
			children = (
				02FA30742A004145006A48CC /* FloatingListView.swift */,
				02FA30792A004441006A48CC /* TagView.swift */,
			);
			path = FloatingListView;
			sourceTree = "<group>";
		};
		02FA307B2A00459A006A48CC /* StoryCard */ = {
			isa = PBXGroup;
			children = (
				02FA30762A004254006A48CC /* StoryCardCarouselView.swift */,
				02F89B262974306F008F363D /* StoryCardView.swift */,
				02FA30722A00405C006A48CC /* StoryCardLabelView.swift */,
			);
			path = StoryCard;
			sourceTree = "<group>";
		};
		AB0000000000000000000209 /* QuantityPicker */ = {
			isa = PBXGroup;
			children = (
				AB000000000000000000020A /* View */,
			);
			path = QuantityPicker;
			sourceTree = "<group>";
		};
		AB000000000000000000020A /* View */ = {
			isa = PBXGroup;
			children = (
				0296306D2614A785000CF4E9 /* QuantityPickerViewController.swift */,
			);
			path = View;
			sourceTree = "<group>";
		};
		02FAE2AB260ADA9200324724 /* Settings */ = {
			isa = PBXGroup;
			children = (
				02211E052FE1B44B002FDB14 /* ViewModel */,
				AB0000000000000000010351 /* SettingsActions.swift */,
				AB00000000000000000103A0 /* Model */,
				02211E042FE1B440002FDB14 /* View */,
				AB0000000000000000000209 /* QuantityPicker */,
				AB0000000000000000005101 /* SettingsNavigation.swift */,
			);
			path = Settings;
			sourceTree = "<group>";
		};
		02FB530C25AD3DD00063038C /* View */ = {
			isa = PBXGroup;
			children = (
				02FBAFE425A93C6100E32D73 /* AnalyticsView.swift */,
				023D2B952A48F101006E2D35 /* Circles */,
				02B0D7582A48E9EB00EF1500 /* BarChart */,
				02D066BF296B606F00536E3A /* RoundedShape.swift */,
			);
			path = View;
			sourceTree = "<group>";
		};
		02FB54FD24FFA2AA00174E34 = {
			isa = PBXGroup;
			children = (
				02FB550824FFA2AA00174E34 /* PackTags */,
				02FB552224FFA2AC00174E34 /* PackTagsTests */,
				02FB550724FFA2AA00174E34 /* Products */,
				021BA8F92FE889A50076416E /* Recovered References */,
			);
			sourceTree = "<group>";
		};
		02FB550724FFA2AA00174E34 /* Products */ = {
			isa = PBXGroup;
			children = (
				02FB550624FFA2AA00174E34 /* PackTags.app */,
				02FB551F24FFA2AC00174E34 /* PackTagsTests.xctest */,
			);
			name = Products;
			sourceTree = "<group>";
		};
		02FB550824FFA2AA00174E34 /* PackTags */ = {
			isa = PBXGroup;
			children = (
				0273D1532655B9260043011C /* Shared */,
				AB0000000000000000000202 /* App */,
				AB0000000000000000000203 /* DesignSystem */,
				0226F19A259E0346006E086C /* Resources */,
				0207BB832FD372660007F3D3 /* Coordinators */,
				0207BB8C2FD4645D0007F3D3 /* Features */,
				0207BB902FD4ABDA0007F3D3 /* Data */,
				AB00000000000000000000D0 /* Domain */,
			);
			path = PackTags;
			sourceTree = "<group>";
		};
		02FB552224FFA2AC00174E34 /* PackTagsTests */ = {
			isa = PBXGroup;
			children = (
				02FB552324FFA2AC00174E34 /* PackTagsTests.swift */,
				02FB552524FFA2AC00174E34 /* Info.plist */,
				0207BB8A2FD45A0C0007F3D3 /* CoordinatorTests.swift */,
				AB00000000000000000000D1 /* DataLayerTests.swift */,
				AB0000000000000000000911 /* ConnectedInsightsTests.swift */,
				AB0000000000000000000101 /* DomainTests.swift */,
			);
			path = PackTagsTests;
			sourceTree = "<group>";
		};
		02FD6CB326D8178800AB16E4 /* AppStoreRating */ = {
			isa = PBXGroup;
			children = (
				02FD6CB126D8008400AB16E4 /* ReviewPromptPolicy.swift */,
				AB0000000000000000010051 /* ReviewPromptStore.swift */,
			);
			path = AppStoreRating;
			sourceTree = "<group>";
		};
		AB000000000000000000020B /* Hashtags */ = {
			isa = PBXGroup;
			children = (
				AB00000000000000000000F7 /* HashtagParser.swift */,
				AB00000000000000000000F1 /* TagPackFormatter.swift */,
				AB00000000000000000000F3 /* TagDeduplicator.swift */,
			);
			path = Hashtags;
			sourceTree = "<group>";
		};
		AB00000000000000000000D0 /* Domain */ = {
			isa = PBXGroup;
			children = (
				AB000000000000000000020B /* Hashtags */,
				0207BB912FD4ABDA0007F3D3 /* ThemeRepositoryProtocol.swift */,
			);
			path = Domain;
			sourceTree = "<group>";
		};
		AB0000000000000000000201 /* Model */ = {
			isa = PBXGroup;
			children = (
				02E4B9DE25CF66F500949213 /* ThemeEntity.swift */,
				02E4B9DF25CF66F500949213 /* ThemeEntity+CoreDataProperties.swift */,
				02FB551224FFA2AA00174E34 /* PackTags.xcdatamodeld */,
				02FDEDCB290304E200B9BCFD /* SmartTags.xcdatamodeld */,
			);
			path = Model;
			sourceTree = "<group>";
		};
		AB0000000000000000000202 /* App */ = {
			isa = PBXGroup;
			children = (
				02FB550924FFA2AA00174E34 /* AppDelegate.swift */,
				0281B9842879CDC600344D3E /* AppDelegate+Seed.swift */,
				02FB550B24FFA2AA00174E34 /* SceneDelegate.swift */,
				0207BB862FD3736C0007F3D3 /* AppCoordinator.swift */,
				0207BB962FD4ABDB0007F3D3 /* AppDependencies.swift */,
			);
			path = App;
			sourceTree = "<group>";
		};
		AB0000000000000000000203 /* DesignSystem */ = {
			isa = PBXGroup;
			children = (
				AB0000000000000000000204 /* Components */,
				AB0000000000000000000208 /* Views */,
				0281B98F287A344C00344D3E /* NavigationBar */,
				0247E585257FEFB900C65245 /* UITraitCollection+DarkMode.swift */,
				AB0000000000000000010281 /* LinearGradient+Init.swift */,
				AB0000000000000000010271 /* Color+AppColors.swift */,
				02491C682680883700F98E17 /* UIColor+AppColors.swift */,
				020584D0284D6F8100020FB8 /* UIView+RoundedCorners.swift */,
				020584D4284D715D00020FB8 /* UIView+BlurView.swift */,
				AB0000000000000000010501 /* UIViewController+ModalCloseButton.swift */,
			);
			path = DesignSystem;
			sourceTree = "<group>";
		};
		AB0000000000000000000204 /* Components */ = {
			isa = PBXGroup;
			children = (
				029122852B8B3FA5007EB7ED /* FloatingButtonFactory.swift */,
			);
			path = Components;
			sourceTree = "<group>";
		};
		AB0000000000000000000205 /* Notebook */ = {
			isa = PBXGroup;
			children = (
				02A4235B2844002600A25067 /* ThemeList */,
				02A4235C2844007200A25067 /* PackList */,
				02A4235D284400FC00A25067 /* ThemeEditor */,
			);
			path = Notebook;
			sourceTree = "<group>";
		};
		AB0000000000000000000207 /* Services */ = {
			isa = PBXGroup;
			children = (
				0207BBC32FD5B0000007F3D3 /* FacebookSessionService.swift */,
				AB0000000000000000010031 /* UnavailableConnectedInsightsGateway.swift */,
				AB0000000000000000000913 /* AppTrackingAuthorizer.swift */,
				AB0000000000000000000301 /* FacebookAccessTokenProvider.swift */,
			);
			path = Services;
			sourceTree = "<group>";
		};
		AB0000000000000000000208 /* Views */ = {
			isa = PBXGroup;
			children = (
				023D2B962A4D085E006E2D35 /* LoadingView.swift */,
				023D2B982A4D0A5E006E2D35 /* OfflineView.swift */,
				02211DD32FD75F76002FDB14 /* ActivityIndicatorView.swift */,
				AB0000000000000000010241 /* RotatingDotsIndicatorView.swift */,
				AB0000000000000000010251 /* RotatingDotsIndicatorItemView.swift */,
				AB0000000000000000010261 /* VisualEffectBlurView.swift */,
			);
			path = Views;
			sourceTree = "<group>";
		};
		AB0000000000000000000601 /* View */ = {
			isa = PBXGroup;
			children = (
				02E451B0265D5B4600582025 /* FacebookLoginView.swift */,
				AB0000000000000000000915 /* FacebookLoginButton.swift */,
				02491C5826779A4900F98E17 /* SetupInfoView.swift */,
			);
			path = View;
			sourceTree = "<group>";
		};
		AB0000000000000000000602 /* ViewModel */ = {
			isa = PBXGroup;
			children = (
				02AD94B229AC080100D893E5 /* FacebookLoginViewModel.swift */,
			);
			path = ViewModel;
			sourceTree = "<group>";
		};
		AB0000000000000000000603 /* Model */ = {
			isa = PBXGroup;
			children = (
				02AD94B029AC078E00D893E5 /* FacebookToken.swift */,
			);
			path = Model;
			sourceTree = "<group>";
		};
		AB00000000000000000103A0 /* Model */ = {
			isa = PBXGroup;
			children = (
				AB0000000000000000010311 /* SettingsSectionModel.swift */,
				AB0000000000000000010321 /* SettingsOptionType.swift */,
				AB0000000000000000010331 /* SettingsOptionModel.swift */,
				AB0000000000000000010341 /* SettingsSwitchOptionModel.swift */,
			);
			path = Model;
			sourceTree = "<group>";
		};
		AB00000000000000000103B0 /* Services */ = {
			isa = PBXGroup;
			children = (
				AB0000000000000000000909 /* ThemeImagePicker.swift */,
				02211DD52FD75F76002FDB14 /* TextRecognizer.swift */,
			);
			path = Services;
			sourceTree = "<group>";
		};
		AB00000000000000000103C0 /* View */ = {
			isa = PBXGroup;
			children = (
				029FDDC0264E75600063DF1D /* OnboardingViewController.swift */,
			);
			path = View;
			sourceTree = "<group>";
		};
		AB0000000000000000010600 /* Services */ = {
			isa = PBXGroup;
			children = (
				026D16D52A3E474500228DEA /* ProfileDataTransformer.swift */,
			);
			path = Services;
			sourceTree = "<group>";
		};
/* End PBXGroup section */

/* Begin PBXNativeTarget section */
		02FB550524FFA2AA00174E34 /* PackTags */ = {
			isa = PBXNativeTarget;
			buildConfigurationList = 02FB552824FFA2AC00174E34 /* Build configuration list for PBXNativeTarget "PackTags" */;
			buildPhases = (
				02FB550224FFA2AA00174E34 /* Sources */,
				02FB550324FFA2AA00174E34 /* Frameworks */,
				02FB550424FFA2AA00174E34 /* Resources */,
			);
			buildRules = (
			);
			dependencies = (
			);
			name = PackTags;
			packageProductDependencies = (
				02FE9EC928DF5BF000193A15 /* FacebookCore */,
				02FE9ECB28DF5BF000193A15 /* FacebookLogin */,
				0207BBBC2FD6B08E0007F3D3 /* InstagramGraph */,
				02211DCF2FD7074D002FDB14 /* InstagramGraph */,
				AB0000000000000000001002 /* TapTagKit */,
				AB0000000000000000001009 /* TableViewControllerCoverKit */,
				AB0000000000000000002002 /* NeumorphicUIKit */,
				AB0000000000000000002012 /* NeumorphicSwiftUI */,
			);
			productName = PackTags;
			productReference = 02FB550624FFA2AA00174E34 /* PackTags.app */;
			productType = "com.apple.product-type.application";
		};
		02FB551E24FFA2AC00174E34 /* PackTagsTests */ = {
			isa = PBXNativeTarget;
			buildConfigurationList = 02FB552B24FFA2AC00174E34 /* Build configuration list for PBXNativeTarget "PackTagsTests" */;
			buildPhases = (
				02FB551B24FFA2AC00174E34 /* Sources */,
				02FB551C24FFA2AC00174E34 /* Frameworks */,
				02FB551D24FFA2AC00174E34 /* Resources */,
			);
			buildRules = (
			);
			dependencies = (
				02FB552124FFA2AC00174E34 /* PBXTargetDependency */,
			);
			name = PackTagsTests;
			productName = PackTagsTests;
			productReference = 02FB551F24FFA2AC00174E34 /* PackTagsTests.xctest */;
			productType = "com.apple.product-type.bundle.unit-test";
		};
/* End PBXNativeTarget section */

/* Begin PBXProject section */
		02FB54FE24FFA2AA00174E34 /* Project object */ = {
			isa = PBXProject;
			attributes = {
				BuildIndependentTargetsInParallel = YES;
				LastSwiftUpdateCheck = 1130;
				LastUpgradeCheck = 2650;
				ORGANIZATIONNAME = "Alexandre Bevilacqua";
				TargetAttributes = {
					02FB550524FFA2AA00174E34 = {
						CreatedOnToolsVersion = 11.3.1;
					};
					02FB551E24FFA2AC00174E34 = {
						CreatedOnToolsVersion = 11.3.1;
						TestTargetID = 02FB550524FFA2AA00174E34;
					};
				};
			};
			buildConfigurationList = 02FB550124FFA2AA00174E34 /* Build configuration list for PBXProject "PackTags" */;
			compatibilityVersion = "Xcode 9.3";
			developmentRegion = en;
			hasScannedForEncodings = 0;
			knownRegions = (
				en,
				Base,
				fr,
			);
			mainGroup = 02FB54FD24FFA2AA00174E34;
			packageReferences = (
				02FE9EC828DF5BF000193A15 /* XCRemoteSwiftPackageReference "facebook-ios-sdk" */,
				02211DCE2FD7074D002FDB14 /* XCRemoteSwiftPackageReference "InstagramGraph" */,
				AB0000000000000000001001 /* XCRemoteSwiftPackageReference "TapTagKit" */,
				AB0000000000000000001008 /* XCRemoteSwiftPackageReference "TableViewControllerCoverKit" */,
				AB0000000000000000002001 /* XCRemoteSwiftPackageReference "NeumorphicUIKit" */,
				AB0000000000000000002011 /* XCRemoteSwiftPackageReference "NeumorphicSwiftUI" */,
			);
			productRefGroup = 02FB550724FFA2AA00174E34 /* Products */;
			projectDirPath = "";
			projectRoot = "";
			targets = (
				02FB550524FFA2AA00174E34 /* PackTags */,
				02FB551E24FFA2AC00174E34 /* PackTagsTests */,
			);
		};
/* End PBXProject section */

/* Begin PBXResourcesBuildPhase section */
		02FB550424FFA2AA00174E34 /* Resources */ = {
			isa = PBXResourcesBuildPhase;
			buildActionMask = 2147483647;
			files = (
				021EB81828846FDE00463B42 /* Localizable.strings in Resources */,
				AB0000000000000000000922 /* InfoPlist.strings in Resources */,
				025479DF26C7EEA000E28724 /* SeedData in Resources */,
				02FB551924FFA2AC00174E34 /* LaunchScreen.storyboard in Resources */,
				02FB551624FFA2AC00174E34 /* Assets.xcassets in Resources */,
				AB0000000000000000003002 /* PrivacyInfo.xcprivacy in Resources */,
			);
			runOnlyForDeploymentPostprocessing = 0;
		};
		02FB551D24FFA2AC00174E34 /* Resources */ = {
			isa = PBXResourcesBuildPhase;
			buildActionMask = 2147483647;
			files = (
				02FBAFF125A93EBD00E32D73 /* Assets.xcassets in Resources */,
			);
			runOnlyForDeploymentPostprocessing = 0;
		};
/* End PBXResourcesBuildPhase section */

/* Begin PBXSourcesBuildPhase section */
		02FB550224FFA2AA00174E34 /* Sources */ = {
			isa = PBXSourcesBuildPhase;
			buildActionMask = 2147483647;
			files = (
				0207BBAE2FD564080007F3D3 /* ThemeListViewModel.swift in Sources */,
				023D2B992A4D0A5E006E2D35 /* OfflineView.swift in Sources */,
				02F89B2B29743FE4008F363D /* SmartGHeaderView.swift in Sources */,
				0207BB872FD3736C0007F3D3 /* AppCoordinator.swift in Sources */,
				02FA30772A004254006A48CC /* StoryCardCarouselView.swift in Sources */,
				02E4B9E125CF66F500949213 /* ThemeEntity+CoreDataProperties.swift in Sources */,
				02B0D74F2A48B74600EF1500 /* BarChartArrowsView.swift in Sources */,
				0226F19E259EABB4006E086C /* PackListViewController.swift in Sources */,
				02211DD62FD75F76002FDB14 /* TextRecognizer.swift in Sources */,
				02998A662B44104800B70516 /* CircleGaugeModel.swift in Sources */,
				02FA30752A004145006A48CC /* FloatingListView.swift in Sources */,
				02FD6CB226D8008400AB16E4 /* ReviewPromptPolicy.swift in Sources */,
				AB0000000000000000010052 /* ReviewPromptStore.swift in Sources */,
				02D066C0296B606F00536E3A /* RoundedShape.swift in Sources */,
				023D2B942A48EC60006E2D35 /* CirclesView.swift in Sources */,
				022688932624F9B1007DBD98 /* ThemeCell.swift in Sources */,
				02FB550A24FFA2AA00174E34 /* AppDelegate.swift in Sources */,
				0226F19C259EAB93006E086C /* PackCell.swift in Sources */,
				021D7620275A99D500F54054 /* TransformedProfileModel.swift in Sources */,
				021D76172759A00D00F54054 /* SmartGView.swift in Sources */,
				0229864227BD9CBA0048F9E9 /* SmartGModel.swift in Sources */,
				029122842B8AAF56007EB7ED /* SmartGErrorStateView.swift in Sources */,
				02B0D74D2A48B73700EF1500 /* BarChartView.swift in Sources */,
				02CEFB6D25CB945000FB70E4 /* UIImage+Treatment.swift in Sources */,
				02AD94B129AC078E00D893E5 /* FacebookToken.swift in Sources */,
				0207BBC42FD5B0000007F3D3 /* FacebookSessionService.swift in Sources */,
				AB0000000000000000010032 /* UnavailableConnectedInsightsGateway.swift in Sources */,
				AB0000000000000000000914 /* AppTrackingAuthorizer.swift in Sources */,
				AB0000000000000000000302 /* FacebookAccessTokenProvider.swift in Sources */,
				0281B97A2879877C00344D3E /* UIViewController+NavigationBarDimensions.swift in Sources */,
				0247E586257FEFB900C65245 /* UITraitCollection+DarkMode.swift in Sources */,
				AB0000000000000000010282 /* LinearGradient+Init.swift in Sources */,
				AB0000000000000000010272 /* Color+AppColors.swift in Sources */,
				0207BB892FD3736C0007F3D3 /* NotebookCoordinator.swift in Sources */,
				AB0000000000000000010022 /* ConnectedInsightsDestination.swift in Sources */,
				AB0000000000000000010012 /* ConnectedInsightsProtocol.swift in Sources */,
				AB0000000000000000006002 /* SettingsCoordinator.swift in Sources */,
				AB0000000000000000007002 /* OnboardingCoordinator.swift in Sources */,
				026472AC2693AFB3008BCFE5 /* NetworkMonitor.swift in Sources */,
				0207BB852FD3736C0007F3D3 /* CoordinatorProtocol.swift in Sources */,
				02FAE29F260A9BA900324724 /* SettingsCell.swift in Sources */,
				02F89B272974306F008F363D /* StoryCardView.swift in Sources */,
				02FB550C24FFA2AA00174E34 /* SceneDelegate.swift in Sources */,
				02AD94AF29A9820400D893E5 /* SubTransformedProfileModel.swift in Sources */,
				021044F626446AEF00408CEB /* MetricFormatter.swift in Sources */,
				AB00000000000000000000A2 /* AppLogger.swift in Sources */,
				AB00000000000000000000C2 /* SettingsKey.swift in Sources */,
				02FAE2A5260AC79C00324724 /* SettingsSwitchCell.swift in Sources */,
				02BC8D592602B79900441349 /* SettingsViewController.swift in Sources */,
				AB0000000000000000005002 /* SettingsViewModel.swift in Sources */,
				AB0000000000000000005102 /* SettingsNavigation.swift in Sources */,
				02FDEDCD290304E200B9BCFD /* SmartTags.xcdatamodeld in Sources */,
				020584D5284D715D00020FB8 /* UIView+BlurView.swift in Sources */,
				02491C5926779A4900F98E17 /* SetupInfoView.swift in Sources */,
				020584D1284D6F8100020FB8 /* UIView+RoundedCorners.swift in Sources */,
				0207BBB12FD564090007F3D3 /* PackListViewModel.swift in Sources */,
				0207BB922FD4ABDA0007F3D3 /* ThemeRepositoryProtocol.swift in Sources */,
				02FBAFE525A93C6100E32D73 /* AnalyticsView.swift in Sources */,
				02F89B2929743EF9008F363D /* SmartGContainerView.swift in Sources */,
				0207BBB62FD56F320007F3D3 /* ConnectedInsightsCoordinator.swift in Sources */,
				AB0000000000000000000918 /* FacebookLoginCoordinator.swift in Sources */,
				0234E7BB287ADE8E00D7A2AF /* ThemeNavigationController.swift in Sources */,
				02D709D92A59940E0009F7C3 /* SmartGSavedTagsView.swift in Sources */,
				AB0000000000000000000908 /* KeyboardFindButton.swift in Sources */,
				AB0000000000000000000910 /* ThemeImagePicker.swift in Sources */,
				02491C692680883800F98E17 /* UIColor+AppColors.swift in Sources */,
				020621572666DBCC0072C404 /* BarChartPostModel.swift in Sources */,
				AB0000000000000000010302 /* AnalyticsMetric.swift in Sources */,
				02D066BE296B4B5000536E3A /* AnalyticsOverviewModel.swift in Sources */,
				0281B9882879D60700344D3E /* UINavigationBar+Shadow.swift in Sources */,
				023D2B972A4D085E006E2D35 /* LoadingView.swift in Sources */,
				02FA307A2A004441006A48CC /* TagView.swift in Sources */,
				0281B98B287A007200344D3E /* UIViewController+NavBarAppearance.swift in Sources */,
				02E451B1265D5B4600582025 /* FacebookLoginView.swift in Sources */,
				AB0000000000000000000916 /* FacebookLoginButton.swift in Sources */,
				0264B817264A7CE900E1EEFA /* AnalyticsViewModel.swift in Sources */,
				0207BB972FD4ABDB0007F3D3 /* AppDependencies.swift in Sources */,
				AB00000000000000000000E2 /* UserDefaultsAppSettings.swift in Sources */,
				AB00000000000000000000F2 /* TagPackFormatter.swift in Sources */,
				AB00000000000000000000F4 /* TagDeduplicator.swift in Sources */,
				AB00000000000000000000F8 /* HashtagParser.swift in Sources */,
				0281B9852879CDC600344D3E /* AppDelegate+Seed.swift in Sources */,
				02AD94B329AC080100D893E5 /* FacebookLoginViewModel.swift in Sources */,
				021AFD5C278A1BE40008735E /* AlertPresenter.swift in Sources */,
				AB0000000000000000010352 /* SettingsActions.swift in Sources */,
				AB0000000000000000010342 /* SettingsSwitchOptionModel.swift in Sources */,
				AB0000000000000000010332 /* SettingsOptionModel.swift in Sources */,
				AB0000000000000000010322 /* SettingsOptionType.swift in Sources */,
				AB0000000000000000010312 /* SettingsSectionModel.swift in Sources */,
				AB0000000000000000010292 /* ClosureTapGestureRecognizer.swift in Sources */,
				02CAC9B7259105B400BE5E57 /* ThemeEditorViewController.swift in Sources */,
				02B104A727697B6C00C9EC6C /* SmartGViewModel.swift in Sources */,
				02FA30812A004C7D006A48CC /* InteractionBarView.swift in Sources */,
				02FA30732A00405D006A48CC /* StoryCardLabelView.swift in Sources */,
				026D16DC2A3E474500228DEA /* ProfileDataTransformer.swift in Sources */,
				02FB552F24FFA78B00174E34 /* ThemeListViewController.swift in Sources */,
				AB0000000000000000004002 /* ThemeListNavigation.swift in Sources */,
				02F89B2429729993008F363D /* SmartGSavedTagsCell.swift in Sources */,
				02385E082A64430E0050FFDE /* ExternalLinkOpener.swift in Sources */,
				029122862B8B3FA5007EB7ED /* FloatingButtonFactory.swift in Sources */,
				AB0000000000000000008002 /* UITableView+Reusable.swift in Sources */,
				AB0000000000000000010042 /* ReusableCellProtocol.swift in Sources */,
				029FDDC1264E75600063DF1D /* OnboardingViewController.swift in Sources */,
				02FB551424FFA2AA00174E34 /* PackTags.xcdatamodeld in Sources */,
				02E4B9E025CF66F500949213 /* ThemeEntity.swift in Sources */,
				0296306E2614A785000CF4E9 /* QuantityPickerViewController.swift in Sources */,
				02B0D72B2A44B2E700EF1500 /* MonoCircleView.swift in Sources */,
				0207BB942FD4ABDB0007F3D3 /* CoreDataThemeRepository.swift in Sources */,
				AB00000000000000000000B2 /* PersistenceController.swift in Sources */,
				021EB81428846AD100463B42 /* String+Localized.swift in Sources */,
				02998A682B4611B100B70516 /* BarChartItemView.swift in Sources */,
				02211DD42FD75F76002FDB14 /* ActivityIndicatorView.swift in Sources */,
				AB0000000000000000010502 /* UIViewController+ModalCloseButton.swift in Sources */,
				AB0000000000000000010262 /* VisualEffectBlurView.swift in Sources */,
				AB0000000000000000010252 /* RotatingDotsIndicatorItemView.swift in Sources */,
				AB0000000000000000010242 /* RotatingDotsIndicatorView.swift in Sources */,
				0207BBB42FD5640A0007F3D3 /* ThemeEditorViewModel.swift in Sources */,
			);
			runOnlyForDeploymentPostprocessing = 0;
		};
		02FB551B24FFA2AC00174E34 /* Sources */ = {
			isa = PBXSourcesBuildPhase;
			buildActionMask = 2147483647;
			files = (
				0207BB8B2FD45A0C0007F3D3 /* CoordinatorTests.swift in Sources */,
				AB00000000000000000000D2 /* DataLayerTests.swift in Sources */,
				AB0000000000000000000912 /* ConnectedInsightsTests.swift in Sources */,
				AB0000000000000000000102 /* DomainTests.swift in Sources */,
				02FBAFE825A93E8400E32D73 /* PackTagsTests.swift in Sources */,
			);
			runOnlyForDeploymentPostprocessing = 0;
		};
/* End PBXSourcesBuildPhase section */

/* Begin PBXTargetDependency section */
		02FB552124FFA2AC00174E34 /* PBXTargetDependency */ = {
			isa = PBXTargetDependency;
			target = 02FB550524FFA2AA00174E34 /* PackTags */;
			targetProxy = 02FB552024FFA2AC00174E34 /* PBXContainerItemProxy */;
		};
/* End PBXTargetDependency section */

/* Begin PBXVariantGroup section */
		021EB81A28846FDE00463B42 /* Localizable.strings */ = {
			isa = PBXVariantGroup;
			children = (
				021EB81928846FDE00463B42 /* en */,
				021EB81B28846FEE00463B42 /* fr */,
			);
			name = Localizable.strings;
			sourceTree = "<group>";
		};
		02FB551724FFA2AC00174E34 /* LaunchScreen.storyboard */ = {
			isa = PBXVariantGroup;
			children = (
				02FB551824FFA2AC00174E34 /* Base */,
			);
			name = LaunchScreen.storyboard;
			sourceTree = "<group>";
		};
		AB0000000000000000000921 /* InfoPlist.strings */ = {
			isa = PBXVariantGroup;
			children = (
				AB0000000000000000000919 /* en */,
				AB0000000000000000000920 /* fr */,
			);
			name = InfoPlist.strings;
			sourceTree = "<group>";
		};
/* End PBXVariantGroup section */

/* Begin XCBuildConfiguration section */
		02FB552624FFA2AC00174E34 /* Debug */ = {
			isa = XCBuildConfiguration;
			buildSettings = {
				ALWAYS_SEARCH_USER_PATHS = NO;
				ASSETCATALOG_COMPILER_GENERATE_SWIFT_ASSET_SYMBOL_EXTENSIONS = YES;
				CLANG_ANALYZER_LOCALIZABILITY_NONLOCALIZED = YES;
				CLANG_ANALYZER_NONNULL = YES;
				CLANG_ANALYZER_NUMBER_OBJECT_CONVERSION = YES_AGGRESSIVE;
				CLANG_CXX_LANGUAGE_STANDARD = "gnu++14";
				CLANG_CXX_LIBRARY = "libc++";
				CLANG_ENABLE_MODULES = YES;
				CLANG_ENABLE_OBJC_ARC = YES;
				CLANG_ENABLE_OBJC_WEAK = YES;
				CLANG_WARN_BLOCK_CAPTURE_AUTORELEASING = YES;
				CLANG_WARN_BOOL_CONVERSION = YES;
				CLANG_WARN_COMMA = YES;
				CLANG_WARN_CONSTANT_CONVERSION = YES;
				CLANG_WARN_DEPRECATED_OBJC_IMPLEMENTATIONS = YES;
				CLANG_WARN_DIRECT_OBJC_ISA_USAGE = YES_ERROR;
				CLANG_WARN_DOCUMENTATION_COMMENTS = YES;
				CLANG_WARN_EMPTY_BODY = YES;
				CLANG_WARN_ENUM_CONVERSION = YES;
				CLANG_WARN_INFINITE_RECURSION = YES;
				CLANG_WARN_INT_CONVERSION = YES;
				CLANG_WARN_NON_LITERAL_NULL_CONVERSION = YES;
				CLANG_WARN_OBJC_IMPLICIT_RETAIN_SELF = YES;
				CLANG_WARN_OBJC_LITERAL_CONVERSION = YES;
				CLANG_WARN_OBJC_ROOT_CLASS = YES_ERROR;
				CLANG_WARN_QUOTED_INCLUDE_IN_FRAMEWORK_HEADER = YES;
				CLANG_WARN_RANGE_LOOP_ANALYSIS = YES;
				CLANG_WARN_STRICT_PROTOTYPES = YES;
				CLANG_WARN_SUSPICIOUS_MOVE = YES;
				CLANG_WARN_UNGUARDED_AVAILABILITY = YES_AGGRESSIVE;
				CLANG_WARN_UNREACHABLE_CODE = YES;
				CLANG_WARN__DUPLICATE_METHOD_MATCH = YES;
				COPY_PHASE_STRIP = NO;
				DEBUG_INFORMATION_FORMAT = dwarf;
				DEVELOPMENT_TEAM = ANNM3BXP39;
				ENABLE_STRICT_OBJC_MSGSEND = YES;
				ENABLE_TESTABILITY = YES;
				ENABLE_USER_SCRIPT_SANDBOXING = YES;
				GCC_C_LANGUAGE_STANDARD = gnu11;
				GCC_DYNAMIC_NO_PIC = NO;
				GCC_NO_COMMON_BLOCKS = YES;
				GCC_OPTIMIZATION_LEVEL = 0;
				GCC_PREPROCESSOR_DEFINITIONS = (
					"DEBUG=1",
					"$(inherited)",
				);
				GCC_WARN_64_TO_32_BIT_CONVERSION = YES;
				GCC_WARN_ABOUT_RETURN_TYPE = YES_ERROR;
				GCC_WARN_UNDECLARED_SELECTOR = YES;
				GCC_WARN_UNINITIALIZED_AUTOS = YES_AGGRESSIVE;
				GCC_WARN_UNUSED_FUNCTION = YES;
				GCC_WARN_UNUSED_VARIABLE = YES;
				IPHONEOS_DEPLOYMENT_TARGET = 17.0;
				MTL_ENABLE_DEBUG_INFO = INCLUDE_SOURCE;
				MTL_FAST_MATH = YES;
				ONLY_ACTIVE_ARCH = YES;
				SDKROOT = iphoneos;
				STRING_CATALOG_GENERATE_SYMBOLS = YES;
				SWIFT_ACTIVE_COMPILATION_CONDITIONS = DEBUG;
				SWIFT_OPTIMIZATION_LEVEL = "-Onone";
			};
			name = Debug;
		};
		02FB552724FFA2AC00174E34 /* Release */ = {
			isa = XCBuildConfiguration;
			buildSettings = {
				ALWAYS_SEARCH_USER_PATHS = NO;
				ASSETCATALOG_COMPILER_GENERATE_SWIFT_ASSET_SYMBOL_EXTENSIONS = YES;
				CLANG_ANALYZER_LOCALIZABILITY_NONLOCALIZED = YES;
				CLANG_ANALYZER_NONNULL = YES;
				CLANG_ANALYZER_NUMBER_OBJECT_CONVERSION = YES_AGGRESSIVE;
				CLANG_CXX_LANGUAGE_STANDARD = "gnu++14";
				CLANG_CXX_LIBRARY = "libc++";
				CLANG_ENABLE_MODULES = YES;
				CLANG_ENABLE_OBJC_ARC = YES;
				CLANG_ENABLE_OBJC_WEAK = YES;
				CLANG_WARN_BLOCK_CAPTURE_AUTORELEASING = YES;
				CLANG_WARN_BOOL_CONVERSION = YES;
				CLANG_WARN_COMMA = YES;
				CLANG_WARN_CONSTANT_CONVERSION = YES;
				CLANG_WARN_DEPRECATED_OBJC_IMPLEMENTATIONS = YES;
				CLANG_WARN_DIRECT_OBJC_ISA_USAGE = YES_ERROR;
				CLANG_WARN_DOCUMENTATION_COMMENTS = YES;
				CLANG_WARN_EMPTY_BODY = YES;
				CLANG_WARN_ENUM_CONVERSION = YES;
				CLANG_WARN_INFINITE_RECURSION = YES;
				CLANG_WARN_INT_CONVERSION = YES;
				CLANG_WARN_NON_LITERAL_NULL_CONVERSION = YES;
				CLANG_WARN_OBJC_IMPLICIT_RETAIN_SELF = YES;
				CLANG_WARN_OBJC_LITERAL_CONVERSION = YES;
				CLANG_WARN_OBJC_ROOT_CLASS = YES_ERROR;
				CLANG_WARN_QUOTED_INCLUDE_IN_FRAMEWORK_HEADER = YES;
				CLANG_WARN_RANGE_LOOP_ANALYSIS = YES;
				CLANG_WARN_STRICT_PROTOTYPES = YES;
				CLANG_WARN_SUSPICIOUS_MOVE = YES;
				CLANG_WARN_UNGUARDED_AVAILABILITY = YES_AGGRESSIVE;
				CLANG_WARN_UNREACHABLE_CODE = YES;
				CLANG_WARN__DUPLICATE_METHOD_MATCH = YES;
				COPY_PHASE_STRIP = NO;
				DEBUG_INFORMATION_FORMAT = "dwarf-with-dsym";
				DEVELOPMENT_TEAM = ANNM3BXP39;
				ENABLE_NS_ASSERTIONS = NO;
				ENABLE_STRICT_OBJC_MSGSEND = YES;
				ENABLE_USER_SCRIPT_SANDBOXING = YES;
				GCC_C_LANGUAGE_STANDARD = gnu11;
				GCC_NO_COMMON_BLOCKS = YES;
				GCC_WARN_64_TO_32_BIT_CONVERSION = YES;
				GCC_WARN_ABOUT_RETURN_TYPE = YES_ERROR;
				GCC_WARN_UNDECLARED_SELECTOR = YES;
				GCC_WARN_UNINITIALIZED_AUTOS = YES_AGGRESSIVE;
				GCC_WARN_UNUSED_FUNCTION = YES;
				GCC_WARN_UNUSED_VARIABLE = YES;
				IPHONEOS_DEPLOYMENT_TARGET = 17.0;
				MTL_ENABLE_DEBUG_INFO = NO;
				MTL_FAST_MATH = YES;
				ONLY_ACTIVE_ARCH = NO;
				SDKROOT = iphoneos;
				STRING_CATALOG_GENERATE_SYMBOLS = YES;
				SWIFT_COMPILATION_MODE = wholemodule;
				SWIFT_OPTIMIZATION_LEVEL = "-O";
				VALIDATE_PRODUCT = YES;
			};
			name = Release;
		};
		02FB552924FFA2AC00174E34 /* Debug */ = {
			isa = XCBuildConfiguration;
			baseConfigurationReference = AB0000000000000000009001 /* Secrets.xcconfig */;
			buildSettings = {
				ASSETCATALOG_COMPILER_APPICON_NAME = AppIcon;
				CODE_SIGN_IDENTITY = "Apple Development";
				CODE_SIGN_STYLE = Automatic;
				CURRENT_PROJECT_VERSION = 4;
				INFOPLIST_FILE = PackTags/Info.plist;
				IPHONEOS_DEPLOYMENT_TARGET = 17.0;
				LD_RUNPATH_SEARCH_PATHS = (
					"$(inherited)",
					"@executable_path/Frameworks",
				);
				MARKETING_VERSION = 1.1.6;
				PRODUCT_BUNDLE_IDENTIFIER = com.PackTags.Nordkapp;
				PRODUCT_NAME = "$(TARGET_NAME)";
				PROVISIONING_PROFILE_SPECIFIER = "";
				SWIFT_STRICT_CONCURRENCY = complete;
				SWIFT_VERSION = 5.0;
				TARGETED_DEVICE_FAMILY = "1,2";
			};
			name = Debug;
		};
		02FB552A24FFA2AC00174E34 /* Release */ = {
			isa = XCBuildConfiguration;
			baseConfigurationReference = AB0000000000000000009001 /* Secrets.xcconfig */;
			buildSettings = {
				ASSETCATALOG_COMPILER_APPICON_NAME = AppIcon;
				CODE_SIGN_IDENTITY = "Apple Development";
				CODE_SIGN_STYLE = Automatic;
				CURRENT_PROJECT_VERSION = 4;
				INFOPLIST_FILE = PackTags/Info.plist;
				IPHONEOS_DEPLOYMENT_TARGET = 17.0;
				LD_RUNPATH_SEARCH_PATHS = (
					"$(inherited)",
					"@executable_path/Frameworks",
				);
				MARKETING_VERSION = 1.1.6;
				PRODUCT_BUNDLE_IDENTIFIER = com.PackTags.Nordkapp;
				PRODUCT_NAME = "$(TARGET_NAME)";
				PROVISIONING_PROFILE_SPECIFIER = "";
				SWIFT_STRICT_CONCURRENCY = complete;
				SWIFT_VERSION = 5.0;
				TARGETED_DEVICE_FAMILY = "1,2";
			};
			name = Release;
		};
		02FB552C24FFA2AC00174E34 /* Debug */ = {
			isa = XCBuildConfiguration;
			buildSettings = {
				BUNDLE_LOADER = "$(TEST_HOST)";
				CODE_SIGN_STYLE = Automatic;
				INFOPLIST_FILE = PackTagsTests/Info.plist;
				IPHONEOS_DEPLOYMENT_TARGET = 17.0;
				LD_RUNPATH_SEARCH_PATHS = (
					"$(inherited)",
					"@executable_path/Frameworks",
					"@loader_path/Frameworks",
				);
				PRODUCT_BUNDLE_IDENTIFIER = com.PackTagsTests;
				PRODUCT_NAME = "$(TARGET_NAME)";
				SWIFT_STRICT_CONCURRENCY = complete;
				SWIFT_VERSION = 5.0;
				TARGETED_DEVICE_FAMILY = "1,2";
				TEST_HOST = "$(BUILT_PRODUCTS_DIR)/PackTags.app/PackTags";
			};
			name = Debug;
		};
		02FB552D24FFA2AC00174E34 /* Release */ = {
			isa = XCBuildConfiguration;
			buildSettings = {
				BUNDLE_LOADER = "$(TEST_HOST)";
				CODE_SIGN_STYLE = Automatic;
				INFOPLIST_FILE = PackTagsTests/Info.plist;
				IPHONEOS_DEPLOYMENT_TARGET = 17.0;
				LD_RUNPATH_SEARCH_PATHS = (
					"$(inherited)",
					"@executable_path/Frameworks",
					"@loader_path/Frameworks",
				);
				PRODUCT_BUNDLE_IDENTIFIER = com.PackTagsTests;
				PRODUCT_NAME = "$(TARGET_NAME)";
				SWIFT_STRICT_CONCURRENCY = complete;
				SWIFT_VERSION = 5.0;
				TARGETED_DEVICE_FAMILY = "1,2";
				TEST_HOST = "$(BUILT_PRODUCTS_DIR)/PackTags.app/PackTags";
			};
			name = Release;
		};
/* End XCBuildConfiguration section */

/* Begin XCConfigurationList section */
		02FB550124FFA2AA00174E34 /* Build configuration list for PBXProject "PackTags" */ = {
			isa = XCConfigurationList;
			buildConfigurations = (
				02FB552624FFA2AC00174E34 /* Debug */,
				02FB552724FFA2AC00174E34 /* Release */,
			);
			defaultConfigurationIsVisible = 0;
			defaultConfigurationName = Release;
		};
		02FB552824FFA2AC00174E34 /* Build configuration list for PBXNativeTarget "PackTags" */ = {
			isa = XCConfigurationList;
			buildConfigurations = (
				02FB552924FFA2AC00174E34 /* Debug */,
				02FB552A24FFA2AC00174E34 /* Release */,
			);
			defaultConfigurationIsVisible = 0;
			defaultConfigurationName = Release;
		};
		02FB552B24FFA2AC00174E34 /* Build configuration list for PBXNativeTarget "PackTagsTests" */ = {
			isa = XCConfigurationList;
			buildConfigurations = (
				02FB552C24FFA2AC00174E34 /* Debug */,
				02FB552D24FFA2AC00174E34 /* Release */,
			);
			defaultConfigurationIsVisible = 0;
			defaultConfigurationName = Release;
		};
/* End XCConfigurationList section */

/* Begin XCRemoteSwiftPackageReference section */
		AB0000000000000000002001 /* XCRemoteSwiftPackageReference "NeumorphicUIKit" */ = {
			isa = XCRemoteSwiftPackageReference;
			repositoryURL = "https://github.com/A-bv/NeumorphicUIKit";
			requirement = {
				kind = upToNextMajorVersion;
				minimumVersion = 2.0.0;
			};
		};
		AB0000000000000000002011 /* XCRemoteSwiftPackageReference "NeumorphicSwiftUI" */ = {
			isa = XCRemoteSwiftPackageReference;
			repositoryURL = "https://github.com/A-bv/NeumorphicSwiftUI";
			requirement = {
				kind = upToNextMajorVersion;
				minimumVersion = 2.0.0;
			};
		};
		02211DCE2FD7074D002FDB14 /* XCRemoteSwiftPackageReference "InstagramGraph" */ = {
			isa = XCRemoteSwiftPackageReference;
			repositoryURL = "https://github.com/A-bv/InstagramGraph";
			requirement = {
				kind = upToNextMajorVersion;
				minimumVersion = 3.0.2;
			};
		};
		02FE9EC828DF5BF000193A15 /* XCRemoteSwiftPackageReference "facebook-ios-sdk" */ = {
			isa = XCRemoteSwiftPackageReference;
			repositoryURL = "https://github.com/facebook/facebook-ios-sdk";
			requirement = {
				kind = upToNextMajorVersion;
				minimumVersion = 18.0.0;
			};
		};
		AB0000000000000000001001 /* XCRemoteSwiftPackageReference "TapTagKit" */ = {
			isa = XCRemoteSwiftPackageReference;
			repositoryURL = "https://github.com/A-bv/TapTagKit";
			requirement = {
				kind = upToNextMajorVersion;
				minimumVersion = 1.1.0;
			};
		};
		AB0000000000000000001008 /* XCRemoteSwiftPackageReference "TableViewControllerCoverKit" */ = {
			isa = XCRemoteSwiftPackageReference;
			repositoryURL = "https://github.com/A-bv/TableViewControllerCoverKit";
			requirement = {
				kind = upToNextMajorVersion;
				minimumVersion = 2.0.0;
			};
		};
/* End XCRemoteSwiftPackageReference section */

/* Begin XCSwiftPackageProductDependency section */
		0207BBBC2FD6B08E0007F3D3 /* InstagramGraph */ = {
			isa = XCSwiftPackageProductDependency;
			productName = InstagramGraph;
		};
		02211DCF2FD7074D002FDB14 /* InstagramGraph */ = {
			isa = XCSwiftPackageProductDependency;
			package = 02211DCE2FD7074D002FDB14 /* XCRemoteSwiftPackageReference "InstagramGraph" */;
			productName = InstagramGraph;
		};
		02FE9EC928DF5BF000193A15 /* FacebookCore */ = {
			isa = XCSwiftPackageProductDependency;
			package = 02FE9EC828DF5BF000193A15 /* XCRemoteSwiftPackageReference "facebook-ios-sdk" */;
			productName = FacebookCore;
		};
		02FE9ECB28DF5BF000193A15 /* FacebookLogin */ = {
			isa = XCSwiftPackageProductDependency;
			package = 02FE9EC828DF5BF000193A15 /* XCRemoteSwiftPackageReference "facebook-ios-sdk" */;
			productName = FacebookLogin;
		};
		AB0000000000000000001002 /* TapTagKit */ = {
			isa = XCSwiftPackageProductDependency;
			package = AB0000000000000000001001 /* XCRemoteSwiftPackageReference "TapTagKit" */;
			productName = TapTagKit;
		};
		AB0000000000000000001009 /* TableViewControllerCoverKit */ = {
			isa = XCSwiftPackageProductDependency;
			package = AB0000000000000000001008 /* XCRemoteSwiftPackageReference "TableViewControllerCoverKit" */;
			productName = TableViewControllerCoverKit;
		};
		AB0000000000000000002002 /* NeumorphicUIKit */ = {
			isa = XCSwiftPackageProductDependency;
			package = AB0000000000000000002001 /* XCRemoteSwiftPackageReference "NeumorphicUIKit" */;
			productName = NeumorphicUIKit;
		};
		AB0000000000000000002012 /* NeumorphicSwiftUI */ = {
			isa = XCSwiftPackageProductDependency;
			package = AB0000000000000000002011 /* XCRemoteSwiftPackageReference "NeumorphicSwiftUI" */;
			productName = NeumorphicSwiftUI;
		};
/* End XCSwiftPackageProductDependency section */

/* Begin XCVersionGroup section */
		02FB551224FFA2AA00174E34 /* PackTags.xcdatamodeld */ = {
			isa = XCVersionGroup;
			children = (
				02FB551324FFA2AA00174E34 /* PackTags.xcdatamodel */,
			);
			currentVersion = 02FB551324FFA2AA00174E34 /* PackTags.xcdatamodel */;
			path = PackTags.xcdatamodeld;
			sourceTree = "<group>";
			versionGroupType = wrapper.xcdatamodel;
		};
		02FDEDCB290304E200B9BCFD /* SmartTags.xcdatamodeld */ = {
			isa = XCVersionGroup;
			children = (
				02FDEDCC290304E200B9BCFD /* SmartTags.xcdatamodel */,
			);
			currentVersion = 02FDEDCC290304E200B9BCFD /* SmartTags.xcdatamodel */;
			path = SmartTags.xcdatamodeld;
			sourceTree = "<group>";
			versionGroupType = wrapper.xcdatamodel;
		};
/* End XCVersionGroup section */
	};
	rootObject = 02FB54FE24FFA2AA00174E34 /* Project object */;
}
