// !$*UTF8*$!
{
	archiveVersion = 1;
	classes = {
	};
	objectVersion = 52;
	objects = {

/* Begin PBXBuildFile section */
		0206214E2663A2AE0072C404 /* JsonModels.swift in Sources */ = {isa = PBXBuildFile; fileRef = 0206214D2663A2AE0072C404 /* JsonModels.swift */; };
		02062153266503490072C404 /* GJs.swift in Sources */ = {isa = PBXBuildFile; fileRef = 02062152266503490072C404 /* GJs.swift */; };
		02062155266550D70072C404 /* PrJs.swift in Sources */ = {isa = PBXBuildFile; fileRef = 02062154266550D70072C404 /* PrJs.swift */; };
		020621572666DBCC0072C404 /* AnModel.swift in Sources */ = {isa = PBXBuildFile; fileRef = 020621562666DBCC0072C404 /* AnModel.swift */; };
		021044F626446AEF00408CEB /* PrJs+Tools.swift in Sources */ = {isa = PBXBuildFile; fileRef = 021044F526446AEF00408CEB /* PrJs+Tools.swift */; };
		0213D9F3275D2F08002A54ED /* GJs+SmartIG.swift in Sources */ = {isa = PBXBuildFile; fileRef = 0213D9F2275D2F08002A54ED /* GJs+SmartIG.swift */; };
		0213D9F5275D2F8A002A54ED /* GJs+Analytics.swift in Sources */ = {isa = PBXBuildFile; fileRef = 0213D9F4275D2F8A002A54ED /* GJs+Analytics.swift */; };
		0216110E25D46C180098CE5E /* TVC+NewMenu.swift in Sources */ = {isa = PBXBuildFile; fileRef = 0216110D25D46C180098CE5E /* TVC+NewMenu.swift */; };
		0216111525D46D9C0098CE5E /* OldMenuCell.swift in Sources */ = {isa = PBXBuildFile; fileRef = 0216111425D46D9C0098CE5E /* OldMenuCell.swift */; };
		0216111B25D46EFA0098CE5E /* TVC+OldMenu_objc.swift in Sources */ = {isa = PBXBuildFile; fileRef = 0216111A25D46EFA0098CE5E /* TVC+OldMenu_objc.swift */; };
		0216112725D6BF050098CE5E /* TapTV+AddToolbar.swift in Sources */ = {isa = PBXBuildFile; fileRef = 0216112625D6BF050098CE5E /* TapTV+AddToolbar.swift */; };
		021AFD5C278A1BE40008735E /* Alerts.swift in Sources */ = {isa = PBXBuildFile; fileRef = 021AFD5B278A1BE40008735E /* Alerts.swift */; };
		021D76172759A00D00F54054 /* SmartGView.swift in Sources */ = {isa = PBXBuildFile; fileRef = 021D76162759A00D00F54054 /* SmartGView.swift */; };
		021D7620275A99D500F54054 /* PrModel_Analytics.swift in Sources */ = {isa = PBXBuildFile; fileRef = 021D761F275A99D500F54054 /* PrModel_Analytics.swift */; };
		021D7624275A9EE900F54054 /* GJs+RefreshRate.swift in Sources */ = {isa = PBXBuildFile; fileRef = 021D7623275A9EE900F54054 /* GJs+RefreshRate.swift */; };
		022479C5250D1ED900E0E489 /* CoreDataHelper.swift in Sources */ = {isa = PBXBuildFile; fileRef = 022479C4250D1ED900E0E489 /* CoreDataHelper.swift */; };
		022688932624F9B1007DBD98 /* ThemeCell.swift in Sources */ = {isa = PBXBuildFile; fileRef = 022688922624F9B1007DBD98 /* ThemeCell.swift */; };
		0226889D2626F332007DBD98 /* Neumorphic.swift in Sources */ = {isa = PBXBuildFile; fileRef = 0226889C2626F332007DBD98 /* Neumorphic.swift */; };
		022688B32628BCCC007DBD98 /* ThemeTVC+Interface.swift in Sources */ = {isa = PBXBuildFile; fileRef = 022688B22628BCCC007DBD98 /* ThemeTVC+Interface.swift */; };
		0226F197259AB231006E086C /* TapTV+Selection.swift in Sources */ = {isa = PBXBuildFile; fileRef = 0226F196259AB231006E086C /* TapTV+Selection.swift */; };
		0226F19C259EAB93006E086C /* PackCell.swift in Sources */ = {isa = PBXBuildFile; fileRef = 0226F19B259EAB93006E086C /* PackCell.swift */; };
		0226F19E259EABB4006E086C /* PackTVC.swift in Sources */ = {isa = PBXBuildFile; fileRef = 0226F19D259EABB4006E086C /* PackTVC.swift */; };
		0229863C27BD6DF60048F9E9 /* ImageLoader.swift in Sources */ = {isa = PBXBuildFile; fileRef = 0229863827BD6DF40048F9E9 /* ImageLoader.swift */; };
		0229863D27BD6DF60048F9E9 /* AsyncImage.swift in Sources */ = {isa = PBXBuildFile; fileRef = 0229863927BD6DF40048F9E9 /* AsyncImage.swift */; };
		0229863E27BD6DF60048F9E9 /* EnvironmentValues+ImageCache.swift in Sources */ = {isa = PBXBuildFile; fileRef = 0229863A27BD6DF50048F9E9 /* EnvironmentValues+ImageCache.swift */; };
		0229863F27BD6DF60048F9E9 /* ImageCache.swift in Sources */ = {isa = PBXBuildFile; fileRef = 0229863B27BD6DF60048F9E9 /* ImageCache.swift */; };
		0229864227BD9CBA0048F9E9 /* PrModel_SmartG.swift in Sources */ = {isa = PBXBuildFile; fileRef = 0229864127BD9CBA0048F9E9 /* PrModel_SmartG.swift */; };
		0231AB162684B973007F4FC8 /* Import.swift in Sources */ = {isa = PBXBuildFile; fileRef = 0231AB152684B973007F4FC8 /* Import.swift */; };
		0231AB1826872C47007F4FC8 /* PrJs+Varr.swift in Sources */ = {isa = PBXBuildFile; fileRef = 0273D1512655A9BB0043011C /* PrJs+Varr.swift */; };
		024347D827119E2100F86A64 /* TextRecognition.swift in Sources */ = {isa = PBXBuildFile; fileRef = 024347D727119E2100F86A64 /* TextRecognition.swift */; };
		0247E586257FEFB900C65245 /* DarkMode.swift in Sources */ = {isa = PBXBuildFile; fileRef = 0247E585257FEFB900C65245 /* DarkMode.swift */; };
		02491C512671212400F98E17 /* IgApiSetupVC.swift in Sources */ = {isa = PBXBuildFile; fileRef = 02491C502671212400F98E17 /* IgApiSetupVC.swift */; };
		02491C53267147AF00F98E17 /* ModalUI.swift in Sources */ = {isa = PBXBuildFile; fileRef = 02491C52267147AF00F98E17 /* ModalUI.swift */; };
		02491C55267799BD00F98E17 /* IgApiSetupVC+UI.swift in Sources */ = {isa = PBXBuildFile; fileRef = 02491C54267799BD00F98E17 /* IgApiSetupVC+UI.swift */; };
		02491C5726779A2800F98E17 /* IgApiSetupVC+acts.swift in Sources */ = {isa = PBXBuildFile; fileRef = 02491C5626779A2800F98E17 /* IgApiSetupVC+acts.swift */; };
		02491C5926779A4900F98E17 /* HowToSetupProIGVC.swift in Sources */ = {isa = PBXBuildFile; fileRef = 02491C5826779A4900F98E17 /* HowToSetupProIGVC.swift */; };
		02491C5D267BA40500F98E17 /* CheckSetup.swift in Sources */ = {isa = PBXBuildFile; fileRef = 02491C5C267BA40500F98E17 /* CheckSetup.swift */; };
		02491C67267E3FED00F98E17 /* NeuMphSwiftUI.swift in Sources */ = {isa = PBXBuildFile; fileRef = 02491C66267E3FED00F98E17 /* NeuMphSwiftUI.swift */; };
		02491C692680883800F98E17 /* AppColors.swift in Sources */ = {isa = PBXBuildFile; fileRef = 02491C682680883700F98E17 /* AppColors.swift */; };
		025479DF26C7EEA000E28724 /* SeedData in Resources */ = {isa = PBXBuildFile; fileRef = 025479DE26C7EEA000E28724 /* SeedData */; };
		026472AC2693AFB3008BCFE5 /* NetworkMonitor.swift in Sources */ = {isa = PBXBuildFile; fileRef = 026472AB2693AFB3008BCFE5 /* NetworkMonitor.swift */; };
		0264B817264A7CE900E1EEFA /* AnViewModel.swift in Sources */ = {isa = PBXBuildFile; fileRef = 0264B816264A7CE900E1EEFA /* AnViewModel.swift */; };
		0264B837264B25E100E1EEFA /* LoadIncator.swift in Sources */ = {isa = PBXBuildFile; fileRef = 0264B836264B25E100E1EEFA /* LoadIncator.swift */; };
		0269E2AC2564B838005FE14B /* AnalyticsView.swift in Sources */ = {isa = PBXBuildFile; fileRef = 0269E2AB2564B838005FE14B /* AnalyticsView.swift */; };
		0274105826207D2100D82F6D /* PackTVC+Instagram.swift in Sources */ = {isa = PBXBuildFile; fileRef = 0274105726207D2000D82F6D /* PackTVC+Instagram.swift */; };
		0274DB2E26848492005F9C9C /* AnViewModel+Fill.swift in Sources */ = {isa = PBXBuildFile; fileRef = 0274DB2D26848492005F9C9C /* AnViewModel+Fill.swift */; };
		0274DB3026848948005F9C9C /* GJs+Dir.swift in Sources */ = {isa = PBXBuildFile; fileRef = 0274DB2F26848948005F9C9C /* GJs+Dir.swift */; };
		0296306E2614A785000CF4E9 /* QuantityPickerVC.swift in Sources */ = {isa = PBXBuildFile; fileRef = 0296306D2614A785000CF4E9 /* QuantityPickerVC.swift */; };
		029BEDE625F907B200980870 /* PackTVC+Interface.swift in Sources */ = {isa = PBXBuildFile; fileRef = 029BEDE525F907B100980870 /* PackTVC+Interface.swift */; };
		029FDDC1264E75600063DF1D /* OnBoardingVC.swift in Sources */ = {isa = PBXBuildFile; fileRef = 029FDDC0264E75600063DF1D /* OnBoardingVC.swift */; };
		02A5EB6A25C054440063A315 /* FrameTags.swift in Sources */ = {isa = PBXBuildFile; fileRef = 02A5EB6925C054440063A315 /* FrameTags.swift */; };
		02AEA58725B630B10063076F /* PackTVC+NavBar.swift in Sources */ = {isa = PBXBuildFile; fileRef = 02AEA58625B630B10063076F /* PackTVC+NavBar.swift */; };
		02AEA61F25BB2CFE0063076F /* TVC+OldMenu.swift in Sources */ = {isa = PBXBuildFile; fileRef = 02AEA61E25BB2CFE0063076F /* TVC+OldMenu.swift */; };
		02B02AC52594238100586352 /* ThemeVC+Search.swift in Sources */ = {isa = PBXBuildFile; fileRef = 02B02AC42594238100586352 /* ThemeVC+Search.swift */; };
		02B05C1627F8BFAF000026B8 /* TapTV+AddGesture.swift in Sources */ = {isa = PBXBuildFile; fileRef = 02B05C1527F8BFAF000026B8 /* TapTV+AddGesture.swift */; };
		02B05C1827F8BFBF000026B8 /* TapTextView.swift in Sources */ = {isa = PBXBuildFile; fileRef = 02B05C1727F8BFBF000026B8 /* TapTextView.swift */; };
		02B104A727697B6C00C9EC6C /* SmartGViewModel.swift in Sources */ = {isa = PBXBuildFile; fileRef = 02B104A627697B6C00C9EC6C /* SmartGViewModel.swift */; };
		02B104A9276A630E00C9EC6C /* Url_img_SUI.swift in Sources */ = {isa = PBXBuildFile; fileRef = 02B104A8276A630E00C9EC6C /* Url_img_SUI.swift */; };
		02BC8D3025FD7DC800441349 /* PackTVC+Navigation.swift in Sources */ = {isa = PBXBuildFile; fileRef = 02BC8D2F25FD7DC800441349 /* PackTVC+Navigation.swift */; };
		02BC8D592602B79900441349 /* SettingsVC.swift in Sources */ = {isa = PBXBuildFile; fileRef = 02BC8D582602B79900441349 /* SettingsVC.swift */; };
		02CAC9B32591047D00BE5E57 /* ThemeVC+TxtV.swift in Sources */ = {isa = PBXBuildFile; fileRef = 02CAC9B22591047D00BE5E57 /* ThemeVC+TxtV.swift */; };
		02CAC9B52591054400BE5E57 /* ThemeVC+ImgPicker.swift in Sources */ = {isa = PBXBuildFile; fileRef = 02CAC9B42591054400BE5E57 /* ThemeVC+ImgPicker.swift */; };
		02CAC9B7259105B400BE5E57 /* ThemeVC.swift in Sources */ = {isa = PBXBuildFile; fileRef = 02CAC9B6259105B400BE5E57 /* ThemeVC.swift */; };
		02CEFB6D25CB945000FB70E4 /* Image.swift in Sources */ = {isa = PBXBuildFile; fileRef = 02CEFB6C25CB945000FB70E4 /* Image.swift */; };
		02D1A119255387590045E56F /* UniqueTags.swift in Sources */ = {isa = PBXBuildFile; fileRef = 02D1A118255387590045E56F /* UniqueTags.swift */; };
		02DECA5E2796EC51003F48B5 /* FacebookCore in Frameworks */ = {isa = PBXBuildFile; productRef = 02DECA5D2796EC51003F48B5 /* FacebookCore */; };
		02DECA602796EC51003F48B5 /* FacebookLogin in Frameworks */ = {isa = PBXBuildFile; productRef = 02DECA5F2796EC51003F48B5 /* FacebookLogin */; };
		02E451B1265D5B4600582025 /* FBLoginVC.swift in Sources */ = {isa = PBXBuildFile; fileRef = 02E451B0265D5B4600582025 /* FBLoginVC.swift */; };
		02E4B9E025CF66F500949213 /* ThemeCD+CoreDataClass.swift in Sources */ = {isa = PBXBuildFile; fileRef = 02E4B9DE25CF66F500949213 /* ThemeCD+CoreDataClass.swift */; };
		02E4B9E125CF66F500949213 /* ThemeCD+CoreDataProperties.swift in Sources */ = {isa = PBXBuildFile; fileRef = 02E4B9DF25CF66F500949213 /* ThemeCD+CoreDataProperties.swift */; };
		02FAE29F260A9BA900324724 /* SettingsCell.swift in Sources */ = {isa = PBXBuildFile; fileRef = 02FAE29E260A9BA900324724 /* SettingsCell.swift */; };
		02FAE2A5260AC79C00324724 /* SettingsCell2.swift in Sources */ = {isa = PBXBuildFile; fileRef = 02FAE2A4260AC79C00324724 /* SettingsCell2.swift */; };
		02FB550A24FFA2AA00174E34 /* AppDelegate.swift in Sources */ = {isa = PBXBuildFile; fileRef = 02FB550924FFA2AA00174E34 /* AppDelegate.swift */; };
		02FB550C24FFA2AA00174E34 /* SceneDelegate.swift in Sources */ = {isa = PBXBuildFile; fileRef = 02FB550B24FFA2AA00174E34 /* SceneDelegate.swift */; };
		02FB551124FFA2AA00174E34 /* Main.storyboard in Resources */ = {isa = PBXBuildFile; fileRef = 02FB550F24FFA2AA00174E34 /* Main.storyboard */; };
		02FB551424FFA2AA00174E34 /* PackTags.xcdatamodeld in Sources */ = {isa = PBXBuildFile; fileRef = 02FB551224FFA2AA00174E34 /* PackTags.xcdatamodeld */; };
		02FB551624FFA2AC00174E34 /* Assets.xcassets in Resources */ = {isa = PBXBuildFile; fileRef = 02FB551524FFA2AC00174E34 /* Assets.xcassets */; };
		02FB551924FFA2AC00174E34 /* LaunchScreen.storyboard in Resources */ = {isa = PBXBuildFile; fileRef = 02FB551724FFA2AC00174E34 /* LaunchScreen.storyboard */; };
		02FB552F24FFA78B00174E34 /* ThemeTVC.swift in Sources */ = {isa = PBXBuildFile; fileRef = 02FB552E24FFA78B00174E34 /* ThemeTVC.swift */; };
		02FBAFE325A93C3300E32D73 /* AnalyticsOld.swift in Sources */ = {isa = PBXBuildFile; fileRef = 02FBAFE225A93C3300E32D73 /* AnalyticsOld.swift */; };
		02FBAFE525A93C6100E32D73 /* AnalyticsNew.swift in Sources */ = {isa = PBXBuildFile; fileRef = 02FBAFE425A93C6100E32D73 /* AnalyticsNew.swift */; };
		02FBAFE825A93E8400E32D73 /* PackTagsTests.swift in Sources */ = {isa = PBXBuildFile; fileRef = 02FB552324FFA2AC00174E34 /* PackTagsTests.swift */; };
		02FBAFF125A93EBD00E32D73 /* Assets.xcassets in Resources */ = {isa = PBXBuildFile; fileRef = 02FB551524FFA2AC00174E34 /* Assets.xcassets */; };
		02FD6CB026D8006400AB16E4 /* RateAndReview.swift in Sources */ = {isa = PBXBuildFile; fileRef = 02FD6CAF26D8006400AB16E4 /* RateAndReview.swift */; };
		02FD6CB226D8008400AB16E4 /* StoreKitHelper.swift in Sources */ = {isa = PBXBuildFile; fileRef = 02FD6CB126D8008400AB16E4 /* StoreKitHelper.swift */; };
		02FEF536262B86620001B525 /* ThemeTVC+navigation.swift in Sources */ = {isa = PBXBuildFile; fileRef = 02FEF535262B86620001B525 /* ThemeTVC+navigation.swift */; };
		02FEF5B7263304EC0001B525 /* ExternalActions.swift in Sources */ = {isa = PBXBuildFile; fileRef = 02FEF5B6263304EC0001B525 /* ExternalActions.swift */; };
		02FEF5CA2638951C0001B525 /* GenericJSONParser.swift in Sources */ = {isa = PBXBuildFile; fileRef = 02FEF5C92638951C0001B525 /* GenericJSONParser.swift */; };
/* End PBXBuildFile section */

/* Begin PBXContainerItemProxy section */
		02FB552024FFA2AC00174E34 /* PBXContainerItemProxy */ = {
			isa = PBXContainerItemProxy;
			containerPortal = 02FB54FE24FFA2AA00174E34 /* Project object */;
			proxyType = 1;
			remoteGlobalIDString = 02FB550524FFA2AA00174E34;
			remoteInfo = PackTags;
		};
/* End PBXContainerItemProxy section */

/* Begin PBXFileReference section */
		0206214D2663A2AE0072C404 /* JsonModels.swift */ = {isa = PBXFileReference; lastKnownFileType = sourcecode.swift; path = JsonModels.swift; sourceTree = "<group>"; };
		02062152266503490072C404 /* GJs.swift */ = {isa = PBXFileReference; lastKnownFileType = sourcecode.swift; path = GJs.swift; sourceTree = "<group>"; };
		02062154266550D70072C404 /* PrJs.swift */ = {isa = PBXFileReference; lastKnownFileType = sourcecode.swift; path = PrJs.swift; sourceTree = "<group>"; };
		020621562666DBCC0072C404 /* AnModel.swift */ = {isa = PBXFileReference; lastKnownFileType = sourcecode.swift; path = AnModel.swift; sourceTree = "<group>"; };
		021044F526446AEF00408CEB /* PrJs+Tools.swift */ = {isa = PBXFileReference; lastKnownFileType = sourcecode.swift; path = "PrJs+Tools.swift"; sourceTree = "<group>"; };
		0213D9F2275D2F08002A54ED /* GJs+SmartIG.swift */ = {isa = PBXFileReference; lastKnownFileType = sourcecode.swift; path = "GJs+SmartIG.swift"; sourceTree = "<group>"; };
		0213D9F4275D2F8A002A54ED /* GJs+Analytics.swift */ = {isa = PBXFileReference; lastKnownFileType = sourcecode.swift; path = "GJs+Analytics.swift"; sourceTree = "<group>"; };
		0216110D25D46C180098CE5E /* TVC+NewMenu.swift */ = {isa = PBXFileReference; lastKnownFileType = sourcecode.swift; path = "TVC+NewMenu.swift"; sourceTree = "<group>"; };
		0216111425D46D9C0098CE5E /* OldMenuCell.swift */ = {isa = PBXFileReference; lastKnownFileType = sourcecode.swift; path = OldMenuCell.swift; sourceTree = "<group>"; };
		0216111A25D46EFA0098CE5E /* TVC+OldMenu_objc.swift */ = {isa = PBXFileReference; lastKnownFileType = sourcecode.swift; path = "TVC+OldMenu_objc.swift"; sourceTree = "<group>"; };
		0216112625D6BF050098CE5E /* TapTV+AddToolbar.swift */ = {isa = PBXFileReference; lastKnownFileType = sourcecode.swift; path = "TapTV+AddToolbar.swift"; sourceTree = "<group>"; };
		021AFD5B278A1BE40008735E /* Alerts.swift */ = {isa = PBXFileReference; lastKnownFileType = sourcecode.swift; path = Alerts.swift; sourceTree = "<group>"; };
		021D76162759A00D00F54054 /* SmartGView.swift */ = {isa = PBXFileReference; lastKnownFileType = sourcecode.swift; path = SmartGView.swift; sourceTree = "<group>"; };
		021D761F275A99D500F54054 /* PrModel_Analytics.swift */ = {isa = PBXFileReference; lastKnownFileType = sourcecode.swift; path = PrModel_Analytics.swift; sourceTree = "<group>"; };
		021D7623275A9EE900F54054 /* GJs+RefreshRate.swift */ = {isa = PBXFileReference; lastKnownFileType = sourcecode.swift; path = "GJs+RefreshRate.swift"; sourceTree = "<group>"; };
		022479C4250D1ED900E0E489 /* CoreDataHelper.swift */ = {isa = PBXFileReference; lastKnownFileType = sourcecode.swift; path = CoreDataHelper.swift; sourceTree = "<group>"; };
		022688922624F9B1007DBD98 /* ThemeCell.swift */ = {isa = PBXFileReference; lastKnownFileType = sourcecode.swift; path = ThemeCell.swift; sourceTree = "<group>"; };
		0226889C2626F332007DBD98 /* Neumorphic.swift */ = {isa = PBXFileReference; lastKnownFileType = sourcecode.swift; path = Neumorphic.swift; sourceTree = "<group>"; };
		022688B22628BCCC007DBD98 /* ThemeTVC+Interface.swift */ = {isa = PBXFileReference; lastKnownFileType = sourcecode.swift; path = "ThemeTVC+Interface.swift"; sourceTree = "<group>"; };
		0226F196259AB231006E086C /* TapTV+Selection.swift */ = {isa = PBXFileReference; lastKnownFileType = sourcecode.swift; path = "TapTV+Selection.swift"; sourceTree = "<group>"; };
		0226F19B259EAB93006E086C /* PackCell.swift */ = {isa = PBXFileReference; lastKnownFileType = sourcecode.swift; path = PackCell.swift; sourceTree = "<group>"; };
		0226F19D259EABB4006E086C /* PackTVC.swift */ = {isa = PBXFileReference; lastKnownFileType = sourcecode.swift; path = PackTVC.swift; sourceTree = "<group>"; };
		0229863827BD6DF40048F9E9 /* ImageLoader.swift */ = {isa = PBXFileReference; fileEncoding = 4; lastKnownFileType = sourcecode.swift; path = ImageLoader.swift; sourceTree = "<group>"; };
		0229863927BD6DF40048F9E9 /* AsyncImage.swift */ = {isa = PBXFileReference; fileEncoding = 4; lastKnownFileType = sourcecode.swift; path = AsyncImage.swift; sourceTree = "<group>"; };
		0229863A27BD6DF50048F9E9 /* EnvironmentValues+ImageCache.swift */ = {isa = PBXFileReference; fileEncoding = 4; lastKnownFileType = sourcecode.swift; path = "EnvironmentValues+ImageCache.swift"; sourceTree = "<group>"; };
		0229863B27BD6DF60048F9E9 /* ImageCache.swift */ = {isa = PBXFileReference; fileEncoding = 4; lastKnownFileType = sourcecode.swift; path = ImageCache.swift; sourceTree = "<group>"; };
		0229864127BD9CBA0048F9E9 /* PrModel_SmartG.swift */ = {isa = PBXFileReference; lastKnownFileType = sourcecode.swift; path = PrModel_SmartG.swift; sourceTree = "<group>"; };
		0231AB152684B973007F4FC8 /* Import.swift */ = {isa = PBXFileReference; lastKnownFileType = sourcecode.swift; path = Import.swift; sourceTree = "<group>"; };
		024347D727119E2100F86A64 /* TextRecognition.swift */ = {isa = PBXFileReference; lastKnownFileType = sourcecode.swift; path = TextRecognition.swift; sourceTree = "<group>"; };
		0247E585257FEFB900C65245 /* DarkMode.swift */ = {isa = PBXFileReference; lastKnownFileType = sourcecode.swift; path = DarkMode.swift; sourceTree = "<group>"; };
		02491C502671212400F98E17 /* IgApiSetupVC.swift */ = {isa = PBXFileReference; lastKnownFileType = sourcecode.swift; path = IgApiSetupVC.swift; sourceTree = "<group>"; };
		02491C52267147AF00F98E17 /* ModalUI.swift */ = {isa = PBXFileReference; lastKnownFileType = sourcecode.swift; path = ModalUI.swift; sourceTree = "<group>"; };
		02491C54267799BD00F98E17 /* IgApiSetupVC+UI.swift */ = {isa = PBXFileReference; lastKnownFileType = sourcecode.swift; path = "IgApiSetupVC+UI.swift"; sourceTree = "<group>"; };
		02491C5626779A2800F98E17 /* IgApiSetupVC+acts.swift */ = {isa = PBXFileReference; lastKnownFileType = sourcecode.swift; path = "IgApiSetupVC+acts.swift"; sourceTree = "<group>"; };
		02491C5826779A4900F98E17 /* HowToSetupProIGVC.swift */ = {isa = PBXFileReference; lastKnownFileType = sourcecode.swift; path = HowToSetupProIGVC.swift; sourceTree = "<group>"; };
		02491C5C267BA40500F98E17 /* CheckSetup.swift */ = {isa = PBXFileReference; lastKnownFileType = sourcecode.swift; path = CheckSetup.swift; sourceTree = "<group>"; };
		02491C66267E3FED00F98E17 /* NeuMphSwiftUI.swift */ = {isa = PBXFileReference; lastKnownFileType = sourcecode.swift; path = NeuMphSwiftUI.swift; sourceTree = "<group>"; };
		02491C682680883700F98E17 /* AppColors.swift */ = {isa = PBXFileReference; lastKnownFileType = sourcecode.swift; path = AppColors.swift; sourceTree = "<group>"; };
		025479DE26C7EEA000E28724 /* SeedData */ = {isa = PBXFileReference; lastKnownFileType = folder; path = SeedData; sourceTree = "<group>"; };
		026472AB2693AFB3008BCFE5 /* NetworkMonitor.swift */ = {isa = PBXFileReference; lastKnownFileType = sourcecode.swift; path = NetworkMonitor.swift; sourceTree = "<group>"; };
		0264B816264A7CE900E1EEFA /* AnViewModel.swift */ = {isa = PBXFileReference; lastKnownFileType = sourcecode.swift; path = AnViewModel.swift; sourceTree = "<group>"; };
		0264B836264B25E100E1EEFA /* LoadIncator.swift */ = {isa = PBXFileReference; lastKnownFileType = sourcecode.swift; path = LoadIncator.swift; sourceTree = "<group>"; };
		0269E2AB2564B838005FE14B /* AnalyticsView.swift */ = {isa = PBXFileReference; lastKnownFileType = sourcecode.swift; path = AnalyticsView.swift; sourceTree = "<group>"; };
		0273D1512655A9BB0043011C /* PrJs+Varr.swift */ = {isa = PBXFileReference; lastKnownFileType = sourcecode.swift; path = "PrJs+Varr.swift"; sourceTree = "<group>"; };
		0274105726207D2000D82F6D /* PackTVC+Instagram.swift */ = {isa = PBXFileReference; lastKnownFileType = sourcecode.swift; path = "PackTVC+Instagram.swift"; sourceTree = "<group>"; };
		0274DB2D26848492005F9C9C /* AnViewModel+Fill.swift */ = {isa = PBXFileReference; lastKnownFileType = sourcecode.swift; path = "AnViewModel+Fill.swift"; sourceTree = "<group>"; };
		0274DB2F26848948005F9C9C /* GJs+Dir.swift */ = {isa = PBXFileReference; lastKnownFileType = sourcecode.swift; path = "GJs+Dir.swift"; sourceTree = "<group>"; };
		0296306D2614A785000CF4E9 /* QuantityPickerVC.swift */ = {isa = PBXFileReference; lastKnownFileType = sourcecode.swift; path = QuantityPickerVC.swift; sourceTree = "<group>"; };
		029BEDE525F907B100980870 /* PackTVC+Interface.swift */ = {isa = PBXFileReference; lastKnownFileType = sourcecode.swift; path = "PackTVC+Interface.swift"; sourceTree = "<group>"; };
		029FDDC0264E75600063DF1D /* OnBoardingVC.swift */ = {isa = PBXFileReference; lastKnownFileType = sourcecode.swift; path = OnBoardingVC.swift; sourceTree = "<group>"; };
		02A5EB6925C054440063A315 /* FrameTags.swift */ = {isa = PBXFileReference; lastKnownFileType = sourcecode.swift; path = FrameTags.swift; sourceTree = "<group>"; };
		02AEA58625B630B10063076F /* PackTVC+NavBar.swift */ = {isa = PBXFileReference; lastKnownFileType = sourcecode.swift; path = "PackTVC+NavBar.swift"; sourceTree = "<group>"; };
		02AEA61E25BB2CFE0063076F /* TVC+OldMenu.swift */ = {isa = PBXFileReference; lastKnownFileType = sourcecode.swift; path = "TVC+OldMenu.swift"; sourceTree = "<group>"; };
		02B02AC42594238100586352 /* ThemeVC+Search.swift */ = {isa = PBXFileReference; lastKnownFileType = sourcecode.swift; path = "ThemeVC+Search.swift"; sourceTree = "<group>"; };
		02B05C1527F8BFAF000026B8 /* TapTV+AddGesture.swift */ = {isa = PBXFileReference; lastKnownFileType = sourcecode.swift; path = "TapTV+AddGesture.swift"; sourceTree = "<group>"; };
		02B05C1727F8BFBF000026B8 /* TapTextView.swift */ = {isa = PBXFileReference; lastKnownFileType = sourcecode.swift; path = TapTextView.swift; sourceTree = "<group>"; };
		02B104A627697B6C00C9EC6C /* SmartGViewModel.swift */ = {isa = PBXFileReference; lastKnownFileType = sourcecode.swift; path = SmartGViewModel.swift; sourceTree = "<group>"; };
		02B104A8276A630E00C9EC6C /* Url_img_SUI.swift */ = {isa = PBXFileReference; lastKnownFileType = sourcecode.swift; path = Url_img_SUI.swift; sourceTree = "<group>"; };
		02BC8D2F25FD7DC800441349 /* PackTVC+Navigation.swift */ = {isa = PBXFileReference; lastKnownFileType = sourcecode.swift; path = "PackTVC+Navigation.swift"; sourceTree = "<group>"; };
		02BC8D582602B79900441349 /* SettingsVC.swift */ = {isa = PBXFileReference; lastKnownFileType = sourcecode.swift; path = SettingsVC.swift; sourceTree = "<group>"; };
		02CAC9B22591047D00BE5E57 /* ThemeVC+TxtV.swift */ = {isa = PBXFileReference; lastKnownFileType = sourcecode.swift; path = "ThemeVC+TxtV.swift"; sourceTree = "<group>"; };
		02CAC9B42591054400BE5E57 /* ThemeVC+ImgPicker.swift */ = {isa = PBXFileReference; lastKnownFileType = sourcecode.swift; path = "ThemeVC+ImgPicker.swift"; sourceTree = "<group>"; };
		02CAC9B6259105B400BE5E57 /* ThemeVC.swift */ = {isa = PBXFileReference; lastKnownFileType = sourcecode.swift; path = ThemeVC.swift; sourceTree = "<group>"; };
		02CEFB6C25CB945000FB70E4 /* Image.swift */ = {isa = PBXFileReference; lastKnownFileType = sourcecode.swift; path = Image.swift; sourceTree = "<group>"; };
		02D1A118255387590045E56F /* UniqueTags.swift */ = {isa = PBXFileReference; lastKnownFileType = sourcecode.swift; path = UniqueTags.swift; sourceTree = "<group>"; };
		02E451B0265D5B4600582025 /* FBLoginVC.swift */ = {isa = PBXFileReference; lastKnownFileType = sourcecode.swift; path = FBLoginVC.swift; sourceTree = "<group>"; };
		02E4B9DE25CF66F500949213 /* ThemeCD+CoreDataClass.swift */ = {isa = PBXFileReference; lastKnownFileType = sourcecode.swift; path = "ThemeCD+CoreDataClass.swift"; sourceTree = "<group>"; };
		02E4B9DF25CF66F500949213 /* ThemeCD+CoreDataProperties.swift */ = {isa = PBXFileReference; lastKnownFileType = sourcecode.swift; path = "ThemeCD+CoreDataProperties.swift"; sourceTree = "<group>"; };
		02FAE29E260A9BA900324724 /* SettingsCell.swift */ = {isa = PBXFileReference; lastKnownFileType = sourcecode.swift; path = SettingsCell.swift; sourceTree = "<group>"; };
		02FAE2A4260AC79C00324724 /* SettingsCell2.swift */ = {isa = PBXFileReference; lastKnownFileType = sourcecode.swift; path = SettingsCell2.swift; sourceTree = "<group>"; };
		02FB550624FFA2AA00174E34 /* PackTags.app */ = {isa = PBXFileReference; explicitFileType = wrapper.application; includeInIndex = 0; path = PackTags.app; sourceTree = BUILT_PRODUCTS_DIR; };
		02FB550924FFA2AA00174E34 /* AppDelegate.swift */ = {isa = PBXFileReference; lastKnownFileType = sourcecode.swift; path = AppDelegate.swift; sourceTree = "<group>"; };
		02FB550B24FFA2AA00174E34 /* SceneDelegate.swift */ = {isa = PBXFileReference; lastKnownFileType = sourcecode.swift; path = SceneDelegate.swift; sourceTree = "<group>"; };
		02FB551024FFA2AA00174E34 /* Base */ = {isa = PBXFileReference; lastKnownFileType = file.storyboard; name = Base; path = Base.lproj/Main.storyboard; sourceTree = "<group>"; };
		02FB551324FFA2AA00174E34 /* PackTags.xcdatamodel */ = {isa = PBXFileReference; lastKnownFileType = wrapper.xcdatamodel; path = PackTags.xcdatamodel; sourceTree = "<group>"; };
		02FB551524FFA2AC00174E34 /* Assets.xcassets */ = {isa = PBXFileReference; lastKnownFileType = folder.assetcatalog; path = Assets.xcassets; sourceTree = "<group>"; };
		02FB551824FFA2AC00174E34 /* Base */ = {isa = PBXFileReference; lastKnownFileType = file.storyboard; name = Base; path = Base.lproj/LaunchScreen.storyboard; sourceTree = "<group>"; };
		02FB551A24FFA2AC00174E34 /* Info.plist */ = {isa = PBXFileReference; lastKnownFileType = text.plist.xml; path = Info.plist; sourceTree = "<group>"; };
		02FB551F24FFA2AC00174E34 /* PackTagsTests.xctest */ = {isa = PBXFileReference; explicitFileType = wrapper.cfbundle; includeInIndex = 0; path = PackTagsTests.xctest; sourceTree = BUILT_PRODUCTS_DIR; };
		02FB552324FFA2AC00174E34 /* PackTagsTests.swift */ = {isa = PBXFileReference; lastKnownFileType = sourcecode.swift; path = PackTagsTests.swift; sourceTree = "<group>"; };
		02FB552524FFA2AC00174E34 /* Info.plist */ = {isa = PBXFileReference; lastKnownFileType = text.plist.xml; path = Info.plist; sourceTree = "<group>"; };
		02FB552E24FFA78B00174E34 /* ThemeTVC.swift */ = {isa = PBXFileReference; lastKnownFileType = sourcecode.swift; path = ThemeTVC.swift; sourceTree = "<group>"; };
		02FBAFE225A93C3300E32D73 /* AnalyticsOld.swift */ = {isa = PBXFileReference; lastKnownFileType = sourcecode.swift; path = AnalyticsOld.swift; sourceTree = "<group>"; };
		02FBAFE425A93C6100E32D73 /* AnalyticsNew.swift */ = {isa = PBXFileReference; lastKnownFileType = sourcecode.swift; path = AnalyticsNew.swift; sourceTree = "<group>"; };
		02FD6CAF26D8006400AB16E4 /* RateAndReview.swift */ = {isa = PBXFileReference; lastKnownFileType = sourcecode.swift; path = RateAndReview.swift; sourceTree = "<group>"; };
		02FD6CB126D8008400AB16E4 /* StoreKitHelper.swift */ = {isa = PBXFileReference; lastKnownFileType = sourcecode.swift; path = StoreKitHelper.swift; sourceTree = "<group>"; };
		02FEF535262B86620001B525 /* ThemeTVC+navigation.swift */ = {isa = PBXFileReference; lastKnownFileType = sourcecode.swift; path = "ThemeTVC+navigation.swift"; sourceTree = "<group>"; };
		02FEF5B6263304EC0001B525 /* ExternalActions.swift */ = {isa = PBXFileReference; lastKnownFileType = sourcecode.swift; path = ExternalActions.swift; sourceTree = "<group>"; };
		02FEF5C92638951C0001B525 /* GenericJSONParser.swift */ = {isa = PBXFileReference; lastKnownFileType = sourcecode.swift; path = GenericJSONParser.swift; sourceTree = "<group>"; };
/* End PBXFileReference section */

/* Begin PBXFrameworksBuildPhase section */
		02FB550324FFA2AA00174E34 /* Frameworks */ = {
			isa = PBXFrameworksBuildPhase;
			buildActionMask = 2147483647;
			files = (
				02DECA602796EC51003F48B5 /* FacebookLogin in Frameworks */,
				02DECA5E2796EC51003F48B5 /* FacebookCore in Frameworks */,
			);
			runOnlyForDeploymentPostprocessing = 0;
		};
		02FB551C24FFA2AC00174E34 /* Frameworks */ = {
			isa = PBXFrameworksBuildPhase;
			buildActionMask = 2147483647;
			files = (
			);
			runOnlyForDeploymentPostprocessing = 0;
		};
/* End PBXFrameworksBuildPhase section */

/* Begin PBXGroup section */
		0204B61A25C2BFFF00F2DD21 /* TapTextView */ = {
			isa = PBXGroup;
			children = (
				02B05C1727F8BFBF000026B8 /* TapTextView.swift */,
				02B05C1527F8BFAF000026B8 /* TapTV+AddGesture.swift */,
				0216112625D6BF050098CE5E /* TapTV+AddToolbar.swift */,
				0226F196259AB231006E086C /* TapTV+Selection.swift */,
				02A5EB6925C054440063A315 /* FrameTags.swift */,
			);
			path = TapTextView;
			sourceTree = "<group>";
		};
		021044F926446B5700408CEB /* ProcessJson */ = {
			isa = PBXGroup;
			children = (
				02062154266550D70072C404 /* PrJs.swift */,
				021044F526446AEF00408CEB /* PrJs+Tools.swift */,
				0273D1512655A9BB0043011C /* PrJs+Varr.swift */,
			);
			path = ProcessJson;
			sourceTree = "<group>";
		};
		0216111125D46CAD0098CE5E /* ThemeVC+Menu */ = {
			isa = PBXGroup;
			children = (
				025479E526C97F3D00E28724 /* TVC+OldMenu */,
				0216110D25D46C180098CE5E /* TVC+NewMenu.swift */,
			);
			name = "ThemeVC+Menu";
			sourceTree = "<group>";
		};
		0216113D25D864860098CE5E /* CoreData */ = {
			isa = PBXGroup;
			children = (
				02E4B9DF25CF66F500949213 /* ThemeCD+CoreDataProperties.swift */,
				022479C4250D1ED900E0E489 /* CoreDataHelper.swift */,
				02E4B9DE25CF66F500949213 /* ThemeCD+CoreDataClass.swift */,
				02FB551224FFA2AA00174E34 /* PackTags.xcdatamodeld */,
			);
			name = CoreData;
			sourceTree = "<group>";
		};
		021AFD542787857B0008735E /* SmartG_SUI */ = {
			isa = PBXGroup;
			children = (
				02B104A627697B6C00C9EC6C /* SmartGViewModel.swift */,
				021D76162759A00D00F54054 /* SmartGView.swift */,
			);
			path = SmartG_SUI;
			sourceTree = "<group>";
		};
		021AFD552787A8100008735E /* GJS Tools */ = {
			isa = PBXGroup;
			children = (
				021D7623275A9EE900F54054 /* GJs+RefreshRate.swift */,
				0274DB2F26848948005F9C9C /* GJs+Dir.swift */,
			);
			path = "GJS Tools";
			sourceTree = "<group>";
		};
		021AFD5A2789F44F0008735E /* Login */ = {
			isa = PBXGroup;
			children = (
				02491C5A26779AE400F98E17 /* Setup */,
				02E451B0265D5B4600582025 /* FBLoginVC.swift */,
				02491C5C267BA40500F98E17 /* CheckSetup.swift */,
			);
			path = Login;
			sourceTree = "<group>";
		};
		021D7621275A9BBB00F54054 /* API */ = {
			isa = PBXGroup;
			children = (
				021AFD5A2789F44F0008735E /* Login */,
				021D7622275A9E6200F54054 /* Models */,
				0231AB1326849F4A007F4FC8 /* Import */,
				02E4B9D325CC97C700949213 /* Analytics */,
				021AFD542787857B0008735E /* SmartG_SUI */,
			);
			path = API;
			sourceTree = "<group>";
		};
		021D7622275A9E6200F54054 /* Models */ = {
			isa = PBXGroup;
			children = (
				0206214D2663A2AE0072C404 /* JsonModels.swift */,
				021D761F275A99D500F54054 /* PrModel_Analytics.swift */,
				0229864127BD9CBA0048F9E9 /* PrModel_SmartG.swift */,
			);
			path = Models;
			sourceTree = "<group>";
		};
		0226F19A259E0346006E086C /* Supporting Files */ = {
			isa = PBXGroup;
			children = (
				02FB551524FFA2AC00174E34 /* Assets.xcassets */,
				02FB550924FFA2AA00174E34 /* AppDelegate.swift */,
				02FB550B24FFA2AA00174E34 /* SceneDelegate.swift */,
				02FB551724FFA2AC00174E34 /* LaunchScreen.storyboard */,
				02FB551A24FFA2AC00174E34 /* Info.plist */,
				025479DE26C7EEA000E28724 /* SeedData */,
			);
			name = "Supporting Files";
			sourceTree = "<group>";
		};
		0229864027BD6E070048F9E9 /* AsyncImage */ = {
			isa = PBXGroup;
			children = (
				0229863927BD6DF40048F9E9 /* AsyncImage.swift */,
				0229863A27BD6DF50048F9E9 /* EnvironmentValues+ImageCache.swift */,
				0229863B27BD6DF60048F9E9 /* ImageCache.swift */,
				0229863827BD6DF40048F9E9 /* ImageLoader.swift */,
				02B104A8276A630E00C9EC6C /* Url_img_SUI.swift */,
			);
			path = AsyncImage;
			sourceTree = "<group>";
		};
		0231AB1126849DFA007F4FC8 /* AnViewModel */ = {
			isa = PBXGroup;
			children = (
				0264B816264A7CE900E1EEFA /* AnViewModel.swift */,
				0274DB2D26848492005F9C9C /* AnViewModel+Fill.swift */,
			);
			path = AnViewModel;
			sourceTree = "<group>";
		};
		0231AB1326849F4A007F4FC8 /* Import */ = {
			isa = PBXGroup;
			children = (
				0231AB152684B973007F4FC8 /* Import.swift */,
				02FEF5C626382A250001B525 /* GetJson */,
				021044F926446B5700408CEB /* ProcessJson */,
			);
			name = Import;
			path = Analytics;
			sourceTree = "<group>";
		};
		02491C5A26779AE400F98E17 /* Setup */ = {
			isa = PBXGroup;
			children = (
				02AB39A927B894D600335131 /* SetupTutorial */,
			);
			path = Setup;
			sourceTree = "<group>";
		};
		02491C5B26779B1100F98E17 /* IgApiSetupVC */ = {
			isa = PBXGroup;
			children = (
				02491C502671212400F98E17 /* IgApiSetupVC.swift */,
				02491C54267799BD00F98E17 /* IgApiSetupVC+UI.swift */,
				02491C5626779A2800F98E17 /* IgApiSetupVC+acts.swift */,
			);
			path = IgApiSetupVC;
			sourceTree = "<group>";
		};
		025479E526C97F3D00E28724 /* TVC+OldMenu */ = {
			isa = PBXGroup;
			children = (
				0216111425D46D9C0098CE5E /* OldMenuCell.swift */,
				02AEA61E25BB2CFE0063076F /* TVC+OldMenu.swift */,
				0216111A25D46EFA0098CE5E /* TVC+OldMenu_objc.swift */,
			);
			name = "TVC+OldMenu";
			sourceTree = "<group>";
		};
		0273D1532655B9260043011C /* Tools */ = {
			isa = PBXGroup;
			children = (
				02F60AA926809FD5004022CA /* AppStyle */,
				02FD6CB326D8178800AB16E4 /* Rating */,
				0204B61A25C2BFFF00F2DD21 /* TapTextView */,
				0229864027BD6E070048F9E9 /* AsyncImage */,
				02CEFB6C25CB945000FB70E4 /* Image.swift */,
				02FEF5C92638951C0001B525 /* GenericJSONParser.swift */,
				026472AB2693AFB3008BCFE5 /* NetworkMonitor.swift */,
				024347D727119E2100F86A64 /* TextRecognition.swift */,
				0264B836264B25E100E1EEFA /* LoadIncator.swift */,
				02FEF5B6263304EC0001B525 /* ExternalActions.swift */,
				02491C52267147AF00F98E17 /* ModalUI.swift */,
				021AFD5B278A1BE40008735E /* Alerts.swift */,
				0247E585257FEFB900C65245 /* DarkMode.swift */,
				02D1A118255387590045E56F /* UniqueTags.swift */,
			);
			path = Tools;
			sourceTree = "<group>";
		};
		0296306A2614A705000CF4E9 /* SettingsVC */ = {
			isa = PBXGroup;
			children = (
				02FAE29E260A9BA900324724 /* SettingsCell.swift */,
				02FAE2A4260AC79C00324724 /* SettingsCell2.swift */,
				02BC8D582602B79900441349 /* SettingsVC.swift */,
			);
			path = SettingsVC;
			sourceTree = "<group>";
		};
		02AB39A927B894D600335131 /* SetupTutorial */ = {
			isa = PBXGroup;
			children = (
				02491C5B26779B1100F98E17 /* IgApiSetupVC */,
				02491C5826779A4900F98E17 /* HowToSetupProIGVC.swift */,
			);
			path = SetupTutorial;
			sourceTree = "<group>";
		};
		02AEA5E725B9D2B00063076F /* PackTableVC */ = {
			isa = PBXGroup;
			children = (
				0226F19B259EAB93006E086C /* PackCell.swift */,
				0226F19D259EABB4006E086C /* PackTVC.swift */,
				02BC8D2F25FD7DC800441349 /* PackTVC+Navigation.swift */,
				029BEDE525F907B100980870 /* PackTVC+Interface.swift */,
				02AEA58625B630B10063076F /* PackTVC+NavBar.swift */,
				0274105726207D2000D82F6D /* PackTVC+Instagram.swift */,
			);
			path = PackTableVC;
			sourceTree = "<group>";
		};
		02AEA5EA25B9D2F10063076F /* ThemeTableVC */ = {
			isa = PBXGroup;
			children = (
				022688922624F9B1007DBD98 /* ThemeCell.swift */,
				02FB552E24FFA78B00174E34 /* ThemeTVC.swift */,
				022688B22628BCCC007DBD98 /* ThemeTVC+Interface.swift */,
				02FEF535262B86620001B525 /* ThemeTVC+navigation.swift */,
			);
			path = ThemeTableVC;
			sourceTree = "<group>";
		};
		02CAC9B82591061B00BE5E57 /* ThemeVC */ = {
			isa = PBXGroup;
			children = (
				02CAC9B6259105B400BE5E57 /* ThemeVC.swift */,
				02CAC9B22591047D00BE5E57 /* ThemeVC+TxtV.swift */,
				0216111125D46CAD0098CE5E /* ThemeVC+Menu */,
				02CAC9B42591054400BE5E57 /* ThemeVC+ImgPicker.swift */,
				02B02AC42594238100586352 /* ThemeVC+Search.swift */,
			);
			path = ThemeVC;
			sourceTree = "<group>";
		};
		02E4B9D325CC97C700949213 /* Analytics */ = {
			isa = PBXGroup;
			children = (
				020621562666DBCC0072C404 /* AnModel.swift */,
				0231AB1126849DFA007F4FC8 /* AnViewModel */,
				02FB530C25AD3DD00063038C /* AnalyticsVC */,
			);
			path = Analytics;
			sourceTree = "<group>";
		};
		02F60AA926809FD5004022CA /* AppStyle */ = {
			isa = PBXGroup;
			children = (
				02491C682680883700F98E17 /* AppColors.swift */,
				0226889C2626F332007DBD98 /* Neumorphic.swift */,
				02491C66267E3FED00F98E17 /* NeuMphSwiftUI.swift */,
			);
			path = AppStyle;
			sourceTree = "<group>";
		};
		02FAE2AB260ADA9200324724 /* Settings */ = {
			isa = PBXGroup;
			children = (
				0296306A2614A705000CF4E9 /* SettingsVC */,
				0296306D2614A785000CF4E9 /* QuantityPickerVC.swift */,
			);
			path = Settings;
			sourceTree = "<group>";
		};
		02FB530C25AD3DD00063038C /* AnalyticsVC */ = {
			isa = PBXGroup;
			children = (
				0269E2AB2564B838005FE14B /* AnalyticsView.swift */,
				02FBAFE425A93C6100E32D73 /* AnalyticsNew.swift */,
				02FBAFE225A93C3300E32D73 /* AnalyticsOld.swift */,
			);
			path = AnalyticsVC;
			sourceTree = "<group>";
		};
		02FB54FD24FFA2AA00174E34 = {
			isa = PBXGroup;
			children = (
				0216113D25D864860098CE5E /* CoreData */,
				02FB550824FFA2AA00174E34 /* PackTags */,
				02FB552224FFA2AC00174E34 /* PackTagsTests */,
				02FB550724FFA2AA00174E34 /* Products */,
			);
			sourceTree = "<group>";
		};
		02FB550724FFA2AA00174E34 /* Products */ = {
			isa = PBXGroup;
			children = (
				02FB550624FFA2AA00174E34 /* PackTags.app */,
				02FB551F24FFA2AC00174E34 /* PackTagsTests.xctest */,
			);
			name = Products;
			sourceTree = "<group>";
		};
		02FB550824FFA2AA00174E34 /* PackTags */ = {
			isa = PBXGroup;
			children = (
				029FDDC0264E75600063DF1D /* OnBoardingVC.swift */,
				02AEA5EA25B9D2F10063076F /* ThemeTableVC */,
				02AEA5E725B9D2B00063076F /* PackTableVC */,
				02CAC9B82591061B00BE5E57 /* ThemeVC */,
				02FAE2AB260ADA9200324724 /* Settings */,
				021D7621275A9BBB00F54054 /* API */,
				0273D1532655B9260043011C /* Tools */,
				0226F19A259E0346006E086C /* Supporting Files */,
				02FB550F24FFA2AA00174E34 /* Main.storyboard */,
			);
			path = PackTags;
			sourceTree = "<group>";
		};
		02FB552224FFA2AC00174E34 /* PackTagsTests */ = {
			isa = PBXGroup;
			children = (
				02FB552324FFA2AC00174E34 /* PackTagsTests.swift */,
				02FB552524FFA2AC00174E34 /* Info.plist */,
			);
			path = PackTagsTests;
			sourceTree = "<group>";
		};
		02FD6CB326D8178800AB16E4 /* Rating */ = {
			isa = PBXGroup;
			children = (
				02FD6CAF26D8006400AB16E4 /* RateAndReview.swift */,
				02FD6CB126D8008400AB16E4 /* StoreKitHelper.swift */,
			);
			path = Rating;
			sourceTree = "<group>";
		};
		02FEF5C626382A250001B525 /* GetJson */ = {
			isa = PBXGroup;
			children = (
				02062152266503490072C404 /* GJs.swift */,
				0213D9F4275D2F8A002A54ED /* GJs+Analytics.swift */,
				0213D9F2275D2F08002A54ED /* GJs+SmartIG.swift */,
				021AFD552787A8100008735E /* GJS Tools */,
			);
			path = GetJson;
			sourceTree = "<group>";
		};
/* End PBXGroup section */

/* Begin PBXNativeTarget section */
		02FB550524FFA2AA00174E34 /* PackTags */ = {
			isa = PBXNativeTarget;
			buildConfigurationList = 02FB552824FFA2AC00174E34 /* Build configuration list for PBXNativeTarget "PackTags" */;
			buildPhases = (
				02FB550224FFA2AA00174E34 /* Sources */,
				02FB550324FFA2AA00174E34 /* Frameworks */,
				02FB550424FFA2AA00174E34 /* Resources */,
			);
			buildRules = (
			);
			dependencies = (
			);
			name = PackTags;
			packageProductDependencies = (
				02DECA5D2796EC51003F48B5 /* FacebookCore */,
				02DECA5F2796EC51003F48B5 /* FacebookLogin */,
			);
			productName = PackTags;
			productReference = 02FB550624FFA2AA00174E34 /* PackTags.app */;
			productType = "com.apple.product-type.application";
		};
		02FB551E24FFA2AC00174E34 /* PackTagsTests */ = {
			isa = PBXNativeTarget;
			buildConfigurationList = 02FB552B24FFA2AC00174E34 /* Build configuration list for PBXNativeTarget "PackTagsTests" */;
			buildPhases = (
				02FB551B24FFA2AC00174E34 /* Sources */,
				02FB551C24FFA2AC00174E34 /* Frameworks */,
				02FB551D24FFA2AC00174E34 /* Resources */,
			);
			buildRules = (
			);
			dependencies = (
				02FB552124FFA2AC00174E34 /* PBXTargetDependency */,
			);
			name = PackTagsTests;
			productName = PackTagsTests;
			productReference = 02FB551F24FFA2AC00174E34 /* PackTagsTests.xctest */;
			productType = "com.apple.product-type.bundle.unit-test";
		};
/* End PBXNativeTarget section */

/* Begin PBXProject section */
		02FB54FE24FFA2AA00174E34 /* Project object */ = {
			isa = PBXProject;
			attributes = {
				LastSwiftUpdateCheck = 1130;
				LastUpgradeCheck = 1330;
				ORGANIZATIONNAME = "Alexandre Bevilacqua";
				TargetAttributes = {
					02FB550524FFA2AA00174E34 = {
						CreatedOnToolsVersion = 11.3.1;
					};
					02FB551E24FFA2AC00174E34 = {
						CreatedOnToolsVersion = 11.3.1;
						TestTargetID = 02FB550524FFA2AA00174E34;
					};
				};
			};
			buildConfigurationList = 02FB550124FFA2AA00174E34 /* Build configuration list for PBXProject "PackTags" */;
			compatibilityVersion = "Xcode 9.3";
			developmentRegion = en;
			hasScannedForEncodings = 0;
			knownRegions = (
				en,
				Base,
			);
			mainGroup = 02FB54FD24FFA2AA00174E34;
			packageReferences = (
				02DECA5C2796EC51003F48B5 /* XCRemoteSwiftPackageReference "facebook-ios-sdk" */,
			);
			productRefGroup = 02FB550724FFA2AA00174E34 /* Products */;
			projectDirPath = "";
			projectRoot = "";
			targets = (
				02FB550524FFA2AA00174E34 /* PackTags */,
				02FB551E24FFA2AC00174E34 /* PackTagsTests */,
			);
		};
/* End PBXProject section */

/* Begin PBXResourcesBuildPhase section */
		02FB550424FFA2AA00174E34 /* Resources */ = {
			isa = PBXResourcesBuildPhase;
			buildActionMask = 2147483647;
			files = (
				025479DF26C7EEA000E28724 /* SeedData in Resources */,
				02FB551924FFA2AC00174E34 /* LaunchScreen.storyboard in Resources */,
				02FB551624FFA2AC00174E34 /* Assets.xcassets in Resources */,
				02FB551124FFA2AA00174E34 /* Main.storyboard in Resources */,
			);
			runOnlyForDeploymentPostprocessing = 0;
		};
		02FB551D24FFA2AC00174E34 /* Resources */ = {
			isa = PBXResourcesBuildPhase;
			buildActionMask = 2147483647;
			files = (
				02FBAFF125A93EBD00E32D73 /* Assets.xcassets in Resources */,
			);
			runOnlyForDeploymentPostprocessing = 0;
		};
/* End PBXResourcesBuildPhase section */

/* Begin PBXSourcesBuildPhase section */
		02FB550224FFA2AA00174E34 /* Sources */ = {
			isa = PBXSourcesBuildPhase;
			buildActionMask = 2147483647;
			files = (
				0226889D2626F332007DBD98 /* Neumorphic.swift in Sources */,
				02B05C1627F8BFAF000026B8 /* TapTV+AddGesture.swift in Sources */,
				02491C67267E3FED00F98E17 /* NeuMphSwiftUI.swift in Sources */,
				02062155266550D70072C404 /* PrJs.swift in Sources */,
				02E4B9E125CF66F500949213 /* ThemeCD+CoreDataProperties.swift in Sources */,
				02D1A119255387590045E56F /* UniqueTags.swift in Sources */,
				0216111B25D46EFA0098CE5E /* TVC+OldMenu_objc.swift in Sources */,
				0226F19E259EABB4006E086C /* PackTVC.swift in Sources */,
				029BEDE625F907B200980870 /* PackTVC+Interface.swift in Sources */,
				022479C5250D1ED900E0E489 /* CoreDataHelper.swift in Sources */,
				02FD6CB226D8008400AB16E4 /* StoreKitHelper.swift in Sources */,
				0216110E25D46C180098CE5E /* TVC+NewMenu.swift in Sources */,
				0274DB2E26848492005F9C9C /* AnViewModel+Fill.swift in Sources */,
				02FBAFE325A93C3300E32D73 /* AnalyticsOld.swift in Sources */,
				0231AB162684B973007F4FC8 /* Import.swift in Sources */,
				022688932624F9B1007DBD98 /* ThemeCell.swift in Sources */,
				02FB550A24FFA2AA00174E34 /* AppDelegate.swift in Sources */,
				0264B837264B25E100E1EEFA /* LoadIncator.swift in Sources */,
				0226F19C259EAB93006E086C /* PackCell.swift in Sources */,
				021D7620275A99D500F54054 /* PrModel_Analytics.swift in Sources */,
				0216111525D46D9C0098CE5E /* OldMenuCell.swift in Sources */,
				021D76172759A00D00F54054 /* SmartGView.swift in Sources */,
				0213D9F5275D2F8A002A54ED /* GJs+Analytics.swift in Sources */,
				0229864227BD9CBA0048F9E9 /* PrModel_SmartG.swift in Sources */,
				0229863F27BD6DF60048F9E9 /* ImageCache.swift in Sources */,
				02CEFB6D25CB945000FB70E4 /* Image.swift in Sources */,
				0247E586257FEFB900C65245 /* DarkMode.swift in Sources */,
				02FEF536262B86620001B525 /* ThemeTVC+navigation.swift in Sources */,
				02491C53267147AF00F98E17 /* ModalUI.swift in Sources */,
				02491C5726779A2800F98E17 /* IgApiSetupVC+acts.swift in Sources */,
				0206214E2663A2AE0072C404 /* JsonModels.swift in Sources */,
				02491C5D267BA40500F98E17 /* CheckSetup.swift in Sources */,
				026472AC2693AFB3008BCFE5 /* NetworkMonitor.swift in Sources */,
				02FAE29F260A9BA900324724 /* SettingsCell.swift in Sources */,
				02FB550C24FFA2AA00174E34 /* SceneDelegate.swift in Sources */,
				02062153266503490072C404 /* GJs.swift in Sources */,
				02B104A9276A630E00C9EC6C /* Url_img_SUI.swift in Sources */,
				021044F626446AEF00408CEB /* PrJs+Tools.swift in Sources */,
				02FAE2A5260AC79C00324724 /* SettingsCell2.swift in Sources */,
				02BC8D592602B79900441349 /* SettingsVC.swift in Sources */,
				02CAC9B52591054400BE5E57 /* ThemeVC+ImgPicker.swift in Sources */,
				0231AB1826872C47007F4FC8 /* PrJs+Varr.swift in Sources */,
				02491C5926779A4900F98E17 /* HowToSetupProIGVC.swift in Sources */,
				02FBAFE525A93C6100E32D73 /* AnalyticsNew.swift in Sources */,
				02491C55267799BD00F98E17 /* IgApiSetupVC+UI.swift in Sources */,
				02BC8D3025FD7DC800441349 /* PackTVC+Navigation.swift in Sources */,
				02B05C1827F8BFBF000026B8 /* TapTextView.swift in Sources */,
				02491C692680883800F98E17 /* AppColors.swift in Sources */,
				020621572666DBCC0072C404 /* AnModel.swift in Sources */,
				02FEF5CA2638951C0001B525 /* GenericJSONParser.swift in Sources */,
				02AEA61F25BB2CFE0063076F /* TVC+OldMenu.swift in Sources */,
				0229863D27BD6DF60048F9E9 /* AsyncImage.swift in Sources */,
				0216112725D6BF050098CE5E /* TapTV+AddToolbar.swift in Sources */,
				02E451B1265D5B4600582025 /* FBLoginVC.swift in Sources */,
				0264B817264A7CE900E1EEFA /* AnViewModel.swift in Sources */,
				024347D827119E2100F86A64 /* TextRecognition.swift in Sources */,
				02CAC9B32591047D00BE5E57 /* ThemeVC+TxtV.swift in Sources */,
				0226F197259AB231006E086C /* TapTV+Selection.swift in Sources */,
				0274DB3026848948005F9C9C /* GJs+Dir.swift in Sources */,
				02FD6CB026D8006400AB16E4 /* RateAndReview.swift in Sources */,
				0213D9F3275D2F08002A54ED /* GJs+SmartIG.swift in Sources */,
				021AFD5C278A1BE40008735E /* Alerts.swift in Sources */,
				02CAC9B7259105B400BE5E57 /* ThemeVC.swift in Sources */,
				02B104A727697B6C00C9EC6C /* SmartGViewModel.swift in Sources */,
				02A5EB6A25C054440063A315 /* FrameTags.swift in Sources */,
				02FB552F24FFA78B00174E34 /* ThemeTVC.swift in Sources */,
				0229863E27BD6DF60048F9E9 /* EnvironmentValues+ImageCache.swift in Sources */,
				02FEF5B7263304EC0001B525 /* ExternalActions.swift in Sources */,
				0269E2AC2564B838005FE14B /* AnalyticsView.swift in Sources */,
				029FDDC1264E75600063DF1D /* OnBoardingVC.swift in Sources */,
				0229863C27BD6DF60048F9E9 /* ImageLoader.swift in Sources */,
				02FB551424FFA2AA00174E34 /* PackTags.xcdatamodeld in Sources */,
				02B02AC52594238100586352 /* ThemeVC+Search.swift in Sources */,
				02E4B9E025CF66F500949213 /* ThemeCD+CoreDataClass.swift in Sources */,
				0296306E2614A785000CF4E9 /* QuantityPickerVC.swift in Sources */,
				02491C512671212400F98E17 /* IgApiSetupVC.swift in Sources */,
				02AEA58725B630B10063076F /* PackTVC+NavBar.swift in Sources */,
				021D7624275A9EE900F54054 /* GJs+RefreshRate.swift in Sources */,
				0274105826207D2100D82F6D /* PackTVC+Instagram.swift in Sources */,
				022688B32628BCCC007DBD98 /* ThemeTVC+Interface.swift in Sources */,
			);
			runOnlyForDeploymentPostprocessing = 0;
		};
		02FB551B24FFA2AC00174E34 /* Sources */ = {
			isa = PBXSourcesBuildPhase;
			buildActionMask = 2147483647;
			files = (
				02FBAFE825A93E8400E32D73 /* PackTagsTests.swift in Sources */,
			);
			runOnlyForDeploymentPostprocessing = 0;
		};
/* End PBXSourcesBuildPhase section */

/* Begin PBXTargetDependency section */
		02FB552124FFA2AC00174E34 /* PBXTargetDependency */ = {
			isa = PBXTargetDependency;
			target = 02FB550524FFA2AA00174E34 /* PackTags */;
			targetProxy = 02FB552024FFA2AC00174E34 /* PBXContainerItemProxy */;
		};
/* End PBXTargetDependency section */

/* Begin PBXVariantGroup section */
		02FB550F24FFA2AA00174E34 /* Main.storyboard */ = {
			isa = PBXVariantGroup;
			children = (
				02FB551024FFA2AA00174E34 /* Base */,
			);
			name = Main.storyboard;
			sourceTree = "<group>";
		};
		02FB551724FFA2AC00174E34 /* LaunchScreen.storyboard */ = {
			isa = PBXVariantGroup;
			children = (
				02FB551824FFA2AC00174E34 /* Base */,
			);
			name = LaunchScreen.storyboard;
			sourceTree = "<group>";
		};
/* End PBXVariantGroup section */

/* Begin XCBuildConfiguration section */
		02FB552624FFA2AC00174E34 /* Debug */ = {
			isa = XCBuildConfiguration;
			buildSettings = {
				ALWAYS_SEARCH_USER_PATHS = NO;
				CLANG_ANALYZER_NONNULL = YES;
				CLANG_ANALYZER_NUMBER_OBJECT_CONVERSION = YES_AGGRESSIVE;
				CLANG_CXX_LANGUAGE_STANDARD = "gnu++14";
				CLANG_CXX_LIBRARY = "libc++";
				CLANG_ENABLE_MODULES = YES;
				CLANG_ENABLE_OBJC_ARC = YES;
				CLANG_ENABLE_OBJC_WEAK = YES;
				CLANG_WARN_BLOCK_CAPTURE_AUTORELEASING = YES;
				CLANG_WARN_BOOL_CONVERSION = YES;
				CLANG_WARN_COMMA = YES;
				CLANG_WARN_CONSTANT_CONVERSION = YES;
				CLANG_WARN_DEPRECATED_OBJC_IMPLEMENTATIONS = YES;
				CLANG_WARN_DIRECT_OBJC_ISA_USAGE = YES_ERROR;
				CLANG_WARN_DOCUMENTATION_COMMENTS = YES;
				CLANG_WARN_EMPTY_BODY = YES;
				CLANG_WARN_ENUM_CONVERSION = YES;
				CLANG_WARN_INFINITE_RECURSION = YES;
				CLANG_WARN_INT_CONVERSION = YES;
				CLANG_WARN_NON_LITERAL_NULL_CONVERSION = YES;
				CLANG_WARN_OBJC_IMPLICIT_RETAIN_SELF = YES;
				CLANG_WARN_OBJC_LITERAL_CONVERSION = YES;
				CLANG_WARN_OBJC_ROOT_CLASS = YES_ERROR;
				CLANG_WARN_QUOTED_INCLUDE_IN_FRAMEWORK_HEADER = YES;
				CLANG_WARN_RANGE_LOOP_ANALYSIS = YES;
				CLANG_WARN_STRICT_PROTOTYPES = YES;
				CLANG_WARN_SUSPICIOUS_MOVE = YES;
				CLANG_WARN_UNGUARDED_AVAILABILITY = YES_AGGRESSIVE;
				CLANG_WARN_UNREACHABLE_CODE = YES;
				CLANG_WARN__DUPLICATE_METHOD_MATCH = YES;
				COPY_PHASE_STRIP = NO;
				DEBUG_INFORMATION_FORMAT = dwarf;
				ENABLE_STRICT_OBJC_MSGSEND = YES;
				ENABLE_TESTABILITY = YES;
				GCC_C_LANGUAGE_STANDARD = gnu11;
				GCC_DYNAMIC_NO_PIC = NO;
				GCC_NO_COMMON_BLOCKS = YES;
				GCC_OPTIMIZATION_LEVEL = 0;
				GCC_PREPROCESSOR_DEFINITIONS = (
					"DEBUG=1",
					"$(inherited)",
				);
				GCC_WARN_64_TO_32_BIT_CONVERSION = YES;
				GCC_WARN_ABOUT_RETURN_TYPE = YES_ERROR;
				GCC_WARN_UNDECLARED_SELECTOR = YES;
				GCC_WARN_UNINITIALIZED_AUTOS = YES_AGGRESSIVE;
				GCC_WARN_UNUSED_FUNCTION = YES;
				GCC_WARN_UNUSED_VARIABLE = YES;
				IPHONEOS_DEPLOYMENT_TARGET = 10.3;
				MTL_ENABLE_DEBUG_INFO = INCLUDE_SOURCE;
				MTL_FAST_MATH = YES;
				ONLY_ACTIVE_ARCH = YES;
				SDKROOT = iphoneos;
				SWIFT_ACTIVE_COMPILATION_CONDITIONS = DEBUG;
				SWIFT_OPTIMIZATION_LEVEL = "-Onone";
			};
			name = Debug;
		};
		02FB552724FFA2AC00174E34 /* Release */ = {
			isa = XCBuildConfiguration;
			buildSettings = {
				ALWAYS_SEARCH_USER_PATHS = NO;
				CLANG_ANALYZER_NONNULL = YES;
				CLANG_ANALYZER_NUMBER_OBJECT_CONVERSION = YES_AGGRESSIVE;
				CLANG_CXX_LANGUAGE_STANDARD = "gnu++14";
				CLANG_CXX_LIBRARY = "libc++";
				CLANG_ENABLE_MODULES = YES;
				CLANG_ENABLE_OBJC_ARC = YES;
				CLANG_ENABLE_OBJC_WEAK = YES;
				CLANG_WARN_BLOCK_CAPTURE_AUTORELEASING = YES;
				CLANG_WARN_BOOL_CONVERSION = YES;
				CLANG_WARN_COMMA = YES;
				CLANG_WARN_CONSTANT_CONVERSION = YES;
				CLANG_WARN_DEPRECATED_OBJC_IMPLEMENTATIONS = YES;
				CLANG_WARN_DIRECT_OBJC_ISA_USAGE = YES_ERROR;
				CLANG_WARN_DOCUMENTATION_COMMENTS = YES;
				CLANG_WARN_EMPTY_BODY = YES;
				CLANG_WARN_ENUM_CONVERSION = YES;
				CLANG_WARN_INFINITE_RECURSION = YES;
				CLANG_WARN_INT_CONVERSION = YES;
				CLANG_WARN_NON_LITERAL_NULL_CONVERSION = YES;
				CLANG_WARN_OBJC_IMPLICIT_RETAIN_SELF = YES;
				CLANG_WARN_OBJC_LITERAL_CONVERSION = YES;
				CLANG_WARN_OBJC_ROOT_CLASS = YES_ERROR;
				CLANG_WARN_QUOTED_INCLUDE_IN_FRAMEWORK_HEADER = YES;
				CLANG_WARN_RANGE_LOOP_ANALYSIS = YES;
				CLANG_WARN_STRICT_PROTOTYPES = YES;
				CLANG_WARN_SUSPICIOUS_MOVE = YES;
				CLANG_WARN_UNGUARDED_AVAILABILITY = YES_AGGRESSIVE;
				CLANG_WARN_UNREACHABLE_CODE = YES;
				CLANG_WARN__DUPLICATE_METHOD_MATCH = YES;
				COPY_PHASE_STRIP = NO;
				DEBUG_INFORMATION_FORMAT = "dwarf-with-dsym";
				ENABLE_NS_ASSERTIONS = NO;
				ENABLE_STRICT_OBJC_MSGSEND = YES;
				GCC_C_LANGUAGE_STANDARD = gnu11;
				GCC_NO_COMMON_BLOCKS = YES;
				GCC_WARN_64_TO_32_BIT_CONVERSION = YES;
				GCC_WARN_ABOUT_RETURN_TYPE = YES_ERROR;
				GCC_WARN_UNDECLARED_SELECTOR = YES;
				GCC_WARN_UNINITIALIZED_AUTOS = YES_AGGRESSIVE;
				GCC_WARN_UNUSED_FUNCTION = YES;
				GCC_WARN_UNUSED_VARIABLE = YES;
				IPHONEOS_DEPLOYMENT_TARGET = 10.3;
				MTL_ENABLE_DEBUG_INFO = NO;
				MTL_FAST_MATH = YES;
				SDKROOT = iphoneos;
				SWIFT_COMPILATION_MODE = wholemodule;
				SWIFT_OPTIMIZATION_LEVEL = "-O";
				VALIDATE_PRODUCT = YES;
			};
			name = Release;
		};
		02FB552924FFA2AC00174E34 /* Debug */ = {
			isa = XCBuildConfiguration;
			buildSettings = {
				ASSETCATALOG_COMPILER_APPICON_NAME = AppIcon;
				CODE_SIGN_STYLE = Automatic;
				CURRENT_PROJECT_VERSION = 2;
				DEVELOPMENT_TEAM = 564RMXJ9H6;
				INFOPLIST_FILE = PackTags/Info.plist;
				IPHONEOS_DEPLOYMENT_TARGET = 10.3;
				LD_RUNPATH_SEARCH_PATHS = (
					"$(inherited)",
					"@executable_path/Frameworks",
				);
				MARKETING_VERSION = 1.1.4;
				PRODUCT_BUNDLE_IDENTIFIER = com.Nordkapp.PackTags;
				PRODUCT_NAME = "$(TARGET_NAME)";
				SWIFT_VERSION = 5.0;
				TARGETED_DEVICE_FAMILY = "1,2";
			};
			name = Debug;
		};
		02FB552A24FFA2AC00174E34 /* Release */ = {
			isa = XCBuildConfiguration;
			buildSettings = {
				ASSETCATALOG_COMPILER_APPICON_NAME = AppIcon;
				CODE_SIGN_STYLE = Automatic;
				CURRENT_PROJECT_VERSION = 2;
				DEVELOPMENT_TEAM = 564RMXJ9H6;
				INFOPLIST_FILE = PackTags/Info.plist;
				IPHONEOS_DEPLOYMENT_TARGET = 10.3;
				LD_RUNPATH_SEARCH_PATHS = (
					"$(inherited)",
					"@executable_path/Frameworks",
				);
				MARKETING_VERSION = 1.1.4;
				PRODUCT_BUNDLE_IDENTIFIER = com.Nordkapp.PackTags;
				PRODUCT_NAME = "$(TARGET_NAME)";
				SWIFT_VERSION = 5.0;
				TARGETED_DEVICE_FAMILY = "1,2";
			};
			name = Release;
		};
		02FB552C24FFA2AC00174E34 /* Debug */ = {
			isa = XCBuildConfiguration;
			buildSettings = {
				ALWAYS_EMBED_SWIFT_STANDARD_LIBRARIES = YES;
				BUNDLE_LOADER = "$(TEST_HOST)";
				CODE_SIGN_STYLE = Automatic;
				DEVELOPMENT_TEAM = ANNM3BXP39;
				INFOPLIST_FILE = PackTagsTests/Info.plist;
				IPHONEOS_DEPLOYMENT_TARGET = 13.2;
				LD_RUNPATH_SEARCH_PATHS = (
					"$(inherited)",
					"@executable_path/Frameworks",
					"@loader_path/Frameworks",
				);
				PRODUCT_BUNDLE_IDENTIFIER = com.PackTagsTests;
				PRODUCT_NAME = "$(TARGET_NAME)";
				SWIFT_VERSION = 5.0;
				TARGETED_DEVICE_FAMILY = "1,2";
				TEST_HOST = "$(BUILT_PRODUCTS_DIR)/PackTags.app/PackTags";
			};
			name = Debug;
		};
		02FB552D24FFA2AC00174E34 /* Release */ = {
			isa = XCBuildConfiguration;
			buildSettings = {
				ALWAYS_EMBED_SWIFT_STANDARD_LIBRARIES = YES;
				BUNDLE_LOADER = "$(TEST_HOST)";
				CODE_SIGN_STYLE = Automatic;
				DEVELOPMENT_TEAM = ANNM3BXP39;
				INFOPLIST_FILE = PackTagsTests/Info.plist;
				IPHONEOS_DEPLOYMENT_TARGET = 13.2;
				LD_RUNPATH_SEARCH_PATHS = (
					"$(inherited)",
					"@executable_path/Frameworks",
					"@loader_path/Frameworks",
				);
				PRODUCT_BUNDLE_IDENTIFIER = com.PackTagsTests;
				PRODUCT_NAME = "$(TARGET_NAME)";
				SWIFT_VERSION = 5.0;
				TARGETED_DEVICE_FAMILY = "1,2";
				TEST_HOST = "$(BUILT_PRODUCTS_DIR)/PackTags.app/PackTags";
			};
			name = Release;
		};
/* End XCBuildConfiguration section */

/* Begin XCConfigurationList section */
		02FB550124FFA2AA00174E34 /* Build configuration list for PBXProject "PackTags" */ = {
			isa = XCConfigurationList;
			buildConfigurations = (
				02FB552624FFA2AC00174E34 /* Debug */,
				02FB552724FFA2AC00174E34 /* Release */,
			);
			defaultConfigurationIsVisible = 0;
			defaultConfigurationName = Release;
		};
		02FB552824FFA2AC00174E34 /* Build configuration list for PBXNativeTarget "PackTags" */ = {
			isa = XCConfigurationList;
			buildConfigurations = (
				02FB552924FFA2AC00174E34 /* Debug */,
				02FB552A24FFA2AC00174E34 /* Release */,
			);
			defaultConfigurationIsVisible = 0;
			defaultConfigurationName = Release;
		};
		02FB552B24FFA2AC00174E34 /* Build configuration list for PBXNativeTarget "PackTagsTests" */ = {
			isa = XCConfigurationList;
			buildConfigurations = (
				02FB552C24FFA2AC00174E34 /* Debug */,
				02FB552D24FFA2AC00174E34 /* Release */,
			);
			defaultConfigurationIsVisible = 0;
			defaultConfigurationName = Release;
		};
/* End XCConfigurationList section */

/* Begin XCRemoteSwiftPackageReference section */
		02DECA5C2796EC51003F48B5 /* XCRemoteSwiftPackageReference "facebook-ios-sdk" */ = {
			isa = XCRemoteSwiftPackageReference;
			repositoryURL = "https://github.com/facebook/facebook-ios-sdk";
			requirement = {
				branch = main;
				kind = branch;
			};
		};
/* End XCRemoteSwiftPackageReference section */

/* Begin XCSwiftPackageProductDependency section */
		02DECA5D2796EC51003F48B5 /* FacebookCore */ = {
			isa = XCSwiftPackageProductDependency;
			package = 02DECA5C2796EC51003F48B5 /* XCRemoteSwiftPackageReference "facebook-ios-sdk" */;
			productName = FacebookCore;
		};
		02DECA5F2796EC51003F48B5 /* FacebookLogin */ = {
			isa = XCSwiftPackageProductDependency;
			package = 02DECA5C2796EC51003F48B5 /* XCRemoteSwiftPackageReference "facebook-ios-sdk" */;
			productName = FacebookLogin;
		};
/* End XCSwiftPackageProductDependency section */

/* Begin XCVersionGroup section */
		02FB551224FFA2AA00174E34 /* PackTags.xcdatamodeld */ = {
			isa = XCVersionGroup;
			children = (
				02FB551324FFA2AA00174E34 /* PackTags.xcdatamodel */,
			);
			currentVersion = 02FB551324FFA2AA00174E34 /* PackTags.xcdatamodel */;
			path = PackTags.xcdatamodeld;
			sourceTree = "<group>";
			versionGroupType = wrapper.xcdatamodel;
		};
/* End XCVersionGroup section */
	};
	rootObject = 02FB54FE24FFA2AA00174E34 /* Project object */;
}
